// !$*UTF8*$!
{
	archiveVersion = 1;
	classes = {
	};
	objectVersion = 46;
	objects = {

/* Begin PBXBuildFile section */
		1D293B6B1DB45E6D00ED2CBB /* PoohBaseViewController.m in Sources */ = {isa = PBXBuildFile; fileRef = 1D293B6A1DB45E6D00ED2CBB /* PoohBaseViewController.m */; };
		1D293BB01DB4607D00ED2CBB /* NSDate+PoohCategory.m in Sources */ = {isa = PBXBuildFile; fileRef = 1D293B971DB4607D00ED2CBB /* NSDate+PoohCategory.m */; };
		1D293BB11DB4607D00ED2CBB /* NSDateFormatter+PoohCategory.m in Sources */ = {isa = PBXBuildFile; fileRef = 1D293B991DB4607D00ED2CBB /* NSDateFormatter+PoohCategory.m */; };
		1D293BB21DB4607D00ED2CBB /* NSDictionary+PoohCommon.m in Sources */ = {isa = PBXBuildFile; fileRef = 1D293B9B1DB4607D00ED2CBB /* NSDictionary+PoohCommon.m */; };
		1D293BB31DB4607D00ED2CBB /* NSObject+PoohCommon.m in Sources */ = {isa = PBXBuildFile; fileRef = 1D293B9D1DB4607D00ED2CBB /* NSObject+PoohCommon.m */; };
		1D293BB41DB4607D00ED2CBB /* NSString+PoohCommon.m in Sources */ = {isa = PBXBuildFile; fileRef = 1D293B9F1DB4607D00ED2CBB /* NSString+PoohCommon.m */; };
		1D293BB51DB4607D00ED2CBB /* UIColor+PoohCommon.m in Sources */ = {isa = PBXBuildFile; fileRef = 1D293BA11DB4607D00ED2CBB /* UIColor+PoohCommon.m */; };
		1D293BB61DB4607D00ED2CBB /* UIImage+animatedGIF.m in Sources */ = {isa = PBXBuildFile; fileRef = 1D293BA31DB4607D00ED2CBB /* UIImage+animatedGIF.m */; };
		1D293BB71DB4607D00ED2CBB /* UIImage+PoohCommon.m in Sources */ = {isa = PBXBuildFile; fileRef = 1D293BA51DB4607D00ED2CBB /* UIImage+PoohCommon.m */; };
		1D293BB81DB4607D00ED2CBB /* UIViewExt.m in Sources */ = {isa = PBXBuildFile; fileRef = 1D293BA71DB4607D00ED2CBB /* UIViewExt.m */; };
		1D293BBA1DB4607D00ED2CBB /* IConstants.m in Sources */ = {isa = PBXBuildFile; fileRef = 1D293BAC1DB4607D00ED2CBB /* IConstants.m */; };
		1D293BBB1DB4607D00ED2CBB /* UIConstants.m in Sources */ = {isa = PBXBuildFile; fileRef = 1D293BAE1DB4607D00ED2CBB /* UIConstants.m */; };
		1D293BC91DB4671700ED2CBB /* PoohDirector.m in Sources */ = {isa = PBXBuildFile; fileRef = 1D293BC41DB4671700ED2CBB /* PoohDirector.m */; };
		1D293BCD1DB4680200ED2CBB /* DDFormatter.m in Sources */ = {isa = PBXBuildFile; fileRef = 1D293BCB1DB4680200ED2CBB /* DDFormatter.m */; };
		1D293BD01DB46BF700ED2CBB /* ST_Pooh.xcassets in Resources */ = {isa = PBXBuildFile; fileRef = 1D293BCF1DB46BF700ED2CBB /* ST_Pooh.xcassets */; };
		3C95E0541DB4BF5900536704 /* ZJMSearchBar.m in Sources */ = {isa = PBXBuildFile; fileRef = 3C95E0531DB4BF5900536704 /* ZJMSearchBar.m */; };
		3C95E0621DB4C38100536704 /* UIView+ZJFrame.m in Sources */ = {isa = PBXBuildFile; fileRef = 3C95E0571DB4C38100536704 /* UIView+ZJFrame.m */; };
		3C95E0631DB4C38100536704 /* ZJContentView.m in Sources */ = {isa = PBXBuildFile; fileRef = 3C95E0591DB4C38100536704 /* ZJContentView.m */; };
		3C95E0641DB4C38100536704 /* ZJCustomLabel.m in Sources */ = {isa = PBXBuildFile; fileRef = 3C95E05B1DB4C38100536704 /* ZJCustomLabel.m */; };
		3C95E0651DB4C38100536704 /* ZJScrollPageView.m in Sources */ = {isa = PBXBuildFile; fileRef = 3C95E05D1DB4C38100536704 /* ZJScrollPageView.m */; };
		3C95E0661DB4C38100536704 /* ZJScrollSegmentView.m in Sources */ = {isa = PBXBuildFile; fileRef = 3C95E05F1DB4C38100536704 /* ZJScrollSegmentView.m */; };
		3C95E0671DB4C38100536704 /* ZJSegmentStyle.m in Sources */ = {isa = PBXBuildFile; fileRef = 3C95E0611DB4C38100536704 /* ZJSegmentStyle.m */; };
		841406671DB7583400A1D904 /* VerificationViewController.m in Sources */ = {isa = PBXBuildFile; fileRef = 841406661DB7583400A1D904 /* VerificationViewController.m */; };
		8414066A1DB75D8000A1D904 /* ExtractDetailViewController.m in Sources */ = {isa = PBXBuildFile; fileRef = 841406691DB75D8000A1D904 /* ExtractDetailViewController.m */; };
		84B25B171DB7966E002EDA7F /* ReceiptAddressViewController.m in Sources */ = {isa = PBXBuildFile; fileRef = 84B25B161DB7966E002EDA7F /* ReceiptAddressViewController.m */; };
		84B25B1E1DB797D2002EDA7F /* ReceiptAddressViewCell.m in Sources */ = {isa = PBXBuildFile; fileRef = 84B25B1C1DB797D2002EDA7F /* ReceiptAddressViewCell.m */; };
		84B25B1F1DB797D2002EDA7F /* ReceiptAddressViewCell.xib in Resources */ = {isa = PBXBuildFile; fileRef = 84B25B1D1DB797D2002EDA7F /* ReceiptAddressViewCell.xib */; };
		84E9C5851DB5EC4900F70C79 /* MineHeaderView.m in Sources */ = {isa = PBXBuildFile; fileRef = 84E9C5271DB5EC4900F70C79 /* MineHeaderView.m */; };
		84E9C5861DB5EC4900F70C79 /* MineHeaderView.xib in Resources */ = {isa = PBXBuildFile; fileRef = 84E9C5281DB5EC4900F70C79 /* MineHeaderView.xib */; };
		84E9C5871DB5EC4900F70C79 /* MineViewCell.m in Sources */ = {isa = PBXBuildFile; fileRef = 84E9C52A1DB5EC4900F70C79 /* MineViewCell.m */; };
		84E9C5881DB5EC4900F70C79 /* MineViewCell.xib in Resources */ = {isa = PBXBuildFile; fileRef = 84E9C52B1DB5EC4900F70C79 /* MineViewCell.xib */; };
		84E9C58B1DB5EC4900F70C79 /* LBB_FavoriteViewController.m in Sources */ = {isa = PBXBuildFile; fileRef = 84E9C5321DB5EC4900F70C79 /* LBB_FavoriteViewController.m */; };
		84E9C58C1DB5EC4900F70C79 /* LBB_FightGroupViewController.m in Sources */ = {isa = PBXBuildFile; fileRef = 84E9C5351DB5EC4900F70C79 /* LBB_FightGroupViewController.m */; };
		84E9C58D1DB5EC4900F70C79 /* MineBaseViewController.m in Sources */ = {isa = PBXBuildFile; fileRef = 84E9C5371DB5EC4900F70C79 /* MineBaseViewController.m */; };
		84E9C58E1DB5EC4900F70C79 /* 19.pic.jpg in Resources */ = {isa = PBXBuildFile; fileRef = 84E9C5391DB5EC4900F70C79 /* 19.pic.jpg */; };
		84E9C58F1DB5EC4900F70C79 /* IMG_0848.JPG in Resources */ = {isa = PBXBuildFile; fileRef = 84E9C53A1DB5EC4900F70C79 /* IMG_0848.JPG */; };
		84E9C5901DB5EC4900F70C79 /* IMG_0849.JPG in Resources */ = {isa = PBXBuildFile; fileRef = 84E9C53B1DB5EC4900F70C79 /* IMG_0849.JPG */; };
		84E9C5911DB5EC4900F70C79 /* MineStoryboard.storyboard in Resources */ = {isa = PBXBuildFile; fileRef = 84E9C53C1DB5EC4900F70C79 /* MineStoryboard.storyboard */; };
		84E9C5921DB5EC4900F70C79 /* MineViewController.m in Sources */ = {isa = PBXBuildFile; fileRef = 84E9C53E1DB5EC4900F70C79 /* MineViewController.m */; };
		84E9C5931DB5EC4900F70C79 /* PersonalInfoCell.m in Sources */ = {isa = PBXBuildFile; fileRef = 84E9C5431DB5EC4900F70C79 /* PersonalInfoCell.m */; };
		84E9C5941DB5EC4900F70C79 /* PersonalInfoCell.xib in Resources */ = {isa = PBXBuildFile; fileRef = 84E9C5441DB5EC4900F70C79 /* PersonalInfoCell.xib */; };
		84E9C5951DB5EC4900F70C79 /* LBB_UserNameViewController.m in Sources */ = {isa = PBXBuildFile; fileRef = 84E9C5461DB5EC4900F70C79 /* LBB_UserNameViewController.m */; };
		84E9C5961DB5EC4900F70C79 /* PersonalCenterViewController.m in Sources */ = {isa = PBXBuildFile; fileRef = 84E9C5481DB5EC4900F70C79 /* PersonalCenterViewController.m */; };
		84E9C5971DB5EC4900F70C79 /* LBB_RouteViewController.m in Sources */ = {isa = PBXBuildFile; fileRef = 84E9C54B1DB5EC4900F70C79 /* LBB_RouteViewController.m */; };
		84E9C5981DB5EC4900F70C79 /* SetingSwitchBaseViewController.m in Sources */ = {isa = PBXBuildFile; fileRef = 84E9C54F1DB5EC4900F70C79 /* SetingSwitchBaseViewController.m */; };
		84E9C5991DB5EC4900F70C79 /* SwitchViewCell.m in Sources */ = {isa = PBXBuildFile; fileRef = 84E9C5511DB5EC4900F70C79 /* SwitchViewCell.m */; };
		84E9C59A1DB5EC4900F70C79 /* SwitchViewCell.xib in Resources */ = {isa = PBXBuildFile; fileRef = 84E9C5521DB5EC4900F70C79 /* SwitchViewCell.xib */; };
		84E9C59B1DB5EC4900F70C79 /* SettingPrivaceViewController.m in Sources */ = {isa = PBXBuildFile; fileRef = 84E9C5541DB5EC4900F70C79 /* SettingPrivaceViewController.m */; };
		84E9C59C1DB5EC4900F70C79 /* SettingPushViewController.m in Sources */ = {isa = PBXBuildFile; fileRef = 84E9C5561DB5EC4900F70C79 /* SettingPushViewController.m */; };
		84E9C59D1DB5EC4900F70C79 /* SettingViewController.m in Sources */ = {isa = PBXBuildFile; fileRef = 84E9C5581DB5EC4900F70C79 /* SettingViewController.m */; };
		84E9C59E1DB5EC4900F70C79 /* TicketDetailViewCell.m in Sources */ = {isa = PBXBuildFile; fileRef = 84E9C55C1DB5EC4900F70C79 /* TicketDetailViewCell.m */; };
		84E9C59F1DB5EC4900F70C79 /* TicketDetailViewCell.xib in Resources */ = {isa = PBXBuildFile; fileRef = 84E9C55D1DB5EC4900F70C79 /* TicketDetailViewCell.xib */; };
		84E9C5A01DB5EC4900F70C79 /* TicketViewCell.m in Sources */ = {isa = PBXBuildFile; fileRef = 84E9C55F1DB5EC4900F70C79 /* TicketViewCell.m */; };
		84E9C5A11DB5EC4900F70C79 /* TicketViewCell.xib in Resources */ = {isa = PBXBuildFile; fileRef = 84E9C5601DB5EC4900F70C79 /* TicketViewCell.xib */; };
		84E9C5A21DB5EC4900F70C79 /* TicketViewController.m in Sources */ = {isa = PBXBuildFile; fileRef = 84E9C5621DB5EC4900F70C79 /* TicketViewController.m */; };
		84E9C5A51DB5EC4900F70C79 /* AddCardViewController.m in Sources */ = {isa = PBXBuildFile; fileRef = 84E9C56A1DB5EC4900F70C79 /* AddCardViewController.m */; };
		84E9C5A61DB5EC4900F70C79 /* BalanceDetailViewController.m in Sources */ = {isa = PBXBuildFile; fileRef = 84E9C56C1DB5EC4900F70C79 /* BalanceDetailViewController.m */; };
		84E9C5A71DB5EC4900F70C79 /* BalanceExtractViewController.m in Sources */ = {isa = PBXBuildFile; fileRef = 84E9C56E1DB5EC4900F70C79 /* BalanceExtractViewController.m */; };
		84E9C5A81DB5EC4900F70C79 /* BalanceViewController.m in Sources */ = {isa = PBXBuildFile; fileRef = 84E9C5701DB5EC4900F70C79 /* BalanceViewController.m */; };
		84E9C5A91DB5EC4900F70C79 /* BalanceDetailViewCell.m in Sources */ = {isa = PBXBuildFile; fileRef = 84E9C5731DB5EC4900F70C79 /* BalanceDetailViewCell.m */; };
		84E9C5AA1DB5EC4900F70C79 /* BalanceDetailViewCell.xib in Resources */ = {isa = PBXBuildFile; fileRef = 84E9C5741DB5EC4900F70C79 /* BalanceDetailViewCell.xib */; };
		84E9C5AB1DB5EC4900F70C79 /* CardViewCell.m in Sources */ = {isa = PBXBuildFile; fileRef = 84E9C5761DB5EC4900F70C79 /* CardViewCell.m */; };
		84E9C5AC1DB5EC4900F70C79 /* CardViewCell.xib in Resources */ = {isa = PBXBuildFile; fileRef = 84E9C5771DB5EC4900F70C79 /* CardViewCell.xib */; };
		84E9C5AD1DB5EC4900F70C79 /* WalletViewCell.m in Sources */ = {isa = PBXBuildFile; fileRef = 84E9C5791DB5EC4900F70C79 /* WalletViewCell.m */; };
		84E9C5AE1DB5EC4900F70C79 /* WalletViewCell.xib in Resources */ = {isa = PBXBuildFile; fileRef = 84E9C57A1DB5EC4900F70C79 /* WalletViewCell.xib */; };
		84E9C5AF1DB5EC4900F70C79 /* CardDetailViewController.m in Sources */ = {isa = PBXBuildFile; fileRef = 84E9C57C1DB5EC4900F70C79 /* CardDetailViewController.m */; };
		84E9C5B01DB5EC4900F70C79 /* CardViewController.m in Sources */ = {isa = PBXBuildFile; fileRef = 84E9C57E1DB5EC4900F70C79 /* CardViewController.m */; };
		84E9C5B11DB5EC4900F70C79 /* ConvertiblePointsViewController.m in Sources */ = {isa = PBXBuildFile; fileRef = 84E9C5801DB5EC4900F70C79 /* ConvertiblePointsViewController.m */; };
		84E9C5B21DB5EC4900F70C79 /* PointsViewController.m in Sources */ = {isa = PBXBuildFile; fileRef = 84E9C5821DB5EC4900F70C79 /* PointsViewController.m */; };
		84E9C5B31DB5EC4900F70C79 /* WalletViewController.m in Sources */ = {isa = PBXBuildFile; fileRef = 84E9C5841DB5EC4900F70C79 /* WalletViewController.m */; };
		84E9C5B91DB5EE0E00F70C79 /* CommonFunc.m in Sources */ = {isa = PBXBuildFile; fileRef = 84E9C5B81DB5EE0E00F70C79 /* CommonFunc.m */; };
		84E9C5C11DB5F05A00F70C79 /* address.json in Resources */ = {isa = PBXBuildFile; fileRef = 84E9C5BD1DB5F05A00F70C79 /* address.json */; };
		84E9C5C21DB5F05A00F70C79 /* LBB_AddressPickerView.m in Sources */ = {isa = PBXBuildFile; fileRef = 84E9C5BF1DB5F05A00F70C79 /* LBB_AddressPickerView.m */; };
		84E9C5C31DB5F05A00F70C79 /* LBB_AddressPickerView.xib in Resources */ = {isa = PBXBuildFile; fileRef = 84E9C5C01DB5F05A00F70C79 /* LBB_AddressPickerView.xib */; };
		84EADCD41DB8EDD5003C8F0F /* ChangePhoneNumViewController.m in Sources */ = {isa = PBXBuildFile; fileRef = 84EADCD31DB8EDD5003C8F0F /* ChangePhoneNumViewController.m */; };
		84FBE84A1DB7B1E80016C9AF /* AddAddressViewController.m in Sources */ = {isa = PBXBuildFile; fileRef = 84FBE8491DB7B1E80016C9AF /* AddAddressViewController.m */; };
		B25926B0BFB80D1B90FB4793 /* libPods-ST_Travel.a in Frameworks */ = {isa = PBXBuildFile; fileRef = 0870AB83FAA0D30BD981EC9B /* libPods-ST_Travel.a */; };
		C91F610C1D9F559C004FE75C /* QuartzCore.framework in Frameworks */ = {isa = PBXBuildFile; fileRef = C91F610B1D9F559C004FE75C /* QuartzCore.framework */; };
		C91F61161D9F754F004FE75C /* ST_Home.xcassets in Resources */ = {isa = PBXBuildFile; fileRef = C91F61151D9F754F004FE75C /* ST_Home.xcassets */; };
		C91F61341D9F8B77004FE75C /* ST_TabBarController.m in Sources */ = {isa = PBXBuildFile; fileRef = C91F61321D9F8B77004FE75C /* ST_TabBarController.m */; };
		C91F61381D9F8B94004FE75C /* ST_HomeViewController.m in Sources */ = {isa = PBXBuildFile; fileRef = C91F61361D9F8B94004FE75C /* ST_HomeViewController.m */; };
		C91F61391D9F8B94004FE75C /* ST_HomeViewController.xib in Resources */ = {isa = PBXBuildFile; fileRef = C91F61371D9F8B94004FE75C /* ST_HomeViewController.xib */; };
		C91F61551D9F96CA004FE75C /* ST_MallViewController.m in Sources */ = {isa = PBXBuildFile; fileRef = C91F61401D9F96CA004FE75C /* ST_MallViewController.m */; };
		C91F61561D9F96CA004FE75C /* ST_MallViewController.xib in Resources */ = {isa = PBXBuildFile; fileRef = C91F61411D9F96CA004FE75C /* ST_MallViewController.xib */; };
		C91F61591D9F96CA004FE75C /* ST_SquareViewController.m in Sources */ = {isa = PBXBuildFile; fileRef = C91F61521D9F96CA004FE75C /* ST_SquareViewController.m */; };
		C91F615A1D9F96CA004FE75C /* ST_SquareViewController.xib in Resources */ = {isa = PBXBuildFile; fileRef = C91F61531D9F96CA004FE75C /* ST_SquareViewController.xib */; };
		C9C0E9511D9948F100575A7C /* main.m in Sources */ = {isa = PBXBuildFile; fileRef = C9C0E9501D9948F100575A7C /* main.m */; };
		C9C0E9541D9948F100575A7C /* AppDelegate.m in Sources */ = {isa = PBXBuildFile; fileRef = C9C0E9531D9948F100575A7C /* AppDelegate.m */; };
		C9C0E9571D9948F100575A7C /* ViewController.m in Sources */ = {isa = PBXBuildFile; fileRef = C9C0E9561D9948F100575A7C /* ViewController.m */; };
		C9C0E95A1D9948F100575A7C /* Main.storyboard in Resources */ = {isa = PBXBuildFile; fileRef = C9C0E9581D9948F100575A7C /* Main.storyboard */; };
		C9C0E95C1D9948F200575A7C /* Assets.xcassets in Resources */ = {isa = PBXBuildFile; fileRef = C9C0E95B1D9948F200575A7C /* Assets.xcassets */; };
		C9C0E95F1D9948F200575A7C /* LaunchScreen.storyboard in Resources */ = {isa = PBXBuildFile; fileRef = C9C0E95D1D9948F200575A7C /* LaunchScreen.storyboard */; };
		C9C0E96A1D9948F300575A7C /* ST_TravelTests.m in Sources */ = {isa = PBXBuildFile; fileRef = C9C0E9691D9948F300575A7C /* ST_TravelTests.m */; };
		C9C0E9751D9948F300575A7C /* ST_TravelUITests.m in Sources */ = {isa = PBXBuildFile; fileRef = C9C0E9741D9948F300575A7C /* ST_TravelUITests.m */; };
/* End PBXBuildFile section */

/* Begin PBXContainerItemProxy section */
		C9C0E9661D9948F300575A7C /* PBXContainerItemProxy */ = {
			isa = PBXContainerItemProxy;
			containerPortal = C9C0E9441D9948F100575A7C /* Project object */;
			proxyType = 1;
			remoteGlobalIDString = C9C0E94B1D9948F100575A7C;
			remoteInfo = ST_Travel;
		};
		C9C0E9711D9948F300575A7C /* PBXContainerItemProxy */ = {
			isa = PBXContainerItemProxy;
			containerPortal = C9C0E9441D9948F100575A7C /* Project object */;
			proxyType = 1;
			remoteGlobalIDString = C9C0E94B1D9948F100575A7C;
			remoteInfo = ST_Travel;
		};
/* End PBXContainerItemProxy section */

/* Begin PBXFileReference section */
		0870AB83FAA0D30BD981EC9B /* libPods-ST_Travel.a */ = {isa = PBXFileReference; explicitFileType = archive.ar; includeInIndex = 0; path = "libPods-ST_Travel.a"; sourceTree = BUILT_PRODUCTS_DIR; };
		1D293B691DB45E6D00ED2CBB /* PoohBaseViewController.h */ = {isa = PBXFileReference; fileEncoding = 4; lastKnownFileType = sourcecode.c.h; path = PoohBaseViewController.h; sourceTree = "<group>"; };
		1D293B6A1DB45E6D00ED2CBB /* PoohBaseViewController.m */ = {isa = PBXFileReference; fileEncoding = 4; lastKnownFileType = sourcecode.c.objc; path = PoohBaseViewController.m; sourceTree = "<group>"; };
		1D293B961DB4607D00ED2CBB /* NSDate+PoohCategory.h */ = {isa = PBXFileReference; fileEncoding = 4; lastKnownFileType = sourcecode.c.h; path = "NSDate+PoohCategory.h"; sourceTree = "<group>"; };
		1D293B971DB4607D00ED2CBB /* NSDate+PoohCategory.m */ = {isa = PBXFileReference; fileEncoding = 4; lastKnownFileType = sourcecode.c.objc; path = "NSDate+PoohCategory.m"; sourceTree = "<group>"; };
		1D293B981DB4607D00ED2CBB /* NSDateFormatter+PoohCategory.h */ = {isa = PBXFileReference; fileEncoding = 4; lastKnownFileType = sourcecode.c.h; path = "NSDateFormatter+PoohCategory.h"; sourceTree = "<group>"; };
		1D293B991DB4607D00ED2CBB /* NSDateFormatter+PoohCategory.m */ = {isa = PBXFileReference; fileEncoding = 4; lastKnownFileType = sourcecode.c.objc; path = "NSDateFormatter+PoohCategory.m"; sourceTree = "<group>"; };
		1D293B9A1DB4607D00ED2CBB /* NSDictionary+PoohCommon.h */ = {isa = PBXFileReference; fileEncoding = 4; lastKnownFileType = sourcecode.c.h; path = "NSDictionary+PoohCommon.h"; sourceTree = "<group>"; };
		1D293B9B1DB4607D00ED2CBB /* NSDictionary+PoohCommon.m */ = {isa = PBXFileReference; fileEncoding = 4; lastKnownFileType = sourcecode.c.objc; path = "NSDictionary+PoohCommon.m"; sourceTree = "<group>"; };
		1D293B9C1DB4607D00ED2CBB /* NSObject+PoohCommon.h */ = {isa = PBXFileReference; fileEncoding = 4; lastKnownFileType = sourcecode.c.h; path = "NSObject+PoohCommon.h"; sourceTree = "<group>"; };
		1D293B9D1DB4607D00ED2CBB /* NSObject+PoohCommon.m */ = {isa = PBXFileReference; fileEncoding = 4; lastKnownFileType = sourcecode.c.objc; path = "NSObject+PoohCommon.m"; sourceTree = "<group>"; };
		1D293B9E1DB4607D00ED2CBB /* NSString+PoohCommon.h */ = {isa = PBXFileReference; fileEncoding = 4; lastKnownFileType = sourcecode.c.h; path = "NSString+PoohCommon.h"; sourceTree = "<group>"; };
		1D293B9F1DB4607D00ED2CBB /* NSString+PoohCommon.m */ = {isa = PBXFileReference; fileEncoding = 4; lastKnownFileType = sourcecode.c.objc; path = "NSString+PoohCommon.m"; sourceTree = "<group>"; };
		1D293BA01DB4607D00ED2CBB /* UIColor+PoohCommon.h */ = {isa = PBXFileReference; fileEncoding = 4; lastKnownFileType = sourcecode.c.h; path = "UIColor+PoohCommon.h"; sourceTree = "<group>"; };
		1D293BA11DB4607D00ED2CBB /* UIColor+PoohCommon.m */ = {isa = PBXFileReference; fileEncoding = 4; lastKnownFileType = sourcecode.c.objc; path = "UIColor+PoohCommon.m"; sourceTree = "<group>"; };
		1D293BA21DB4607D00ED2CBB /* UIImage+animatedGIF.h */ = {isa = PBXFileReference; fileEncoding = 4; lastKnownFileType = sourcecode.c.h; path = "UIImage+animatedGIF.h"; sourceTree = "<group>"; };
		1D293BA31DB4607D00ED2CBB /* UIImage+animatedGIF.m */ = {isa = PBXFileReference; fileEncoding = 4; lastKnownFileType = sourcecode.c.objc; path = "UIImage+animatedGIF.m"; sourceTree = "<group>"; };
		1D293BA41DB4607D00ED2CBB /* UIImage+PoohCommon.h */ = {isa = PBXFileReference; fileEncoding = 4; lastKnownFileType = sourcecode.c.h; path = "UIImage+PoohCommon.h"; sourceTree = "<group>"; };
		1D293BA51DB4607D00ED2CBB /* UIImage+PoohCommon.m */ = {isa = PBXFileReference; fileEncoding = 4; lastKnownFileType = sourcecode.c.objc; path = "UIImage+PoohCommon.m"; sourceTree = "<group>"; };
		1D293BA61DB4607D00ED2CBB /* UIViewExt.h */ = {isa = PBXFileReference; fileEncoding = 4; lastKnownFileType = sourcecode.c.h; path = UIViewExt.h; sourceTree = "<group>"; };
		1D293BA71DB4607D00ED2CBB /* UIViewExt.m */ = {isa = PBXFileReference; fileEncoding = 4; lastKnownFileType = sourcecode.c.objc; path = UIViewExt.m; sourceTree = "<group>"; };
		1D293BAB1DB4607D00ED2CBB /* IConstants.h */ = {isa = PBXFileReference; fileEncoding = 4; lastKnownFileType = sourcecode.c.h; path = IConstants.h; sourceTree = "<group>"; };
		1D293BAC1DB4607D00ED2CBB /* IConstants.m */ = {isa = PBXFileReference; fileEncoding = 4; lastKnownFileType = sourcecode.c.objc; path = IConstants.m; sourceTree = "<group>"; };
		1D293BAD1DB4607D00ED2CBB /* UIConstants.h */ = {isa = PBXFileReference; fileEncoding = 4; lastKnownFileType = sourcecode.c.h; path = UIConstants.h; sourceTree = "<group>"; };
		1D293BAE1DB4607D00ED2CBB /* UIConstants.m */ = {isa = PBXFileReference; fileEncoding = 4; lastKnownFileType = sourcecode.c.objc; path = UIConstants.m; sourceTree = "<group>"; };
		1D293BAF1DB4607D00ED2CBB /* PoohCommon.h */ = {isa = PBXFileReference; fileEncoding = 4; lastKnownFileType = sourcecode.c.h; path = PoohCommon.h; sourceTree = "<group>"; };
		1D293BC31DB4671700ED2CBB /* PoohDirector.h */ = {isa = PBXFileReference; fileEncoding = 4; lastKnownFileType = sourcecode.c.h; path = PoohDirector.h; sourceTree = "<group>"; };
		1D293BC41DB4671700ED2CBB /* PoohDirector.m */ = {isa = PBXFileReference; fileEncoding = 4; lastKnownFileType = sourcecode.c.objc; path = PoohDirector.m; sourceTree = "<group>"; };
		1D293BCB1DB4680200ED2CBB /* DDFormatter.m */ = {isa = PBXFileReference; fileEncoding = 4; lastKnownFileType = sourcecode.c.objc; path = DDFormatter.m; sourceTree = "<group>"; };
		1D293BCC1DB4680200ED2CBB /* DDFormatter.h */ = {isa = PBXFileReference; fileEncoding = 4; lastKnownFileType = sourcecode.c.h; path = DDFormatter.h; sourceTree = "<group>"; };
		1D293BCE1DB468C500ED2CBB /* PoohDDLogConfig.h */ = {isa = PBXFileReference; fileEncoding = 4; lastKnownFileType = sourcecode.c.h; path = PoohDDLogConfig.h; sourceTree = "<group>"; };
		1D293BCF1DB46BF700ED2CBB /* ST_Pooh.xcassets */ = {isa = PBXFileReference; lastKnownFileType = folder.assetcatalog; path = ST_Pooh.xcassets; sourceTree = "<group>"; };
		3C95E0521DB4BF5900536704 /* ZJMSearchBar.h */ = {isa = PBXFileReference; fileEncoding = 4; lastKnownFileType = sourcecode.c.h; path = ZJMSearchBar.h; sourceTree = "<group>"; };
		3C95E0531DB4BF5900536704 /* ZJMSearchBar.m */ = {isa = PBXFileReference; fileEncoding = 4; lastKnownFileType = sourcecode.c.objc; path = ZJMSearchBar.m; sourceTree = "<group>"; };
		3C95E0561DB4C38100536704 /* UIView+ZJFrame.h */ = {isa = PBXFileReference; fileEncoding = 4; lastKnownFileType = sourcecode.c.h; path = "UIView+ZJFrame.h"; sourceTree = "<group>"; };
		3C95E0571DB4C38100536704 /* UIView+ZJFrame.m */ = {isa = PBXFileReference; fileEncoding = 4; lastKnownFileType = sourcecode.c.objc; path = "UIView+ZJFrame.m"; sourceTree = "<group>"; };
		3C95E0581DB4C38100536704 /* ZJContentView.h */ = {isa = PBXFileReference; fileEncoding = 4; lastKnownFileType = sourcecode.c.h; path = ZJContentView.h; sourceTree = "<group>"; };
		3C95E0591DB4C38100536704 /* ZJContentView.m */ = {isa = PBXFileReference; fileEncoding = 4; lastKnownFileType = sourcecode.c.objc; path = ZJContentView.m; sourceTree = "<group>"; };
		3C95E05A1DB4C38100536704 /* ZJCustomLabel.h */ = {isa = PBXFileReference; fileEncoding = 4; lastKnownFileType = sourcecode.c.h; path = ZJCustomLabel.h; sourceTree = "<group>"; };
		3C95E05B1DB4C38100536704 /* ZJCustomLabel.m */ = {isa = PBXFileReference; fileEncoding = 4; lastKnownFileType = sourcecode.c.objc; path = ZJCustomLabel.m; sourceTree = "<group>"; };
		3C95E05C1DB4C38100536704 /* ZJScrollPageView.h */ = {isa = PBXFileReference; fileEncoding = 4; lastKnownFileType = sourcecode.c.h; path = ZJScrollPageView.h; sourceTree = "<group>"; };
		3C95E05D1DB4C38100536704 /* ZJScrollPageView.m */ = {isa = PBXFileReference; fileEncoding = 4; lastKnownFileType = sourcecode.c.objc; path = ZJScrollPageView.m; sourceTree = "<group>"; };
		3C95E05E1DB4C38100536704 /* ZJScrollSegmentView.h */ = {isa = PBXFileReference; fileEncoding = 4; lastKnownFileType = sourcecode.c.h; path = ZJScrollSegmentView.h; sourceTree = "<group>"; };
		3C95E05F1DB4C38100536704 /* ZJScrollSegmentView.m */ = {isa = PBXFileReference; fileEncoding = 4; lastKnownFileType = sourcecode.c.objc; path = ZJScrollSegmentView.m; sourceTree = "<group>"; };
		3C95E0601DB4C38100536704 /* ZJSegmentStyle.h */ = {isa = PBXFileReference; fileEncoding = 4; lastKnownFileType = sourcecode.c.h; path = ZJSegmentStyle.h; sourceTree = "<group>"; };
		3C95E0611DB4C38100536704 /* ZJSegmentStyle.m */ = {isa = PBXFileReference; fileEncoding = 4; lastKnownFileType = sourcecode.c.objc; path = ZJSegmentStyle.m; sourceTree = "<group>"; };
		841406651DB7583400A1D904 /* VerificationViewController.h */ = {isa = PBXFileReference; fileEncoding = 4; lastKnownFileType = sourcecode.c.h; path = VerificationViewController.h; sourceTree = "<group>"; };
		841406661DB7583400A1D904 /* VerificationViewController.m */ = {isa = PBXFileReference; fileEncoding = 4; lastKnownFileType = sourcecode.c.objc; path = VerificationViewController.m; sourceTree = "<group>"; };
		841406681DB75D8000A1D904 /* ExtractDetailViewController.h */ = {isa = PBXFileReference; fileEncoding = 4; lastKnownFileType = sourcecode.c.h; path = ExtractDetailViewController.h; sourceTree = "<group>"; };
		841406691DB75D8000A1D904 /* ExtractDetailViewController.m */ = {isa = PBXFileReference; fileEncoding = 4; lastKnownFileType = sourcecode.c.objc; path = ExtractDetailViewController.m; sourceTree = "<group>"; };
		84B25B151DB7966E002EDA7F /* ReceiptAddressViewController.h */ = {isa = PBXFileReference; fileEncoding = 4; lastKnownFileType = sourcecode.c.h; path = ReceiptAddressViewController.h; sourceTree = "<group>"; };
		84B25B161DB7966E002EDA7F /* ReceiptAddressViewController.m */ = {isa = PBXFileReference; fileEncoding = 4; lastKnownFileType = sourcecode.c.objc; path = ReceiptAddressViewController.m; sourceTree = "<group>"; };
		84B25B1B1DB797D2002EDA7F /* ReceiptAddressViewCell.h */ = {isa = PBXFileReference; fileEncoding = 4; lastKnownFileType = sourcecode.c.h; path = ReceiptAddressViewCell.h; sourceTree = "<group>"; };
		84B25B1C1DB797D2002EDA7F /* ReceiptAddressViewCell.m */ = {isa = PBXFileReference; fileEncoding = 4; lastKnownFileType = sourcecode.c.objc; path = ReceiptAddressViewCell.m; sourceTree = "<group>"; };
		84B25B1D1DB797D2002EDA7F /* ReceiptAddressViewCell.xib */ = {isa = PBXFileReference; fileEncoding = 4; lastKnownFileType = file.xib; path = ReceiptAddressViewCell.xib; sourceTree = "<group>"; };
		84E9C5261DB5EC4900F70C79 /* MineHeaderView.h */ = {isa = PBXFileReference; fileEncoding = 4; lastKnownFileType = sourcecode.c.h; path = MineHeaderView.h; sourceTree = "<group>"; };
		84E9C5271DB5EC4900F70C79 /* MineHeaderView.m */ = {isa = PBXFileReference; fileEncoding = 4; lastKnownFileType = sourcecode.c.objc; path = MineHeaderView.m; sourceTree = "<group>"; };
		84E9C5281DB5EC4900F70C79 /* MineHeaderView.xib */ = {isa = PBXFileReference; fileEncoding = 4; lastKnownFileType = file.xib; path = MineHeaderView.xib; sourceTree = "<group>"; };
		84E9C5291DB5EC4900F70C79 /* MineViewCell.h */ = {isa = PBXFileReference; fileEncoding = 4; lastKnownFileType = sourcecode.c.h; path = MineViewCell.h; sourceTree = "<group>"; };
		84E9C52A1DB5EC4900F70C79 /* MineViewCell.m */ = {isa = PBXFileReference; fileEncoding = 4; lastKnownFileType = sourcecode.c.objc; path = MineViewCell.m; sourceTree = "<group>"; };
		84E9C52B1DB5EC4900F70C79 /* MineViewCell.xib */ = {isa = PBXFileReference; fileEncoding = 4; lastKnownFileType = file.xib; path = MineViewCell.xib; sourceTree = "<group>"; };
		84E9C5311DB5EC4900F70C79 /* LBB_FavoriteViewController.h */ = {isa = PBXFileReference; fileEncoding = 4; lastKnownFileType = sourcecode.c.h; path = LBB_FavoriteViewController.h; sourceTree = "<group>"; };
		84E9C5321DB5EC4900F70C79 /* LBB_FavoriteViewController.m */ = {isa = PBXFileReference; fileEncoding = 4; lastKnownFileType = sourcecode.c.objc; path = LBB_FavoriteViewController.m; sourceTree = "<group>"; };
		84E9C5341DB5EC4900F70C79 /* LBB_FightGroupViewController.h */ = {isa = PBXFileReference; fileEncoding = 4; lastKnownFileType = sourcecode.c.h; path = LBB_FightGroupViewController.h; sourceTree = "<group>"; };
		84E9C5351DB5EC4900F70C79 /* LBB_FightGroupViewController.m */ = {isa = PBXFileReference; fileEncoding = 4; lastKnownFileType = sourcecode.c.objc; path = LBB_FightGroupViewController.m; sourceTree = "<group>"; };
		84E9C5361DB5EC4900F70C79 /* MineBaseViewController.h */ = {isa = PBXFileReference; fileEncoding = 4; lastKnownFileType = sourcecode.c.h; path = MineBaseViewController.h; sourceTree = "<group>"; };
		84E9C5371DB5EC4900F70C79 /* MineBaseViewController.m */ = {isa = PBXFileReference; fileEncoding = 4; lastKnownFileType = sourcecode.c.objc; path = MineBaseViewController.m; sourceTree = "<group>"; };
		84E9C5391DB5EC4900F70C79 /* 19.pic.jpg */ = {isa = PBXFileReference; lastKnownFileType = image.jpeg; path = 19.pic.jpg; sourceTree = "<group>"; };
		84E9C53A1DB5EC4900F70C79 /* IMG_0848.JPG */ = {isa = PBXFileReference; lastKnownFileType = image.jpeg; path = IMG_0848.JPG; sourceTree = "<group>"; };
		84E9C53B1DB5EC4900F70C79 /* IMG_0849.JPG */ = {isa = PBXFileReference; lastKnownFileType = image.jpeg; path = IMG_0849.JPG; sourceTree = "<group>"; };
		84E9C53C1DB5EC4900F70C79 /* MineStoryboard.storyboard */ = {isa = PBXFileReference; fileEncoding = 4; lastKnownFileType = file.storyboard; path = MineStoryboard.storyboard; sourceTree = "<group>"; };
		84E9C53D1DB5EC4900F70C79 /* MineViewController.h */ = {isa = PBXFileReference; fileEncoding = 4; lastKnownFileType = sourcecode.c.h; path = MineViewController.h; sourceTree = "<group>"; };
		84E9C53E1DB5EC4900F70C79 /* MineViewController.m */ = {isa = PBXFileReference; fileEncoding = 4; lastKnownFileType = sourcecode.c.objc; path = MineViewController.m; sourceTree = "<group>"; };
		84E9C5421DB5EC4900F70C79 /* PersonalInfoCell.h */ = {isa = PBXFileReference; fileEncoding = 4; lastKnownFileType = sourcecode.c.h; path = PersonalInfoCell.h; sourceTree = "<group>"; };
		84E9C5431DB5EC4900F70C79 /* PersonalInfoCell.m */ = {isa = PBXFileReference; fileEncoding = 4; lastKnownFileType = sourcecode.c.objc; path = PersonalInfoCell.m; sourceTree = "<group>"; };
		84E9C5441DB5EC4900F70C79 /* PersonalInfoCell.xib */ = {isa = PBXFileReference; fileEncoding = 4; lastKnownFileType = file.xib; path = PersonalInfoCell.xib; sourceTree = "<group>"; };
		84E9C5451DB5EC4900F70C79 /* LBB_UserNameViewController.h */ = {isa = PBXFileReference; fileEncoding = 4; lastKnownFileType = sourcecode.c.h; path = LBB_UserNameViewController.h; sourceTree = "<group>"; };
		84E9C5461DB5EC4900F70C79 /* LBB_UserNameViewController.m */ = {isa = PBXFileReference; fileEncoding = 4; lastKnownFileType = sourcecode.c.objc; path = LBB_UserNameViewController.m; sourceTree = "<group>"; };
		84E9C5471DB5EC4900F70C79 /* PersonalCenterViewController.h */ = {isa = PBXFileReference; fileEncoding = 4; lastKnownFileType = sourcecode.c.h; path = PersonalCenterViewController.h; sourceTree = "<group>"; };
		84E9C5481DB5EC4900F70C79 /* PersonalCenterViewController.m */ = {isa = PBXFileReference; fileEncoding = 4; lastKnownFileType = sourcecode.c.objc; path = PersonalCenterViewController.m; sourceTree = "<group>"; };
		84E9C54A1DB5EC4900F70C79 /* LBB_RouteViewController.h */ = {isa = PBXFileReference; fileEncoding = 4; lastKnownFileType = sourcecode.c.h; path = LBB_RouteViewController.h; sourceTree = "<group>"; };
		84E9C54B1DB5EC4900F70C79 /* LBB_RouteViewController.m */ = {isa = PBXFileReference; fileEncoding = 4; lastKnownFileType = sourcecode.c.objc; path = LBB_RouteViewController.m; sourceTree = "<group>"; };
		84E9C54E1DB5EC4900F70C79 /* SetingSwitchBaseViewController.h */ = {isa = PBXFileReference; fileEncoding = 4; lastKnownFileType = sourcecode.c.h; path = SetingSwitchBaseViewController.h; sourceTree = "<group>"; };
		84E9C54F1DB5EC4900F70C79 /* SetingSwitchBaseViewController.m */ = {isa = PBXFileReference; fileEncoding = 4; lastKnownFileType = sourcecode.c.objc; path = SetingSwitchBaseViewController.m; sourceTree = "<group>"; };
		84E9C5501DB5EC4900F70C79 /* SwitchViewCell.h */ = {isa = PBXFileReference; fileEncoding = 4; lastKnownFileType = sourcecode.c.h; path = SwitchViewCell.h; sourceTree = "<group>"; };
		84E9C5511DB5EC4900F70C79 /* SwitchViewCell.m */ = {isa = PBXFileReference; fileEncoding = 4; lastKnownFileType = sourcecode.c.objc; path = SwitchViewCell.m; sourceTree = "<group>"; };
		84E9C5521DB5EC4900F70C79 /* SwitchViewCell.xib */ = {isa = PBXFileReference; fileEncoding = 4; lastKnownFileType = file.xib; path = SwitchViewCell.xib; sourceTree = "<group>"; };
		84E9C5531DB5EC4900F70C79 /* SettingPrivaceViewController.h */ = {isa = PBXFileReference; fileEncoding = 4; lastKnownFileType = sourcecode.c.h; path = SettingPrivaceViewController.h; sourceTree = "<group>"; };
		84E9C5541DB5EC4900F70C79 /* SettingPrivaceViewController.m */ = {isa = PBXFileReference; fileEncoding = 4; lastKnownFileType = sourcecode.c.objc; path = SettingPrivaceViewController.m; sourceTree = "<group>"; };
		84E9C5551DB5EC4900F70C79 /* SettingPushViewController.h */ = {isa = PBXFileReference; fileEncoding = 4; lastKnownFileType = sourcecode.c.h; path = SettingPushViewController.h; sourceTree = "<group>"; };
		84E9C5561DB5EC4900F70C79 /* SettingPushViewController.m */ = {isa = PBXFileReference; fileEncoding = 4; lastKnownFileType = sourcecode.c.objc; path = SettingPushViewController.m; sourceTree = "<group>"; };
		84E9C5571DB5EC4900F70C79 /* SettingViewController.h */ = {isa = PBXFileReference; fileEncoding = 4; lastKnownFileType = sourcecode.c.h; path = SettingViewController.h; sourceTree = "<group>"; };
		84E9C5581DB5EC4900F70C79 /* SettingViewController.m */ = {isa = PBXFileReference; fileEncoding = 4; lastKnownFileType = sourcecode.c.objc; path = SettingViewController.m; sourceTree = "<group>"; };
		84E9C55B1DB5EC4900F70C79 /* TicketDetailViewCell.h */ = {isa = PBXFileReference; fileEncoding = 4; lastKnownFileType = sourcecode.c.h; path = TicketDetailViewCell.h; sourceTree = "<group>"; };
		84E9C55C1DB5EC4900F70C79 /* TicketDetailViewCell.m */ = {isa = PBXFileReference; fileEncoding = 4; lastKnownFileType = sourcecode.c.objc; path = TicketDetailViewCell.m; sourceTree = "<group>"; };
		84E9C55D1DB5EC4900F70C79 /* TicketDetailViewCell.xib */ = {isa = PBXFileReference; fileEncoding = 4; lastKnownFileType = file.xib; path = TicketDetailViewCell.xib; sourceTree = "<group>"; };
		84E9C55E1DB5EC4900F70C79 /* TicketViewCell.h */ = {isa = PBXFileReference; fileEncoding = 4; lastKnownFileType = sourcecode.c.h; path = TicketViewCell.h; sourceTree = "<group>"; };
		84E9C55F1DB5EC4900F70C79 /* TicketViewCell.m */ = {isa = PBXFileReference; fileEncoding = 4; lastKnownFileType = sourcecode.c.objc; path = TicketViewCell.m; sourceTree = "<group>"; };
		84E9C5601DB5EC4900F70C79 /* TicketViewCell.xib */ = {isa = PBXFileReference; fileEncoding = 4; lastKnownFileType = file.xib; path = TicketViewCell.xib; sourceTree = "<group>"; };
		84E9C5611DB5EC4900F70C79 /* TicketViewController.h */ = {isa = PBXFileReference; fileEncoding = 4; lastKnownFileType = sourcecode.c.h; path = TicketViewController.h; sourceTree = "<group>"; };
		84E9C5621DB5EC4900F70C79 /* TicketViewController.m */ = {isa = PBXFileReference; fileEncoding = 4; lastKnownFileType = sourcecode.c.objc; path = TicketViewController.m; sourceTree = "<group>"; };
		84E9C5691DB5EC4900F70C79 /* AddCardViewController.h */ = {isa = PBXFileReference; fileEncoding = 4; lastKnownFileType = sourcecode.c.h; path = AddCardViewController.h; sourceTree = "<group>"; };
		84E9C56A1DB5EC4900F70C79 /* AddCardViewController.m */ = {isa = PBXFileReference; fileEncoding = 4; lastKnownFileType = sourcecode.c.objc; path = AddCardViewController.m; sourceTree = "<group>"; };
		84E9C56B1DB5EC4900F70C79 /* BalanceDetailViewController.h */ = {isa = PBXFileReference; fileEncoding = 4; lastKnownFileType = sourcecode.c.h; path = BalanceDetailViewController.h; sourceTree = "<group>"; };
		84E9C56C1DB5EC4900F70C79 /* BalanceDetailViewController.m */ = {isa = PBXFileReference; fileEncoding = 4; lastKnownFileType = sourcecode.c.objc; path = BalanceDetailViewController.m; sourceTree = "<group>"; };
		84E9C56D1DB5EC4900F70C79 /* BalanceExtractViewController.h */ = {isa = PBXFileReference; fileEncoding = 4; lastKnownFileType = sourcecode.c.h; path = BalanceExtractViewController.h; sourceTree = "<group>"; };
		84E9C56E1DB5EC4900F70C79 /* BalanceExtractViewController.m */ = {isa = PBXFileReference; fileEncoding = 4; lastKnownFileType = sourcecode.c.objc; path = BalanceExtractViewController.m; sourceTree = "<group>"; };
		84E9C56F1DB5EC4900F70C79 /* BalanceViewController.h */ = {isa = PBXFileReference; fileEncoding = 4; lastKnownFileType = sourcecode.c.h; path = BalanceViewController.h; sourceTree = "<group>"; };
		84E9C5701DB5EC4900F70C79 /* BalanceViewController.m */ = {isa = PBXFileReference; fileEncoding = 4; lastKnownFileType = sourcecode.c.objc; path = BalanceViewController.m; sourceTree = "<group>"; };
		84E9C5721DB5EC4900F70C79 /* BalanceDetailViewCell.h */ = {isa = PBXFileReference; fileEncoding = 4; lastKnownFileType = sourcecode.c.h; path = BalanceDetailViewCell.h; sourceTree = "<group>"; };
		84E9C5731DB5EC4900F70C79 /* BalanceDetailViewCell.m */ = {isa = PBXFileReference; fileEncoding = 4; lastKnownFileType = sourcecode.c.objc; path = BalanceDetailViewCell.m; sourceTree = "<group>"; };
		84E9C5741DB5EC4900F70C79 /* BalanceDetailViewCell.xib */ = {isa = PBXFileReference; fileEncoding = 4; lastKnownFileType = file.xib; path = BalanceDetailViewCell.xib; sourceTree = "<group>"; };
		84E9C5751DB5EC4900F70C79 /* CardViewCell.h */ = {isa = PBXFileReference; fileEncoding = 4; lastKnownFileType = sourcecode.c.h; path = CardViewCell.h; sourceTree = "<group>"; };
		84E9C5761DB5EC4900F70C79 /* CardViewCell.m */ = {isa = PBXFileReference; fileEncoding = 4; lastKnownFileType = sourcecode.c.objc; path = CardViewCell.m; sourceTree = "<group>"; };
		84E9C5771DB5EC4900F70C79 /* CardViewCell.xib */ = {isa = PBXFileReference; fileEncoding = 4; lastKnownFileType = file.xib; path = CardViewCell.xib; sourceTree = "<group>"; };
		84E9C5781DB5EC4900F70C79 /* WalletViewCell.h */ = {isa = PBXFileReference; fileEncoding = 4; lastKnownFileType = sourcecode.c.h; path = WalletViewCell.h; sourceTree = "<group>"; };
		84E9C5791DB5EC4900F70C79 /* WalletViewCell.m */ = {isa = PBXFileReference; fileEncoding = 4; lastKnownFileType = sourcecode.c.objc; path = WalletViewCell.m; sourceTree = "<group>"; };
		84E9C57A1DB5EC4900F70C79 /* WalletViewCell.xib */ = {isa = PBXFileReference; fileEncoding = 4; lastKnownFileType = file.xib; path = WalletViewCell.xib; sourceTree = "<group>"; };
		84E9C57B1DB5EC4900F70C79 /* CardDetailViewController.h */ = {isa = PBXFileReference; fileEncoding = 4; lastKnownFileType = sourcecode.c.h; path = CardDetailViewController.h; sourceTree = "<group>"; };
		84E9C57C1DB5EC4900F70C79 /* CardDetailViewController.m */ = {isa = PBXFileReference; fileEncoding = 4; lastKnownFileType = sourcecode.c.objc; path = CardDetailViewController.m; sourceTree = "<group>"; };
		84E9C57D1DB5EC4900F70C79 /* CardViewController.h */ = {isa = PBXFileReference; fileEncoding = 4; lastKnownFileType = sourcecode.c.h; path = CardViewController.h; sourceTree = "<group>"; };
		84E9C57E1DB5EC4900F70C79 /* CardViewController.m */ = {isa = PBXFileReference; fileEncoding = 4; lastKnownFileType = sourcecode.c.objc; path = CardViewController.m; sourceTree = "<group>"; };
		84E9C57F1DB5EC4900F70C79 /* ConvertiblePointsViewController.h */ = {isa = PBXFileReference; fileEncoding = 4; lastKnownFileType = sourcecode.c.h; path = ConvertiblePointsViewController.h; sourceTree = "<group>"; };
		84E9C5801DB5EC4900F70C79 /* ConvertiblePointsViewController.m */ = {isa = PBXFileReference; fileEncoding = 4; lastKnownFileType = sourcecode.c.objc; path = ConvertiblePointsViewController.m; sourceTree = "<group>"; };
		84E9C5811DB5EC4900F70C79 /* PointsViewController.h */ = {isa = PBXFileReference; fileEncoding = 4; lastKnownFileType = sourcecode.c.h; path = PointsViewController.h; sourceTree = "<group>"; };
		84E9C5821DB5EC4900F70C79 /* PointsViewController.m */ = {isa = PBXFileReference; fileEncoding = 4; lastKnownFileType = sourcecode.c.objc; path = PointsViewController.m; sourceTree = "<group>"; };
		84E9C5831DB5EC4900F70C79 /* WalletViewController.h */ = {isa = PBXFileReference; fileEncoding = 4; lastKnownFileType = sourcecode.c.h; path = WalletViewController.h; sourceTree = "<group>"; };
		84E9C5841DB5EC4900F70C79 /* WalletViewController.m */ = {isa = PBXFileReference; fileEncoding = 4; lastKnownFileType = sourcecode.c.objc; path = WalletViewController.m; sourceTree = "<group>"; };
		84E9C5B71DB5EE0E00F70C79 /* CommonFunc.h */ = {isa = PBXFileReference; fileEncoding = 4; lastKnownFileType = sourcecode.c.h; path = CommonFunc.h; sourceTree = "<group>"; };
		84E9C5B81DB5EE0E00F70C79 /* CommonFunc.m */ = {isa = PBXFileReference; fileEncoding = 4; lastKnownFileType = sourcecode.c.objc; path = CommonFunc.m; sourceTree = "<group>"; };
		84E9C5BA1DB5EEAA00F70C79 /* CommonMacro.h */ = {isa = PBXFileReference; fileEncoding = 4; lastKnownFileType = sourcecode.c.h; path = CommonMacro.h; sourceTree = "<group>"; };
		84E9C5BD1DB5F05A00F70C79 /* address.json */ = {isa = PBXFileReference; fileEncoding = 4; lastKnownFileType = text.json; path = address.json; sourceTree = "<group>"; };
		84E9C5BE1DB5F05A00F70C79 /* LBB_AddressPickerView.h */ = {isa = PBXFileReference; fileEncoding = 4; lastKnownFileType = sourcecode.c.h; path = LBB_AddressPickerView.h; sourceTree = "<group>"; };
		84E9C5BF1DB5F05A00F70C79 /* LBB_AddressPickerView.m */ = {isa = PBXFileReference; fileEncoding = 4; lastKnownFileType = sourcecode.c.objc; path = LBB_AddressPickerView.m; sourceTree = "<group>"; };
		84E9C5C01DB5F05A00F70C79 /* LBB_AddressPickerView.xib */ = {isa = PBXFileReference; fileEncoding = 4; lastKnownFileType = file.xib; path = LBB_AddressPickerView.xib; sourceTree = "<group>"; };
		84EADCD21DB8EDD5003C8F0F /* ChangePhoneNumViewController.h */ = {isa = PBXFileReference; fileEncoding = 4; lastKnownFileType = sourcecode.c.h; path = ChangePhoneNumViewController.h; sourceTree = "<group>"; };
		84EADCD31DB8EDD5003C8F0F /* ChangePhoneNumViewController.m */ = {isa = PBXFileReference; fileEncoding = 4; lastKnownFileType = sourcecode.c.objc; path = ChangePhoneNumViewController.m; sourceTree = "<group>"; };
		84FBE8481DB7B1E80016C9AF /* AddAddressViewController.h */ = {isa = PBXFileReference; fileEncoding = 4; lastKnownFileType = sourcecode.c.h; path = AddAddressViewController.h; sourceTree = "<group>"; };
		84FBE8491DB7B1E80016C9AF /* AddAddressViewController.m */ = {isa = PBXFileReference; fileEncoding = 4; lastKnownFileType = sourcecode.c.objc; path = AddAddressViewController.m; sourceTree = "<group>"; };
		8CDEFBCFA054569A602B95F5 /* Pods-ST_Travel.release.xcconfig */ = {isa = PBXFileReference; includeInIndex = 1; lastKnownFileType = text.xcconfig; name = "Pods-ST_Travel.release.xcconfig"; path = "Pods/Target Support Files/Pods-ST_Travel/Pods-ST_Travel.release.xcconfig"; sourceTree = "<group>"; };
		A7A2B62D3C5383CC61730E93 /* Pods-ST_Travel.debug.xcconfig */ = {isa = PBXFileReference; includeInIndex = 1; lastKnownFileType = text.xcconfig; name = "Pods-ST_Travel.debug.xcconfig"; path = "Pods/Target Support Files/Pods-ST_Travel/Pods-ST_Travel.debug.xcconfig"; sourceTree = "<group>"; };
		C91F610A1D9F5408004FE75C /* PrefixHeader.pch */ = {isa = PBXFileReference; lastKnownFileType = sourcecode.c.h; path = PrefixHeader.pch; sourceTree = "<group>"; };
		C91F610B1D9F559C004FE75C /* QuartzCore.framework */ = {isa = PBXFileReference; lastKnownFileType = wrapper.framework; name = QuartzCore.framework; path = System/Library/Frameworks/QuartzCore.framework; sourceTree = SDKROOT; };
		C91F61151D9F754F004FE75C /* ST_Home.xcassets */ = {isa = PBXFileReference; lastKnownFileType = folder.assetcatalog; path = ST_Home.xcassets; sourceTree = "<group>"; };
		C91F61311D9F8B77004FE75C /* ST_TabBarController.h */ = {isa = PBXFileReference; fileEncoding = 4; lastKnownFileType = sourcecode.c.h; path = ST_TabBarController.h; sourceTree = "<group>"; };
		C91F61321D9F8B77004FE75C /* ST_TabBarController.m */ = {isa = PBXFileReference; fileEncoding = 4; lastKnownFileType = sourcecode.c.objc; path = ST_TabBarController.m; sourceTree = "<group>"; };
		C91F61351D9F8B94004FE75C /* ST_HomeViewController.h */ = {isa = PBXFileReference; fileEncoding = 4; lastKnownFileType = sourcecode.c.h; path = ST_HomeViewController.h; sourceTree = "<group>"; };
		C91F61361D9F8B94004FE75C /* ST_HomeViewController.m */ = {isa = PBXFileReference; fileEncoding = 4; lastKnownFileType = sourcecode.c.objc; path = ST_HomeViewController.m; sourceTree = "<group>"; };
		C91F61371D9F8B94004FE75C /* ST_HomeViewController.xib */ = {isa = PBXFileReference; fileEncoding = 4; lastKnownFileType = file.xib; path = ST_HomeViewController.xib; sourceTree = "<group>"; };
		C91F613F1D9F96CA004FE75C /* ST_MallViewController.h */ = {isa = PBXFileReference; fileEncoding = 4; lastKnownFileType = sourcecode.c.h; path = ST_MallViewController.h; sourceTree = "<group>"; };
		C91F61401D9F96CA004FE75C /* ST_MallViewController.m */ = {isa = PBXFileReference; fileEncoding = 4; lastKnownFileType = sourcecode.c.objc; path = ST_MallViewController.m; sourceTree = "<group>"; };
		C91F61411D9F96CA004FE75C /* ST_MallViewController.xib */ = {isa = PBXFileReference; fileEncoding = 4; lastKnownFileType = file.xib; path = ST_MallViewController.xib; sourceTree = "<group>"; };
		C91F61511D9F96CA004FE75C /* ST_SquareViewController.h */ = {isa = PBXFileReference; fileEncoding = 4; lastKnownFileType = sourcecode.c.h; path = ST_SquareViewController.h; sourceTree = "<group>"; };
		C91F61521D9F96CA004FE75C /* ST_SquareViewController.m */ = {isa = PBXFileReference; fileEncoding = 4; lastKnownFileType = sourcecode.c.objc; path = ST_SquareViewController.m; sourceTree = "<group>"; };
		C91F61531D9F96CA004FE75C /* ST_SquareViewController.xib */ = {isa = PBXFileReference; fileEncoding = 4; lastKnownFileType = file.xib; path = ST_SquareViewController.xib; sourceTree = "<group>"; };
		C9C0E94C1D9948F100575A7C /* ST_Travel.app */ = {isa = PBXFileReference; explicitFileType = wrapper.application; includeInIndex = 0; path = ST_Travel.app; sourceTree = BUILT_PRODUCTS_DIR; };
		C9C0E9501D9948F100575A7C /* main.m */ = {isa = PBXFileReference; lastKnownFileType = sourcecode.c.objc; path = main.m; sourceTree = "<group>"; };
		C9C0E9521D9948F100575A7C /* AppDelegate.h */ = {isa = PBXFileReference; lastKnownFileType = sourcecode.c.h; path = AppDelegate.h; sourceTree = "<group>"; };
		C9C0E9531D9948F100575A7C /* AppDelegate.m */ = {isa = PBXFileReference; lastKnownFileType = sourcecode.c.objc; path = AppDelegate.m; sourceTree = "<group>"; };
		C9C0E9551D9948F100575A7C /* ViewController.h */ = {isa = PBXFileReference; lastKnownFileType = sourcecode.c.h; path = ViewController.h; sourceTree = "<group>"; };
		C9C0E9561D9948F100575A7C /* ViewController.m */ = {isa = PBXFileReference; lastKnownFileType = sourcecode.c.objc; path = ViewController.m; sourceTree = "<group>"; };
		C9C0E9591D9948F100575A7C /* Base */ = {isa = PBXFileReference; lastKnownFileType = file.storyboard; name = Base; path = Base.lproj/Main.storyboard; sourceTree = "<group>"; };
		C9C0E95B1D9948F200575A7C /* Assets.xcassets */ = {isa = PBXFileReference; lastKnownFileType = folder.assetcatalog; path = Assets.xcassets; sourceTree = "<group>"; };
		C9C0E95E1D9948F200575A7C /* Base */ = {isa = PBXFileReference; lastKnownFileType = file.storyboard; name = Base; path = Base.lproj/LaunchScreen.storyboard; sourceTree = "<group>"; };
		C9C0E9601D9948F200575A7C /* Info.plist */ = {isa = PBXFileReference; lastKnownFileType = text.plist.xml; path = Info.plist; sourceTree = "<group>"; };
		C9C0E9651D9948F300575A7C /* ST_TravelTests.xctest */ = {isa = PBXFileReference; explicitFileType = wrapper.cfbundle; includeInIndex = 0; path = ST_TravelTests.xctest; sourceTree = BUILT_PRODUCTS_DIR; };
		C9C0E9691D9948F300575A7C /* ST_TravelTests.m */ = {isa = PBXFileReference; lastKnownFileType = sourcecode.c.objc; path = ST_TravelTests.m; sourceTree = "<group>"; };
		C9C0E96B1D9948F300575A7C /* Info.plist */ = {isa = PBXFileReference; lastKnownFileType = text.plist.xml; path = Info.plist; sourceTree = "<group>"; };
		C9C0E9701D9948F300575A7C /* ST_TravelUITests.xctest */ = {isa = PBXFileReference; explicitFileType = wrapper.cfbundle; includeInIndex = 0; path = ST_TravelUITests.xctest; sourceTree = BUILT_PRODUCTS_DIR; };
		C9C0E9741D9948F300575A7C /* ST_TravelUITests.m */ = {isa = PBXFileReference; lastKnownFileType = sourcecode.c.objc; path = ST_TravelUITests.m; sourceTree = "<group>"; };
		C9C0E9761D9948F300575A7C /* Info.plist */ = {isa = PBXFileReference; lastKnownFileType = text.plist.xml; path = Info.plist; sourceTree = "<group>"; };
/* End PBXFileReference section */

/* Begin PBXFrameworksBuildPhase section */
		C9C0E9491D9948F100575A7C /* Frameworks */ = {
			isa = PBXFrameworksBuildPhase;
			buildActionMask = 2147483647;
			files = (
				C91F610C1D9F559C004FE75C /* QuartzCore.framework in Frameworks */,
				B25926B0BFB80D1B90FB4793 /* libPods-ST_Travel.a in Frameworks */,
			);
			runOnlyForDeploymentPostprocessing = 0;
		};
		C9C0E9621D9948F300575A7C /* Frameworks */ = {
			isa = PBXFrameworksBuildPhase;
			buildActionMask = 2147483647;
			files = (
			);
			runOnlyForDeploymentPostprocessing = 0;
		};
		C9C0E96D1D9948F300575A7C /* Frameworks */ = {
			isa = PBXFrameworksBuildPhase;
			buildActionMask = 2147483647;
			files = (
			);
			runOnlyForDeploymentPostprocessing = 0;
		};
/* End PBXFrameworksBuildPhase section */

/* Begin PBXGroup section */
		04A976604EE4577D70DCD075 /* Frameworks */ = {
			isa = PBXGroup;
			children = (
				C91F610B1D9F559C004FE75C /* QuartzCore.framework */,
				0870AB83FAA0D30BD981EC9B /* libPods-ST_Travel.a */,
			);
			name = Frameworks;
			sourceTree = "<group>";
		};
		1D293B941DB4607D00ED2CBB /* Pooh */ = {
			isa = PBXGroup;
			children = (
				1D293BBE1DB4671700ED2CBB /* Utilities */,
				1D293B951DB4607D00ED2CBB /* Category */,
				1D293BA81DB4607D00ED2CBB /* Constants */,
				1D293BAF1DB4607D00ED2CBB /* PoohCommon.h */,
			);
			path = Pooh;
			sourceTree = "<group>";
		};
		1D293B951DB4607D00ED2CBB /* Category */ = {
			isa = PBXGroup;
			children = (
				1D293B961DB4607D00ED2CBB /* NSDate+PoohCategory.h */,
				1D293B971DB4607D00ED2CBB /* NSDate+PoohCategory.m */,
				1D293B981DB4607D00ED2CBB /* NSDateFormatter+PoohCategory.h */,
				1D293B991DB4607D00ED2CBB /* NSDateFormatter+PoohCategory.m */,
				1D293B9A1DB4607D00ED2CBB /* NSDictionary+PoohCommon.h */,
				1D293B9B1DB4607D00ED2CBB /* NSDictionary+PoohCommon.m */,
				1D293B9C1DB4607D00ED2CBB /* NSObject+PoohCommon.h */,
				1D293B9D1DB4607D00ED2CBB /* NSObject+PoohCommon.m */,
				1D293B9E1DB4607D00ED2CBB /* NSString+PoohCommon.h */,
				1D293B9F1DB4607D00ED2CBB /* NSString+PoohCommon.m */,
				1D293BA01DB4607D00ED2CBB /* UIColor+PoohCommon.h */,
				1D293BA11DB4607D00ED2CBB /* UIColor+PoohCommon.m */,
				1D293BA21DB4607D00ED2CBB /* UIImage+animatedGIF.h */,
				1D293BA31DB4607D00ED2CBB /* UIImage+animatedGIF.m */,
				1D293BA41DB4607D00ED2CBB /* UIImage+PoohCommon.h */,
				1D293BA51DB4607D00ED2CBB /* UIImage+PoohCommon.m */,
				1D293BA61DB4607D00ED2CBB /* UIViewExt.h */,
				1D293BA71DB4607D00ED2CBB /* UIViewExt.m */,
			);
			path = Category;
			sourceTree = "<group>";
		};
		1D293BA81DB4607D00ED2CBB /* Constants */ = {
			isa = PBXGroup;
			children = (
				1D293BAB1DB4607D00ED2CBB /* IConstants.h */,
				1D293BAC1DB4607D00ED2CBB /* IConstants.m */,
				1D293BAD1DB4607D00ED2CBB /* UIConstants.h */,
				1D293BAE1DB4607D00ED2CBB /* UIConstants.m */,
			);
			path = Constants;
			sourceTree = "<group>";
		};
		1D293BBE1DB4671700ED2CBB /* Utilities */ = {
			isa = PBXGroup;
			children = (
				1D293BCE1DB468C500ED2CBB /* PoohDDLogConfig.h */,
				1D293BCB1DB4680200ED2CBB /* DDFormatter.m */,
				1D293BCC1DB4680200ED2CBB /* DDFormatter.h */,
				1D293BC31DB4671700ED2CBB /* PoohDirector.h */,
				1D293BC41DB4671700ED2CBB /* PoohDirector.m */,
			);
			path = Utilities;
			sourceTree = "<group>";
		};
		3C95E04B1DB4BF0E00536704 /* Model */ = {
			isa = PBXGroup;
			children = (
			);
			path = Model;
			sourceTree = "<group>";
		};
		3C95E04C1DB4BF0E00536704 /* View */ = {
			isa = PBXGroup;
			children = (
				3C95E04D1DB4BF0E00536704 /* CustomViews */,
				3C95E04E1DB4BF0E00536704 /* TableViewCell */,
			);
			path = View;
			sourceTree = "<group>";
		};
		3C95E04D1DB4BF0E00536704 /* CustomViews */ = {
			isa = PBXGroup;
			children = (
				3C95E0521DB4BF5900536704 /* ZJMSearchBar.h */,
				3C95E0531DB4BF5900536704 /* ZJMSearchBar.m */,
				3C95E0551DB4C38100536704 /* ZJScrollPageView */,
			);
			path = CustomViews;
			sourceTree = "<group>";
		};
		3C95E04E1DB4BF0E00536704 /* TableViewCell */ = {
			isa = PBXGroup;
			children = (
			);
			path = TableViewCell;
			sourceTree = "<group>";
		};
		3C95E0551DB4C38100536704 /* ZJScrollPageView */ = {
			isa = PBXGroup;
			children = (
				3C95E0561DB4C38100536704 /* UIView+ZJFrame.h */,
				3C95E0571DB4C38100536704 /* UIView+ZJFrame.m */,
				3C95E0581DB4C38100536704 /* ZJContentView.h */,
				3C95E0591DB4C38100536704 /* ZJContentView.m */,
				3C95E05A1DB4C38100536704 /* ZJCustomLabel.h */,
				3C95E05B1DB4C38100536704 /* ZJCustomLabel.m */,
				3C95E05C1DB4C38100536704 /* ZJScrollPageView.h */,
				3C95E05D1DB4C38100536704 /* ZJScrollPageView.m */,
				3C95E05E1DB4C38100536704 /* ZJScrollSegmentView.h */,
				3C95E05F1DB4C38100536704 /* ZJScrollSegmentView.m */,
				3C95E0601DB4C38100536704 /* ZJSegmentStyle.h */,
				3C95E0611DB4C38100536704 /* ZJSegmentStyle.m */,
			);
			path = ZJScrollPageView;
			sourceTree = "<group>";
		};
		84E9C5251DB5EC4900F70C79 /* BaseView */ = {
			isa = PBXGroup;
			children = (
				84E9C5261DB5EC4900F70C79 /* MineHeaderView.h */,
				84E9C5271DB5EC4900F70C79 /* MineHeaderView.m */,
				84E9C5281DB5EC4900F70C79 /* MineHeaderView.xib */,
				84E9C5291DB5EC4900F70C79 /* MineViewCell.h */,
				84E9C52A1DB5EC4900F70C79 /* MineViewCell.m */,
				84E9C52B1DB5EC4900F70C79 /* MineViewCell.xib */,
			);
			path = BaseView;
			sourceTree = "<group>";
		};
		84E9C52F1DB5EC4900F70C79 /* Downloaded */ = {
			isa = PBXGroup;
			children = (
			);
			path = Downloaded;
			sourceTree = "<group>";
		};
		84E9C5301DB5EC4900F70C79 /* Favorite */ = {
			isa = PBXGroup;
			children = (
				84E9C5311DB5EC4900F70C79 /* LBB_FavoriteViewController.h */,
				84E9C5321DB5EC4900F70C79 /* LBB_FavoriteViewController.m */,
			);
			path = Favorite;
			sourceTree = "<group>";
		};
		84E9C5331DB5EC4900F70C79 /* FightGroups */ = {
			isa = PBXGroup;
			children = (
				84E9C5341DB5EC4900F70C79 /* LBB_FightGroupViewController.h */,
				84E9C5351DB5EC4900F70C79 /* LBB_FightGroupViewController.m */,
			);
			path = FightGroups;
			sourceTree = "<group>";
		};
		84E9C5381DB5EC4900F70C79 /* MineResource */ = {
			isa = PBXGroup;
			children = (
				84E9C5391DB5EC4900F70C79 /* 19.pic.jpg */,
				84E9C53A1DB5EC4900F70C79 /* IMG_0848.JPG */,
				84E9C53B1DB5EC4900F70C79 /* IMG_0849.JPG */,
			);
			path = MineResource;
			sourceTree = "<group>";
		};
		84E9C53F1DB5EC4900F70C79 /* Order */ = {
			isa = PBXGroup;
			children = (
			);
			path = Order;
			sourceTree = "<group>";
		};
		84E9C5401DB5EC4900F70C79 /* PersonalCenter */ = {
			isa = PBXGroup;
			children = (
				84E9C5411DB5EC4900F70C79 /* BaseView */,
				84E9C5451DB5EC4900F70C79 /* LBB_UserNameViewController.h */,
				84E9C5461DB5EC4900F70C79 /* LBB_UserNameViewController.m */,
				84E9C5471DB5EC4900F70C79 /* PersonalCenterViewController.h */,
				84E9C5481DB5EC4900F70C79 /* PersonalCenterViewController.m */,
				84B25B151DB7966E002EDA7F /* ReceiptAddressViewController.h */,
				84B25B161DB7966E002EDA7F /* ReceiptAddressViewController.m */,
				84FBE8481DB7B1E80016C9AF /* AddAddressViewController.h */,
				84FBE8491DB7B1E80016C9AF /* AddAddressViewController.m */,
				84EADCD21DB8EDD5003C8F0F /* ChangePhoneNumViewController.h */,
				84EADCD31DB8EDD5003C8F0F /* ChangePhoneNumViewController.m */,
			);
			path = PersonalCenter;
			sourceTree = "<group>";
		};
		84E9C5411DB5EC4900F70C79 /* BaseView */ = {
			isa = PBXGroup;
			children = (
				84E9C5421DB5EC4900F70C79 /* PersonalInfoCell.h */,
				84E9C5431DB5EC4900F70C79 /* PersonalInfoCell.m */,
				84E9C5441DB5EC4900F70C79 /* PersonalInfoCell.xib */,
				84B25B1B1DB797D2002EDA7F /* ReceiptAddressViewCell.h */,
				84B25B1C1DB797D2002EDA7F /* ReceiptAddressViewCell.m */,
				84B25B1D1DB797D2002EDA7F /* ReceiptAddressViewCell.xib */,
			);
			path = BaseView;
			sourceTree = "<group>";
		};
		84E9C5491DB5EC4900F70C79 /* Route */ = {
			isa = PBXGroup;
			children = (
				84E9C54A1DB5EC4900F70C79 /* LBB_RouteViewController.h */,
				84E9C54B1DB5EC4900F70C79 /* LBB_RouteViewController.m */,
			);
			path = Route;
			sourceTree = "<group>";
		};
		84E9C54C1DB5EC4900F70C79 /* Setting */ = {
			isa = PBXGroup;
			children = (
				84E9C54D1DB5EC4900F70C79 /* BaseView */,
				84E9C5531DB5EC4900F70C79 /* SettingPrivaceViewController.h */,
				84E9C5541DB5EC4900F70C79 /* SettingPrivaceViewController.m */,
				84E9C5551DB5EC4900F70C79 /* SettingPushViewController.h */,
				84E9C5561DB5EC4900F70C79 /* SettingPushViewController.m */,
				84E9C5571DB5EC4900F70C79 /* SettingViewController.h */,
				84E9C5581DB5EC4900F70C79 /* SettingViewController.m */,
			);
			path = Setting;
			sourceTree = "<group>";
		};
		84E9C54D1DB5EC4900F70C79 /* BaseView */ = {
			isa = PBXGroup;
			children = (
				84E9C54E1DB5EC4900F70C79 /* SetingSwitchBaseViewController.h */,
				84E9C54F1DB5EC4900F70C79 /* SetingSwitchBaseViewController.m */,
				84E9C5501DB5EC4900F70C79 /* SwitchViewCell.h */,
				84E9C5511DB5EC4900F70C79 /* SwitchViewCell.m */,
				84E9C5521DB5EC4900F70C79 /* SwitchViewCell.xib */,
			);
			path = BaseView;
			sourceTree = "<group>";
		};
		84E9C5591DB5EC4900F70C79 /* Tickets */ = {
			isa = PBXGroup;
			children = (
				84E9C55A1DB5EC4900F70C79 /* BaseView */,
				84E9C5611DB5EC4900F70C79 /* TicketViewController.h */,
				84E9C5621DB5EC4900F70C79 /* TicketViewController.m */,
			);
			path = Tickets;
			sourceTree = "<group>";
		};
		84E9C55A1DB5EC4900F70C79 /* BaseView */ = {
			isa = PBXGroup;
			children = (
				84E9C55B1DB5EC4900F70C79 /* TicketDetailViewCell.h */,
				84E9C55C1DB5EC4900F70C79 /* TicketDetailViewCell.m */,
				84E9C55D1DB5EC4900F70C79 /* TicketDetailViewCell.xib */,
				84E9C55E1DB5EC4900F70C79 /* TicketViewCell.h */,
				84E9C55F1DB5EC4900F70C79 /* TicketViewCell.m */,
				84E9C5601DB5EC4900F70C79 /* TicketViewCell.xib */,
			);
			path = BaseView;
			sourceTree = "<group>";
		};
		84E9C5631DB5EC4900F70C79 /* Travels */ = {
			isa = PBXGroup;
			children = (
			);
			path = Travels;
			sourceTree = "<group>";
		};
		84E9C5681DB5EC4900F70C79 /* Wallet */ = {
			isa = PBXGroup;
			children = (
				84E9C5691DB5EC4900F70C79 /* AddCardViewController.h */,
				84E9C56A1DB5EC4900F70C79 /* AddCardViewController.m */,
				84E9C56B1DB5EC4900F70C79 /* BalanceDetailViewController.h */,
				84E9C56C1DB5EC4900F70C79 /* BalanceDetailViewController.m */,
				84E9C56D1DB5EC4900F70C79 /* BalanceExtractViewController.h */,
				84E9C56E1DB5EC4900F70C79 /* BalanceExtractViewController.m */,
				84E9C56F1DB5EC4900F70C79 /* BalanceViewController.h */,
				84E9C5701DB5EC4900F70C79 /* BalanceViewController.m */,
				84E9C5711DB5EC4900F70C79 /* BaseView */,
				84E9C57B1DB5EC4900F70C79 /* CardDetailViewController.h */,
				84E9C57C1DB5EC4900F70C79 /* CardDetailViewController.m */,
				84E9C57D1DB5EC4900F70C79 /* CardViewController.h */,
				84E9C57E1DB5EC4900F70C79 /* CardViewController.m */,
				84E9C57F1DB5EC4900F70C79 /* ConvertiblePointsViewController.h */,
				84E9C5801DB5EC4900F70C79 /* ConvertiblePointsViewController.m */,
				84E9C5811DB5EC4900F70C79 /* PointsViewController.h */,
				84E9C5821DB5EC4900F70C79 /* PointsViewController.m */,
				84E9C5831DB5EC4900F70C79 /* WalletViewController.h */,
				84E9C5841DB5EC4900F70C79 /* WalletViewController.m */,
				841406651DB7583400A1D904 /* VerificationViewController.h */,
				841406661DB7583400A1D904 /* VerificationViewController.m */,
				841406681DB75D8000A1D904 /* ExtractDetailViewController.h */,
				841406691DB75D8000A1D904 /* ExtractDetailViewController.m */,
			);
			path = Wallet;
			sourceTree = "<group>";
		};
		84E9C5711DB5EC4900F70C79 /* BaseView */ = {
			isa = PBXGroup;
			children = (
				84E9C5721DB5EC4900F70C79 /* BalanceDetailViewCell.h */,
				84E9C5731DB5EC4900F70C79 /* BalanceDetailViewCell.m */,
				84E9C5741DB5EC4900F70C79 /* BalanceDetailViewCell.xib */,
				84E9C5751DB5EC4900F70C79 /* CardViewCell.h */,
				84E9C5761DB5EC4900F70C79 /* CardViewCell.m */,
				84E9C5771DB5EC4900F70C79 /* CardViewCell.xib */,
				84E9C5781DB5EC4900F70C79 /* WalletViewCell.h */,
				84E9C5791DB5EC4900F70C79 /* WalletViewCell.m */,
				84E9C57A1DB5EC4900F70C79 /* WalletViewCell.xib */,
			);
			path = BaseView;
			sourceTree = "<group>";
		};
		84E9C5B41DB5EE0E00F70C79 /* CommonFun */ = {
			isa = PBXGroup;
			children = (
				84E9C5BA1DB5EEAA00F70C79 /* CommonMacro.h */,
				84E9C5B61DB5EE0E00F70C79 /* Utils */,
			);
			path = CommonFun;
			sourceTree = "<group>";
		};
		84E9C5B61DB5EE0E00F70C79 /* Utils */ = {
			isa = PBXGroup;
			children = (
				84E9C5B71DB5EE0E00F70C79 /* CommonFunc.h */,
				84E9C5B81DB5EE0E00F70C79 /* CommonFunc.m */,
			);
			path = Utils;
			sourceTree = "<group>";
		};
		84E9C5BB1DB5F05A00F70C79 /* CusmtomPickerView */ = {
			isa = PBXGroup;
			children = (
				84E9C5BC1DB5F05A00F70C79 /* AddressPickerView */,
			);
			path = CusmtomPickerView;
			sourceTree = "<group>";
		};
		84E9C5BC1DB5F05A00F70C79 /* AddressPickerView */ = {
			isa = PBXGroup;
			children = (
				84E9C5BD1DB5F05A00F70C79 /* address.json */,
				84E9C5BE1DB5F05A00F70C79 /* LBB_AddressPickerView.h */,
				84E9C5BF1DB5F05A00F70C79 /* LBB_AddressPickerView.m */,
				84E9C5C01DB5F05A00F70C79 /* LBB_AddressPickerView.xib */,
			);
			path = AddressPickerView;
			sourceTree = "<group>";
		};
		C91F612C1D9F8B77004FE75C /* ST_Home */ = {
			isa = PBXGroup;
			children = (
				C91F612D1D9F8B77004FE75C /* ChildController */,
				C91F612E1D9F8B77004FE75C /* Model */,
				C91F612F1D9F8B77004FE75C /* View */,
				C91F61301D9F8B77004FE75C /* ViewController */,
				C91F61331D9F8B77004FE75C /* ViewModel */,
			);
			path = ST_Home;
			sourceTree = "<group>";
		};
		C91F612D1D9F8B77004FE75C /* ChildController */ = {
			isa = PBXGroup;
			children = (
			);
			path = ChildController;
			sourceTree = "<group>";
		};
		C91F612E1D9F8B77004FE75C /* Model */ = {
			isa = PBXGroup;
			children = (
			);
			path = Model;
			sourceTree = "<group>";
		};
		C91F612F1D9F8B77004FE75C /* View */ = {
			isa = PBXGroup;
			children = (
			);
			path = View;
			sourceTree = "<group>";
		};
		C91F61301D9F8B77004FE75C /* ViewController */ = {
			isa = PBXGroup;
			children = (
				C91F61311D9F8B77004FE75C /* ST_TabBarController.h */,
				C91F61321D9F8B77004FE75C /* ST_TabBarController.m */,
				C91F61351D9F8B94004FE75C /* ST_HomeViewController.h */,
				C91F61361D9F8B94004FE75C /* ST_HomeViewController.m */,
				C91F61371D9F8B94004FE75C /* ST_HomeViewController.xib */,
				1D293B691DB45E6D00ED2CBB /* PoohBaseViewController.h */,
				1D293B6A1DB45E6D00ED2CBB /* PoohBaseViewController.m */,
			);
			path = ViewController;
			sourceTree = "<group>";
		};
		C91F61331D9F8B77004FE75C /* ViewModel */ = {
			isa = PBXGroup;
			children = (
			);
			path = ViewModel;
			sourceTree = "<group>";
		};
		C91F613A1D9F96CA004FE75C /* ST_Mall */ = {
			isa = PBXGroup;
			children = (
				C91F613B1D9F96CA004FE75C /* ChildController */,
				C91F613C1D9F96CA004FE75C /* Model */,
				C91F613D1D9F96CA004FE75C /* View */,
				C91F613E1D9F96CA004FE75C /* ViewController */,
				C91F61421D9F96CA004FE75C /* ViewModel */,
			);
			path = ST_Mall;
			sourceTree = "<group>";
		};
		C91F613B1D9F96CA004FE75C /* ChildController */ = {
			isa = PBXGroup;
			children = (
			);
			path = ChildController;
			sourceTree = "<group>";
		};
		C91F613C1D9F96CA004FE75C /* Model */ = {
			isa = PBXGroup;
			children = (
			);
			path = Model;
			sourceTree = "<group>";
		};
		C91F613D1D9F96CA004FE75C /* View */ = {
			isa = PBXGroup;
			children = (
			);
			path = View;
			sourceTree = "<group>";
		};
		C91F613E1D9F96CA004FE75C /* ViewController */ = {
			isa = PBXGroup;
			children = (
				C91F613F1D9F96CA004FE75C /* ST_MallViewController.h */,
				C91F61401D9F96CA004FE75C /* ST_MallViewController.m */,
				C91F61411D9F96CA004FE75C /* ST_MallViewController.xib */,
			);
			path = ViewController;
			sourceTree = "<group>";
		};
		C91F61421D9F96CA004FE75C /* ViewModel */ = {
			isa = PBXGroup;
			children = (
			);
			path = ViewModel;
			sourceTree = "<group>";
		};
		C91F61431D9F96CA004FE75C /* ST_My */ = {
			isa = PBXGroup;
			children = (
				84E9C5BB1DB5F05A00F70C79 /* CusmtomPickerView */,
				84E9C5B41DB5EE0E00F70C79 /* CommonFun */,
				84E9C5251DB5EC4900F70C79 /* BaseView */,
				84E9C52F1DB5EC4900F70C79 /* Downloaded */,
				84E9C5301DB5EC4900F70C79 /* Favorite */,
				84E9C5331DB5EC4900F70C79 /* FightGroups */,
				84E9C5361DB5EC4900F70C79 /* MineBaseViewController.h */,
				84E9C5371DB5EC4900F70C79 /* MineBaseViewController.m */,
				84E9C5381DB5EC4900F70C79 /* MineResource */,
				84E9C53C1DB5EC4900F70C79 /* MineStoryboard.storyboard */,
				84E9C53D1DB5EC4900F70C79 /* MineViewController.h */,
				84E9C53E1DB5EC4900F70C79 /* MineViewController.m */,
				84E9C53F1DB5EC4900F70C79 /* Order */,
				84E9C5401DB5EC4900F70C79 /* PersonalCenter */,
				84E9C5491DB5EC4900F70C79 /* Route */,
				84E9C54C1DB5EC4900F70C79 /* Setting */,
				84E9C5591DB5EC4900F70C79 /* Tickets */,
				84E9C5631DB5EC4900F70C79 /* Travels */,
				84E9C5681DB5EC4900F70C79 /* Wallet */,
			);
			path = ST_My;
			sourceTree = "<group>";
		};
		C91F614C1D9F96CA004FE75C /* ST_Square */ = {
			isa = PBXGroup;
			children = (
				3C95E04B1DB4BF0E00536704 /* Model */,
				3C95E04C1DB4BF0E00536704 /* View */,
				C91F61501D9F96CA004FE75C /* ViewController */,
			);
			path = ST_Square;
			sourceTree = "<group>";
		};
		C91F61501D9F96CA004FE75C /* ViewController */ = {
			isa = PBXGroup;
			children = (
				C91F61511D9F96CA004FE75C /* ST_SquareViewController.h */,
				C91F61521D9F96CA004FE75C /* ST_SquareViewController.m */,
				C91F61531D9F96CA004FE75C /* ST_SquareViewController.xib */,
			);
			path = ViewController;
			sourceTree = "<group>";
		};
		C9C0E9431D9948F100575A7C = {
			isa = PBXGroup;
			children = (
				C9C0E9931D99687100575A7C /* CommonFiles_ST */,
				C9C0E94E1D9948F100575A7C /* ST_Travel */,
				C9C0E9681D9948F300575A7C /* ST_TravelTests */,
				C9C0E9731D9948F300575A7C /* ST_TravelUITests */,
				C9C0E94D1D9948F100575A7C /* Products */,
				D3532ED2F67E8AB375961CED /* Pods */,
				04A976604EE4577D70DCD075 /* Frameworks */,
			);
			sourceTree = "<group>";
		};
		C9C0E94D1D9948F100575A7C /* Products */ = {
			isa = PBXGroup;
			children = (
				C9C0E94C1D9948F100575A7C /* ST_Travel.app */,
				C9C0E9651D9948F300575A7C /* ST_TravelTests.xctest */,
				C9C0E9701D9948F300575A7C /* ST_TravelUITests.xctest */,
			);
			name = Products;
			sourceTree = "<group>";
		};
		C9C0E94E1D9948F100575A7C /* ST_Travel */ = {
			isa = PBXGroup;
			children = (
				C9C0E9521D9948F100575A7C /* AppDelegate.h */,
				C9C0E9531D9948F100575A7C /* AppDelegate.m */,
				C9C0E9551D9948F100575A7C /* ViewController.h */,
				C9C0E9561D9948F100575A7C /* ViewController.m */,
				C9C0E9581D9948F100575A7C /* Main.storyboard */,
				C9C0E95B1D9948F200575A7C /* Assets.xcassets */,
				C9C0E95D1D9948F200575A7C /* LaunchScreen.storyboard */,
				C9C0E9601D9948F200575A7C /* Info.plist */,
				C9C0E94F1D9948F100575A7C /* Supporting Files */,
				C91F610A1D9F5408004FE75C /* PrefixHeader.pch */,
			);
			path = ST_Travel;
			sourceTree = "<group>";
		};
		C9C0E94F1D9948F100575A7C /* Supporting Files */ = {
			isa = PBXGroup;
			children = (
				C9C0E9501D9948F100575A7C /* main.m */,
			);
			name = "Supporting Files";
			sourceTree = "<group>";
		};
		C9C0E9681D9948F300575A7C /* ST_TravelTests */ = {
			isa = PBXGroup;
			children = (
				C9C0E9691D9948F300575A7C /* ST_TravelTests.m */,
				C9C0E96B1D9948F300575A7C /* Info.plist */,
			);
			path = ST_TravelTests;
			sourceTree = "<group>";
		};
		C9C0E9731D9948F300575A7C /* ST_TravelUITests */ = {
			isa = PBXGroup;
			children = (
				C9C0E9741D9948F300575A7C /* ST_TravelUITests.m */,
				C9C0E9761D9948F300575A7C /* Info.plist */,
			);
			path = ST_TravelUITests;
			sourceTree = "<group>";
		};
		C9C0E9931D99687100575A7C /* CommonFiles_ST */ = {
			isa = PBXGroup;
			children = (
				C9C0E9941D99687100575A7C /* Controller */,
				C9C0E9A61D99687100575A7C /* controls */,
				C9C0E9A71D99687100575A7C /* DBModel */,
				C9C0E9A81D99687100575A7C /* Images */,
				C9C0E9A91D99687100575A7C /* Public */,
			);
			path = CommonFiles_ST;
			sourceTree = "<group>";
		};
		C9C0E9941D99687100575A7C /* Controller */ = {
			isa = PBXGroup;
			children = (
				C91F613A1D9F96CA004FE75C /* ST_Mall */,
				C91F61431D9F96CA004FE75C /* ST_My */,
				C91F614C1D9F96CA004FE75C /* ST_Square */,
				C91F612C1D9F8B77004FE75C /* ST_Home */,
			);
			path = Controller;
			sourceTree = "<group>";
		};
		C9C0E9A61D99687100575A7C /* controls */ = {
			isa = PBXGroup;
			children = (
			);
			path = controls;
			sourceTree = "<group>";
		};
		C9C0E9A71D99687100575A7C /* DBModel */ = {
			isa = PBXGroup;
			children = (
			);
			path = DBModel;
			sourceTree = "<group>";
		};
		C9C0E9A81D99687100575A7C /* Images */ = {
			isa = PBXGroup;
			children = (
				C91F61151D9F754F004FE75C /* ST_Home.xcassets */,
				1D293BCF1DB46BF700ED2CBB /* ST_Pooh.xcassets */,
			);
			path = Images;
			sourceTree = "<group>";
		};
		C9C0E9A91D99687100575A7C /* Public */ = {
			isa = PBXGroup;
			children = (
				1D293B941DB4607D00ED2CBB /* Pooh */,
			);
			path = Public;
			sourceTree = "<group>";
		};
		D3532ED2F67E8AB375961CED /* Pods */ = {
			isa = PBXGroup;
			children = (
				A7A2B62D3C5383CC61730E93 /* Pods-ST_Travel.debug.xcconfig */,
				8CDEFBCFA054569A602B95F5 /* Pods-ST_Travel.release.xcconfig */,
			);
			name = Pods;
			sourceTree = "<group>";
		};
/* End PBXGroup section */

/* Begin PBXNativeTarget section */
		C9C0E94B1D9948F100575A7C /* ST_Travel */ = {
			isa = PBXNativeTarget;
			buildConfigurationList = C9C0E9791D9948F300575A7C /* Build configuration list for PBXNativeTarget "ST_Travel" */;
			buildPhases = (
				24978B89B6E512F4D70FA91F /* [CP] Check Pods Manifest.lock */,
				C9C0E9481D9948F100575A7C /* Sources */,
				C9C0E9491D9948F100575A7C /* Frameworks */,
				C9C0E94A1D9948F100575A7C /* Resources */,
				6F84DF5BACCEA5F067419499 /* [CP] Embed Pods Frameworks */,
				C55BCC6C5AFCA4E367DED97D /* [CP] Copy Pods Resources */,
			);
			buildRules = (
			);
			dependencies = (
			);
			name = ST_Travel;
			productName = ST_Travel;
			productReference = C9C0E94C1D9948F100575A7C /* ST_Travel.app */;
			productType = "com.apple.product-type.application";
		};
		C9C0E9641D9948F300575A7C /* ST_TravelTests */ = {
			isa = PBXNativeTarget;
			buildConfigurationList = C9C0E97C1D9948F300575A7C /* Build configuration list for PBXNativeTarget "ST_TravelTests" */;
			buildPhases = (
				C9C0E9611D9948F300575A7C /* Sources */,
				C9C0E9621D9948F300575A7C /* Frameworks */,
				C9C0E9631D9948F300575A7C /* Resources */,
			);
			buildRules = (
			);
			dependencies = (
				C9C0E9671D9948F300575A7C /* PBXTargetDependency */,
			);
			name = ST_TravelTests;
			productName = ST_TravelTests;
			productReference = C9C0E9651D9948F300575A7C /* ST_TravelTests.xctest */;
			productType = "com.apple.product-type.bundle.unit-test";
		};
		C9C0E96F1D9948F300575A7C /* ST_TravelUITests */ = {
			isa = PBXNativeTarget;
			buildConfigurationList = C9C0E97F1D9948F300575A7C /* Build configuration list for PBXNativeTarget "ST_TravelUITests" */;
			buildPhases = (
				C9C0E96C1D9948F300575A7C /* Sources */,
				C9C0E96D1D9948F300575A7C /* Frameworks */,
				C9C0E96E1D9948F300575A7C /* Resources */,
			);
			buildRules = (
			);
			dependencies = (
				C9C0E9721D9948F300575A7C /* PBXTargetDependency */,
			);
			name = ST_TravelUITests;
			productName = ST_TravelUITests;
			productReference = C9C0E9701D9948F300575A7C /* ST_TravelUITests.xctest */;
			productType = "com.apple.product-type.bundle.ui-testing";
		};
/* End PBXNativeTarget section */

/* Begin PBXProject section */
		C9C0E9441D9948F100575A7C /* Project object */ = {
			isa = PBXProject;
			attributes = {
				LastUpgradeCheck = 0800;
				ORGANIZATIONNAME = GL_RunMan;
				TargetAttributes = {
					C9C0E94B1D9948F100575A7C = {
						CreatedOnToolsVersion = 8.0;
						DevelopmentTeam = 2V3T4T4V4S;
						ProvisioningStyle = Automatic;
					};
					C9C0E9641D9948F300575A7C = {
						CreatedOnToolsVersion = 8.0;
						ProvisioningStyle = Automatic;
						TestTargetID = C9C0E94B1D9948F100575A7C;
					};
					C9C0E96F1D9948F300575A7C = {
						CreatedOnToolsVersion = 8.0;
						ProvisioningStyle = Automatic;
						TestTargetID = C9C0E94B1D9948F100575A7C;
					};
				};
			};
			buildConfigurationList = C9C0E9471D9948F100575A7C /* Build configuration list for PBXProject "ST_Travel" */;
			compatibilityVersion = "Xcode 3.2";
			developmentRegion = English;
			hasScannedForEncodings = 0;
			knownRegions = (
				en,
				Base,
			);
			mainGroup = C9C0E9431D9948F100575A7C;
			productRefGroup = C9C0E94D1D9948F100575A7C /* Products */;
			projectDirPath = "";
			projectRoot = "";
			targets = (
				C9C0E94B1D9948F100575A7C /* ST_Travel */,
				C9C0E9641D9948F300575A7C /* ST_TravelTests */,
				C9C0E96F1D9948F300575A7C /* ST_TravelUITests */,
			);
		};
/* End PBXProject section */

/* Begin PBXResourcesBuildPhase section */
		C9C0E94A1D9948F100575A7C /* Resources */ = {
			isa = PBXResourcesBuildPhase;
			buildActionMask = 2147483647;
			files = (
				84E9C5AE1DB5EC4900F70C79 /* WalletViewCell.xib in Resources */,
				84E9C5AC1DB5EC4900F70C79 /* CardViewCell.xib in Resources */,
				C9C0E95F1D9948F200575A7C /* LaunchScreen.storyboard in Resources */,
				84E9C58E1DB5EC4900F70C79 /* 19.pic.jpg in Resources */,
				C91F61561D9F96CA004FE75C /* ST_MallViewController.xib in Resources */,
				84E9C5AA1DB5EC4900F70C79 /* BalanceDetailViewCell.xib in Resources */,
				1D293BD01DB46BF700ED2CBB /* ST_Pooh.xcassets in Resources */,
				84E9C5881DB5EC4900F70C79 /* MineViewCell.xib in Resources */,
				84E9C59F1DB5EC4900F70C79 /* TicketDetailViewCell.xib in Resources */,
				84E9C5941DB5EC4900F70C79 /* PersonalInfoCell.xib in Resources */,
				84E9C5C11DB5F05A00F70C79 /* address.json in Resources */,
				84E9C5A11DB5EC4900F70C79 /* TicketViewCell.xib in Resources */,
				C9C0E95C1D9948F200575A7C /* Assets.xcassets in Resources */,
				C91F615A1D9F96CA004FE75C /* ST_SquareViewController.xib in Resources */,
				C9C0E95A1D9948F100575A7C /* Main.storyboard in Resources */,
				84E9C5911DB5EC4900F70C79 /* MineStoryboard.storyboard in Resources */,
				84B25B1F1DB797D2002EDA7F /* ReceiptAddressViewCell.xib in Resources */,
				84E9C5861DB5EC4900F70C79 /* MineHeaderView.xib in Resources */,
				84E9C58F1DB5EC4900F70C79 /* IMG_0848.JPG in Resources */,
				C91F61391D9F8B94004FE75C /* ST_HomeViewController.xib in Resources */,
				84E9C59A1DB5EC4900F70C79 /* SwitchViewCell.xib in Resources */,
				84E9C5C31DB5F05A00F70C79 /* LBB_AddressPickerView.xib in Resources */,
				84E9C5901DB5EC4900F70C79 /* IMG_0849.JPG in Resources */,
				C91F61161D9F754F004FE75C /* ST_Home.xcassets in Resources */,
			);
			runOnlyForDeploymentPostprocessing = 0;
		};
		C9C0E9631D9948F300575A7C /* Resources */ = {
			isa = PBXResourcesBuildPhase;
			buildActionMask = 2147483647;
			files = (
			);
			runOnlyForDeploymentPostprocessing = 0;
		};
		C9C0E96E1D9948F300575A7C /* Resources */ = {
			isa = PBXResourcesBuildPhase;
			buildActionMask = 2147483647;
			files = (
			);
			runOnlyForDeploymentPostprocessing = 0;
		};
/* End PBXResourcesBuildPhase section */

/* Begin PBXShellScriptBuildPhase section */
		24978B89B6E512F4D70FA91F /* [CP] Check Pods Manifest.lock */ = {
			isa = PBXShellScriptBuildPhase;
			buildActionMask = 2147483647;
			files = (
			);
			inputPaths = (
			);
			name = "[CP] Check Pods Manifest.lock";
			outputPaths = (
			);
			runOnlyForDeploymentPostprocessing = 0;
			shellPath = /bin/sh;
			shellScript = "diff \"${PODS_ROOT}/../Podfile.lock\" \"${PODS_ROOT}/Manifest.lock\" > /dev/null\nif [[ $? != 0 ]] ; then\n    cat << EOM\nerror: The sandbox is not in sync with the Podfile.lock. Run 'pod install' or update your CocoaPods installation.\nEOM\n    exit 1\nfi\n";
			showEnvVarsInLog = 0;
		};
		6F84DF5BACCEA5F067419499 /* [CP] Embed Pods Frameworks */ = {
			isa = PBXShellScriptBuildPhase;
			buildActionMask = 2147483647;
			files = (
			);
			inputPaths = (
			);
			name = "[CP] Embed Pods Frameworks";
			outputPaths = (
			);
			runOnlyForDeploymentPostprocessing = 0;
			shellPath = /bin/sh;
			shellScript = "\"${SRCROOT}/Pods/Target Support Files/Pods-ST_Travel/Pods-ST_Travel-frameworks.sh\"\n";
			showEnvVarsInLog = 0;
		};
		C55BCC6C5AFCA4E367DED97D /* [CP] Copy Pods Resources */ = {
			isa = PBXShellScriptBuildPhase;
			buildActionMask = 2147483647;
			files = (
			);
			inputPaths = (
			);
			name = "[CP] Copy Pods Resources";
			outputPaths = (
			);
			runOnlyForDeploymentPostprocessing = 0;
			shellPath = /bin/sh;
			shellScript = "\"${SRCROOT}/Pods/Target Support Files/Pods-ST_Travel/Pods-ST_Travel-resources.sh\"\n";
			showEnvVarsInLog = 0;
		};
/* End PBXShellScriptBuildPhase section */

/* Begin PBXSourcesBuildPhase section */
		C9C0E9481D9948F100575A7C /* Sources */ = {
			isa = PBXSourcesBuildPhase;
			buildActionMask = 2147483647;
			files = (
				84E9C58D1DB5EC4900F70C79 /* MineBaseViewController.m in Sources */,
				8414066A1DB75D8000A1D904 /* ExtractDetailViewController.m in Sources */,
				84E9C5A51DB5EC4900F70C79 /* AddCardViewController.m in Sources */,
				1D293BC91DB4671700ED2CBB /* PoohDirector.m in Sources */,
				84E9C5A01DB5EC4900F70C79 /* TicketViewCell.m in Sources */,
				C9C0E9571D9948F100575A7C /* ViewController.m in Sources */,
				84E9C5961DB5EC4900F70C79 /* PersonalCenterViewController.m in Sources */,
				84E9C5AB1DB5EC4900F70C79 /* CardViewCell.m in Sources */,
				1D293BBA1DB4607D00ED2CBB /* IConstants.m in Sources */,
				3C95E0631DB4C38100536704 /* ZJContentView.m in Sources */,
				84E9C5B31DB5EC4900F70C79 /* WalletViewController.m in Sources */,
				1D293BB71DB4607D00ED2CBB /* UIImage+PoohCommon.m in Sources */,
				84E9C58B1DB5EC4900F70C79 /* LBB_FavoriteViewController.m in Sources */,
				84E9C5A91DB5EC4900F70C79 /* BalanceDetailViewCell.m in Sources */,
				C91F61381D9F8B94004FE75C /* ST_HomeViewController.m in Sources */,
				84E9C5A21DB5EC4900F70C79 /* TicketViewController.m in Sources */,
				84E9C5851DB5EC4900F70C79 /* MineHeaderView.m in Sources */,
				84E9C5C21DB5F05A00F70C79 /* LBB_AddressPickerView.m in Sources */,
				1D293BB41DB4607D00ED2CBB /* NSString+PoohCommon.m in Sources */,
				1D293BB81DB4607D00ED2CBB /* UIViewExt.m in Sources */,
				841406671DB7583400A1D904 /* VerificationViewController.m in Sources */,
				1D293BB01DB4607D00ED2CBB /* NSDate+PoohCategory.m in Sources */,
				3C95E0661DB4C38100536704 /* ZJScrollSegmentView.m in Sources */,
				1D293BB11DB4607D00ED2CBB /* NSDateFormatter+PoohCategory.m in Sources */,
				1D293BCD1DB4680200ED2CBB /* DDFormatter.m in Sources */,
				3C95E0651DB4C38100536704 /* ZJScrollPageView.m in Sources */,
				84FBE84A1DB7B1E80016C9AF /* AddAddressViewController.m in Sources */,
				1D293BB61DB4607D00ED2CBB /* UIImage+animatedGIF.m in Sources */,
				C9C0E9541D9948F100575A7C /* AppDelegate.m in Sources */,
				1D293BBB1DB4607D00ED2CBB /* UIConstants.m in Sources */,
				1D293B6B1DB45E6D00ED2CBB /* PoohBaseViewController.m in Sources */,
				84E9C59E1DB5EC4900F70C79 /* TicketDetailViewCell.m in Sources */,
				84E9C5951DB5EC4900F70C79 /* LBB_UserNameViewController.m in Sources */,
				84B25B1E1DB797D2002EDA7F /* ReceiptAddressViewCell.m in Sources */,
				84E9C5B11DB5EC4900F70C79 /* ConvertiblePointsViewController.m in Sources */,
				84E9C5A81DB5EC4900F70C79 /* BalanceViewController.m in Sources */,
				84E9C5931DB5EC4900F70C79 /* PersonalInfoCell.m in Sources */,
				84E9C5A61DB5EC4900F70C79 /* BalanceDetailViewController.m in Sources */,
				84E9C5971DB5EC4900F70C79 /* LBB_RouteViewController.m in Sources */,
				3C95E0621DB4C38100536704 /* UIView+ZJFrame.m in Sources */,
				84E9C5991DB5EC4900F70C79 /* SwitchViewCell.m in Sources */,
				84E9C5981DB5EC4900F70C79 /* SetingSwitchBaseViewController.m in Sources */,
				84E9C59C1DB5EC4900F70C79 /* SettingPushViewController.m in Sources */,
				84E9C5B01DB5EC4900F70C79 /* CardViewController.m in Sources */,
				84E9C5921DB5EC4900F70C79 /* MineViewController.m in Sources */,
				84E9C5A71DB5EC4900F70C79 /* BalanceExtractViewController.m in Sources */,
				84E9C58C1DB5EC4900F70C79 /* LBB_FightGroupViewController.m in Sources */,
				84E9C5AF1DB5EC4900F70C79 /* CardDetailViewController.m in Sources */,
				84E9C5B21DB5EC4900F70C79 /* PointsViewController.m in Sources */,
				84B25B171DB7966E002EDA7F /* ReceiptAddressViewController.m in Sources */,
				84E9C59D1DB5EC4900F70C79 /* SettingViewController.m in Sources */,
				C9C0E9511D9948F100575A7C /* main.m in Sources */,
				1D293BB31DB4607D00ED2CBB /* NSObject+PoohCommon.m in Sources */,
				84E9C5B91DB5EE0E00F70C79 /* CommonFunc.m in Sources */,
				3C95E0671DB4C38100536704 /* ZJSegmentStyle.m in Sources */,
				1D293BB51DB4607D00ED2CBB /* UIColor+PoohCommon.m in Sources */,
				84E9C5AD1DB5EC4900F70C79 /* WalletViewCell.m in Sources */,
				1D293BB21DB4607D00ED2CBB /* NSDictionary+PoohCommon.m in Sources */,
				84EADCD41DB8EDD5003C8F0F /* ChangePhoneNumViewController.m in Sources */,
				3C95E0541DB4BF5900536704 /* ZJMSearchBar.m in Sources */,
				C91F61551D9F96CA004FE75C /* ST_MallViewController.m in Sources */,
				C91F61591D9F96CA004FE75C /* ST_SquareViewController.m in Sources */,
				84E9C5871DB5EC4900F70C79 /* MineViewCell.m in Sources */,
				3C95E0641DB4C38100536704 /* ZJCustomLabel.m in Sources */,
				84E9C59B1DB5EC4900F70C79 /* SettingPrivaceViewController.m in Sources */,
				C91F61341D9F8B77004FE75C /* ST_TabBarController.m in Sources */,
			);
			runOnlyForDeploymentPostprocessing = 0;
		};
		C9C0E9611D9948F300575A7C /* Sources */ = {
			isa = PBXSourcesBuildPhase;
			buildActionMask = 2147483647;
			files = (
				C9C0E96A1D9948F300575A7C /* ST_TravelTests.m in Sources */,
			);
			runOnlyForDeploymentPostprocessing = 0;
		};
		C9C0E96C1D9948F300575A7C /* Sources */ = {
			isa = PBXSourcesBuildPhase;
			buildActionMask = 2147483647;
			files = (
				C9C0E9751D9948F300575A7C /* ST_TravelUITests.m in Sources */,
			);
			runOnlyForDeploymentPostprocessing = 0;
		};
/* End PBXSourcesBuildPhase section */

/* Begin PBXTargetDependency section */
		C9C0E9671D9948F300575A7C /* PBXTargetDependency */ = {
			isa = PBXTargetDependency;
			target = C9C0E94B1D9948F100575A7C /* ST_Travel */;
			targetProxy = C9C0E9661D9948F300575A7C /* PBXContainerItemProxy */;
		};
		C9C0E9721D9948F300575A7C /* PBXTargetDependency */ = {
			isa = PBXTargetDependency;
			target = C9C0E94B1D9948F100575A7C /* ST_Travel */;
			targetProxy = C9C0E9711D9948F300575A7C /* PBXContainerItemProxy */;
		};
/* End PBXTargetDependency section */

/* Begin PBXVariantGroup section */
		C9C0E9581D9948F100575A7C /* Main.storyboard */ = {
			isa = PBXVariantGroup;
			children = (
				C9C0E9591D9948F100575A7C /* Base */,
			);
			name = Main.storyboard;
			sourceTree = "<group>";
		};
		C9C0E95D1D9948F200575A7C /* LaunchScreen.storyboard */ = {
			isa = PBXVariantGroup;
			children = (
				C9C0E95E1D9948F200575A7C /* Base */,
			);
			name = LaunchScreen.storyboard;
			sourceTree = "<group>";
		};
/* End PBXVariantGroup section */

/* Begin XCBuildConfiguration section */
		C9C0E9771D9948F300575A7C /* Debug */ = {
			isa = XCBuildConfiguration;
			buildSettings = {
				ALWAYS_SEARCH_USER_PATHS = NO;
				CLANG_ANALYZER_NONNULL = YES;
				CLANG_CXX_LANGUAGE_STANDARD = "gnu++0x";
				CLANG_CXX_LIBRARY = "libc++";
				CLANG_ENABLE_MODULES = YES;
				CLANG_ENABLE_OBJC_ARC = YES;
				CLANG_WARN_BOOL_CONVERSION = YES;
				CLANG_WARN_CONSTANT_CONVERSION = YES;
				CLANG_WARN_DIRECT_OBJC_ISA_USAGE = YES_ERROR;
				CLANG_WARN_DOCUMENTATION_COMMENTS = YES;
				CLANG_WARN_EMPTY_BODY = YES;
				CLANG_WARN_ENUM_CONVERSION = YES;
				CLANG_WARN_INFINITE_RECURSION = YES;
				CLANG_WARN_INT_CONVERSION = YES;
				CLANG_WARN_OBJC_ROOT_CLASS = YES_ERROR;
				CLANG_WARN_SUSPICIOUS_MOVES = YES;
				CLANG_WARN_UNREACHABLE_CODE = YES;
				CLANG_WARN__DUPLICATE_METHOD_MATCH = YES;
				"CODE_SIGN_IDENTITY[sdk=iphoneos*]" = "iPhone Developer";
				COPY_PHASE_STRIP = NO;
				DEBUG_INFORMATION_FORMAT = dwarf;
				ENABLE_STRICT_OBJC_MSGSEND = YES;
				ENABLE_TESTABILITY = YES;
				GCC_C_LANGUAGE_STANDARD = gnu99;
				GCC_DYNAMIC_NO_PIC = NO;
				GCC_NO_COMMON_BLOCKS = YES;
				GCC_OPTIMIZATION_LEVEL = 0;
				GCC_PREPROCESSOR_DEFINITIONS = (
					"DEBUG=1",
					"$(inherited)",
				);
				GCC_WARN_64_TO_32_BIT_CONVERSION = YES;
				GCC_WARN_ABOUT_RETURN_TYPE = YES_ERROR;
				GCC_WARN_UNDECLARED_SELECTOR = YES;
				GCC_WARN_UNINITIALIZED_AUTOS = YES_AGGRESSIVE;
				GCC_WARN_UNUSED_FUNCTION = YES;
				GCC_WARN_UNUSED_VARIABLE = YES;
				IPHONEOS_DEPLOYMENT_TARGET = 10.0;
				MTL_ENABLE_DEBUG_INFO = YES;
				ONLY_ACTIVE_ARCH = YES;
				SDKROOT = iphoneos;
			};
			name = Debug;
		};
		C9C0E9781D9948F300575A7C /* Release */ = {
			isa = XCBuildConfiguration;
			buildSettings = {
				ALWAYS_SEARCH_USER_PATHS = NO;
				CLANG_ANALYZER_NONNULL = YES;
				CLANG_CXX_LANGUAGE_STANDARD = "gnu++0x";
				CLANG_CXX_LIBRARY = "libc++";
				CLANG_ENABLE_MODULES = YES;
				CLANG_ENABLE_OBJC_ARC = YES;
				CLANG_WARN_BOOL_CONVERSION = YES;
				CLANG_WARN_CONSTANT_CONVERSION = YES;
				CLANG_WARN_DIRECT_OBJC_ISA_USAGE = YES_ERROR;
				CLANG_WARN_DOCUMENTATION_COMMENTS = YES;
				CLANG_WARN_EMPTY_BODY = YES;
				CLANG_WARN_ENUM_CONVERSION = YES;
				CLANG_WARN_INFINITE_RECURSION = YES;
				CLANG_WARN_INT_CONVERSION = YES;
				CLANG_WARN_OBJC_ROOT_CLASS = YES_ERROR;
				CLANG_WARN_SUSPICIOUS_MOVES = YES;
				CLANG_WARN_UNREACHABLE_CODE = YES;
				CLANG_WARN__DUPLICATE_METHOD_MATCH = YES;
				"CODE_SIGN_IDENTITY[sdk=iphoneos*]" = "iPhone Developer";
				COPY_PHASE_STRIP = NO;
				DEBUG_INFORMATION_FORMAT = "dwarf-with-dsym";
				ENABLE_NS_ASSERTIONS = NO;
				ENABLE_STRICT_OBJC_MSGSEND = YES;
				GCC_C_LANGUAGE_STANDARD = gnu99;
				GCC_NO_COMMON_BLOCKS = YES;
				GCC_WARN_64_TO_32_BIT_CONVERSION = YES;
				GCC_WARN_ABOUT_RETURN_TYPE = YES_ERROR;
				GCC_WARN_UNDECLARED_SELECTOR = YES;
				GCC_WARN_UNINITIALIZED_AUTOS = YES_AGGRESSIVE;
				GCC_WARN_UNUSED_FUNCTION = YES;
				GCC_WARN_UNUSED_VARIABLE = YES;
				IPHONEOS_DEPLOYMENT_TARGET = 10.0;
				MTL_ENABLE_DEBUG_INFO = NO;
				SDKROOT = iphoneos;
				VALIDATE_PRODUCT = YES;
			};
			name = Release;
		};
		C9C0E97A1D9948F300575A7C /* Debug */ = {
			isa = XCBuildConfiguration;
			baseConfigurationReference = A7A2B62D3C5383CC61730E93 /* Pods-ST_Travel.debug.xcconfig */;
			buildSettings = {
				ASSETCATALOG_COMPILER_APPICON_NAME = AppIcon;
				DEVELOPMENT_TEAM = 2V3T4T4V4S;
				GCC_PREFIX_HEADER = "$(PROJECT)/PrefixHeader.pch";
				INFOPLIST_FILE = ST_Travel/Info.plist;
				IPHONEOS_DEPLOYMENT_TARGET = 8.0;
				LD_RUNPATH_SEARCH_PATHS = "$(inherited) @executable_path/Frameworks";
				PRODUCT_BUNDLE_IDENTIFIER = "yuan..ST-Travel";
				PRODUCT_NAME = "$(TARGET_NAME)";
			};
			name = Debug;
		};
		C9C0E97B1D9948F300575A7C /* Release */ = {
			isa = XCBuildConfiguration;
			baseConfigurationReference = 8CDEFBCFA054569A602B95F5 /* Pods-ST_Travel.release.xcconfig */;
			buildSettings = {
				ASSETCATALOG_COMPILER_APPICON_NAME = AppIcon;
				DEVELOPMENT_TEAM = 2V3T4T4V4S;
				GCC_PREFIX_HEADER = "$(PROJECT)/PrefixHeader.pch";
				INFOPLIST_FILE = ST_Travel/Info.plist;
				IPHONEOS_DEPLOYMENT_TARGET = 8.0;
				LD_RUNPATH_SEARCH_PATHS = "$(inherited) @executable_path/Frameworks";
				PRODUCT_BUNDLE_IDENTIFIER = "yuan..ST-Travel";
				PRODUCT_NAME = "$(TARGET_NAME)";
			};
			name = Release;
		};
		C9C0E97D1D9948F300575A7C /* Debug */ = {
			isa = XCBuildConfiguration;
			buildSettings = {
				BUNDLE_LOADER = "$(TEST_HOST)";
				INFOPLIST_FILE = ST_TravelTests/Info.plist;
				LD_RUNPATH_SEARCH_PATHS = "$(inherited) @executable_path/Frameworks @loader_path/Frameworks";
				PRODUCT_BUNDLE_IDENTIFIER = "yuan..ST-TravelTests";
				PRODUCT_NAME = "$(TARGET_NAME)";
				TEST_HOST = "$(BUILT_PRODUCTS_DIR)/ST_Travel.app/ST_Travel";
			};
			name = Debug;
		};
		C9C0E97E1D9948F300575A7C /* Release */ = {
			isa = XCBuildConfiguration;
			buildSettings = {
				BUNDLE_LOADER = "$(TEST_HOST)";
				INFOPLIST_FILE = ST_TravelTests/Info.plist;
				LD_RUNPATH_SEARCH_PATHS = "$(inherited) @executable_path/Frameworks @loader_path/Frameworks";
				PRODUCT_BUNDLE_IDENTIFIER = "yuan..ST-TravelTests";
				PRODUCT_NAME = "$(TARGET_NAME)";
				TEST_HOST = "$(BUILT_PRODUCTS_DIR)/ST_Travel.app/ST_Travel";
			};
			name = Release;
		};
		C9C0E9801D9948F300575A7C /* Debug */ = {
			isa = XCBuildConfiguration;
			buildSettings = {
				INFOPLIST_FILE = ST_TravelUITests/Info.plist;
				LD_RUNPATH_SEARCH_PATHS = "$(inherited) @executable_path/Frameworks @loader_path/Frameworks";
				PRODUCT_BUNDLE_IDENTIFIER = "yuan..ST-TravelUITests";
				PRODUCT_NAME = "$(TARGET_NAME)";
				TEST_TARGET_NAME = ST_Travel;
			};
			name = Debug;
		};
		C9C0E9811D9948F300575A7C /* Release */ = {
			isa = XCBuildConfiguration;
			buildSettings = {
				INFOPLIST_FILE = ST_TravelUITests/Info.plist;
				LD_RUNPATH_SEARCH_PATHS = "$(inherited) @executable_path/Frameworks @loader_path/Frameworks";
				PRODUCT_BUNDLE_IDENTIFIER = "yuan..ST-TravelUITests";
				PRODUCT_NAME = "$(TARGET_NAME)";
				TEST_TARGET_NAME = ST_Travel;
			};
			name = Release;
		};
/* End XCBuildConfiguration section */

/* Begin XCConfigurationList section */
		C9C0E9471D9948F100575A7C /* Build configuration list for PBXProject "ST_Travel" */ = {
			isa = XCConfigurationList;
			buildConfigurations = (
				C9C0E9771D9948F300575A7C /* Debug */,
				C9C0E9781D9948F300575A7C /* Release */,
			);
			defaultConfigurationIsVisible = 0;
			defaultConfigurationName = Release;
		};
		C9C0E9791D9948F300575A7C /* Build configuration list for PBXNativeTarget "ST_Travel" */ = {
			isa = XCConfigurationList;
			buildConfigurations = (
				C9C0E97A1D9948F300575A7C /* Debug */,
				C9C0E97B1D9948F300575A7C /* Release */,
			);
			defaultConfigurationIsVisible = 0;
			defaultConfigurationName = Release;
		};
		C9C0E97C1D9948F300575A7C /* Build configuration list for PBXNativeTarget "ST_TravelTests" */ = {
			isa = XCConfigurationList;
			buildConfigurations = (
				C9C0E97D1D9948F300575A7C /* Debug */,
				C9C0E97E1D9948F300575A7C /* Release */,
			);
			defaultConfigurationIsVisible = 0;
			defaultConfigurationName = Release;
		};
		C9C0E97F1D9948F300575A7C /* Build configuration list for PBXNativeTarget "ST_TravelUITests" */ = {
			isa = XCConfigurationList;
			buildConfigurations = (
				C9C0E9801D9948F300575A7C /* Debug */,
				C9C0E9811D9948F300575A7C /* Release */,
			);
			defaultConfigurationIsVisible = 0;
			defaultConfigurationName = Release;
		};
/* End XCConfigurationList section */
	};
	rootObject = C9C0E9441D9948F100575A7C /* Project object */;
}
