// !$*UTF8*$!
{
	archiveVersion = 1;
	classes = {
	};
	objectVersion = 46;
	objects = {

/* Begin PBXBuildFile section */
		1D293B6B1DB45E6D00ED2CBB /* PoohBaseViewController.m in Sources */ = {isa = PBXBuildFile; fileRef = 1D293B6A1DB45E6D00ED2CBB /* PoohBaseViewController.m */; };
		1D293BB01DB4607D00ED2CBB /* NSDate+PoohCategory.m in Sources */ = {isa = PBXBuildFile; fileRef = 1D293B971DB4607D00ED2CBB /* NSDate+PoohCategory.m */; };
		1D293BB11DB4607D00ED2CBB /* NSDateFormatter+PoohCategory.m in Sources */ = {isa = PBXBuildFile; fileRef = 1D293B991DB4607D00ED2CBB /* NSDateFormatter+PoohCategory.m */; };
		1D293BB21DB4607D00ED2CBB /* NSDictionary+PoohCommon.m in Sources */ = {isa = PBXBuildFile; fileRef = 1D293B9B1DB4607D00ED2CBB /* NSDictionary+PoohCommon.m */; };
		1D293BB31DB4607D00ED2CBB /* NSObject+PoohCommon.m in Sources */ = {isa = PBXBuildFile; fileRef = 1D293B9D1DB4607D00ED2CBB /* NSObject+PoohCommon.m */; };
		1D293BB41DB4607D00ED2CBB /* NSString+PoohCommon.m in Sources */ = {isa = PBXBuildFile; fileRef = 1D293B9F1DB4607D00ED2CBB /* NSString+PoohCommon.m */; };
		1D293BB51DB4607D00ED2CBB /* UIColor+PoohCommon.m in Sources */ = {isa = PBXBuildFile; fileRef = 1D293BA11DB4607D00ED2CBB /* UIColor+PoohCommon.m */; };
		1D293BB61DB4607D00ED2CBB /* UIImage+animatedGIF.m in Sources */ = {isa = PBXBuildFile; fileRef = 1D293BA31DB4607D00ED2CBB /* UIImage+animatedGIF.m */; };
		1D293BB71DB4607D00ED2CBB /* UIImage+PoohCommon.m in Sources */ = {isa = PBXBuildFile; fileRef = 1D293BA51DB4607D00ED2CBB /* UIImage+PoohCommon.m */; };
		1D293BB81DB4607D00ED2CBB /* UIViewExt.m in Sources */ = {isa = PBXBuildFile; fileRef = 1D293BA71DB4607D00ED2CBB /* UIViewExt.m */; };
		1D293BBA1DB4607D00ED2CBB /* IConstants.m in Sources */ = {isa = PBXBuildFile; fileRef = 1D293BAC1DB4607D00ED2CBB /* IConstants.m */; };
		1D293BBB1DB4607D00ED2CBB /* UIConstants.m in Sources */ = {isa = PBXBuildFile; fileRef = 1D293BAE1DB4607D00ED2CBB /* UIConstants.m */; };
		1D293BC91DB4671700ED2CBB /* PoohDirector.m in Sources */ = {isa = PBXBuildFile; fileRef = 1D293BC41DB4671700ED2CBB /* PoohDirector.m */; };
		1D293BCD1DB4680200ED2CBB /* DDFormatter.m in Sources */ = {isa = PBXBuildFile; fileRef = 1D293BCB1DB4680200ED2CBB /* DDFormatter.m */; };
		1D293BD01DB46BF700ED2CBB /* ST_Pooh.xcassets in Resources */ = {isa = PBXBuildFile; fileRef = 1D293BCF1DB46BF700ED2CBB /* ST_Pooh.xcassets */; };
		3C0FC2D01DBB3AC800A71D16 /* CommentModel.m in Sources */ = {isa = PBXBuildFile; fileRef = 3C0FC2CB1DBB3AC800A71D16 /* CommentModel.m */; };
		3C0FC2D11DBB3AC800A71D16 /* PraiseModel.m in Sources */ = {isa = PBXBuildFile; fileRef = 3C0FC2CD1DBB3AC800A71D16 /* PraiseModel.m */; };
		3C0FC2D21DBB3AC800A71D16 /* ZJMHostModel.m in Sources */ = {isa = PBXBuildFile; fileRef = 3C0FC2CF1DBB3AC800A71D16 /* ZJMHostModel.m */; };
		3C0FC2D71DBB492A00A71D16 /* ST_Square.xcassets in Resources */ = {isa = PBXBuildFile; fileRef = 3C0FC2D61DBB492A00A71D16 /* ST_Square.xcassets */; };
		3C0FC2E11DBB52ED00A71D16 /* UITableView+SDAutoTableViewCellHeight.m in Sources */ = {isa = PBXBuildFile; fileRef = 3C0FC2DE1DBB52ED00A71D16 /* UITableView+SDAutoTableViewCellHeight.m */; };
		3C0FC2E21DBB52ED00A71D16 /* UIView+SDAutoLayout.m in Sources */ = {isa = PBXBuildFile; fileRef = 3C0FC2E01DBB52ED00A71D16 /* UIView+SDAutoLayout.m */; };
		3C0FC2E51DBB5BAE00A71D16 /* ZJMHostViewController.m in Sources */ = {isa = PBXBuildFile; fileRef = 3C0FC2E41DBB5BAE00A71D16 /* ZJMHostViewController.m */; };
		3C0FC2E91DBB5BDD00A71D16 /* ZJMHostTableViewCell.m in Sources */ = {isa = PBXBuildFile; fileRef = 3C0FC2E81DBB5BDD00A71D16 /* ZJMHostTableViewCell.m */; };
		3C0FC2F51DBB5BF600A71D16 /* CommentBoxView.m in Sources */ = {isa = PBXBuildFile; fileRef = 3C0FC2EC1DBB5BF600A71D16 /* CommentBoxView.m */; };
		3C0FC2F61DBB5BF600A71D16 /* CommentView.m in Sources */ = {isa = PBXBuildFile; fileRef = 3C0FC2EE1DBB5BF600A71D16 /* CommentView.m */; };
		3C0FC2F71DBB5BF600A71D16 /* ContentImageView.m in Sources */ = {isa = PBXBuildFile; fileRef = 3C0FC2F01DBB5BF600A71D16 /* ContentImageView.m */; };
		3C0FC2F81DBB5BF600A71D16 /* PraiseView.m in Sources */ = {isa = PBXBuildFile; fileRef = 3C0FC2F21DBB5BF600A71D16 /* PraiseView.m */; };
		3C0FC2F91DBB5BF600A71D16 /* ZJMCommentView.m in Sources */ = {isa = PBXBuildFile; fileRef = 3C0FC2F41DBB5BF600A71D16 /* ZJMCommentView.m */; };
		3C0FC2FD1DBB9D5E00A71D16 /* LBBVideoViewController.m in Sources */ = {isa = PBXBuildFile; fileRef = 3C0FC2FC1DBB9D5E00A71D16 /* LBBVideoViewController.m */; };
		3C0FC3001DBB9D9500A71D16 /* LBBVideoTableViewCell.m in Sources */ = {isa = PBXBuildFile; fileRef = 3C0FC2FF1DBB9D9500A71D16 /* LBBVideoTableViewCell.m */; };
		3C0FC3301DBC405100A71D16 /* LBBTravelContentImage.m in Sources */ = {isa = PBXBuildFile; fileRef = 3C0FC32F1DBC405100A71D16 /* LBBTravelContentImage.m */; };
		3C0FC3341DBC41BB00A71D16 /* LBBTravelTableViewCell.m in Sources */ = {isa = PBXBuildFile; fileRef = 3C0FC3331DBC41BB00A71D16 /* LBBTravelTableViewCell.m */; };
		3C0FC3371DBC4FEE00A71D16 /* LBBFriendViewController.m in Sources */ = {isa = PBXBuildFile; fileRef = 3C0FC3361DBC4FEE00A71D16 /* LBBFriendViewController.m */; };
		3C0FC33A1DBC504B00A71D16 /* LBBFriendTableViewCell.m in Sources */ = {isa = PBXBuildFile; fileRef = 3C0FC3391DBC504B00A71D16 /* LBBFriendTableViewCell.m */; };
		3C0FC33D1DBC530F00A71D16 /* LBBFriendModel.m in Sources */ = {isa = PBXBuildFile; fileRef = 3C0FC33C1DBC530F00A71D16 /* LBBFriendModel.m */; };
		3C0FC3401DBCA0C000A71D16 /* LBBHostDetailViewController.m in Sources */ = {isa = PBXBuildFile; fileRef = 3C0FC33F1DBCA0C000A71D16 /* LBBHostDetailViewController.m */; };
		3C3C10AC1DB8A7B200645134 /* LGSegment.m in Sources */ = {isa = PBXBuildFile; fileRef = 3C3C10AB1DB8A7B200645134 /* LGSegment.m */; };
		3C5223101DB9B183002455D3 /* ZJMTravelsViewController.m in Sources */ = {isa = PBXBuildFile; fileRef = 3C52230F1DB9B183002455D3 /* ZJMTravelsViewController.m */; };
		3C5223131DB9B3DD002455D3 /* ZJMTravelCell.m in Sources */ = {isa = PBXBuildFile; fileRef = 3C5223121DB9B3DD002455D3 /* ZJMTravelCell.m */; };
		3C5223161DB9B507002455D3 /* ZJMTravelModel.m in Sources */ = {isa = PBXBuildFile; fileRef = 3C5223151DB9B507002455D3 /* ZJMTravelModel.m */; };
		3C95E0541DB4BF5900536704 /* ZJMSearchBar.m in Sources */ = {isa = PBXBuildFile; fileRef = 3C95E0531DB4BF5900536704 /* ZJMSearchBar.m */; };
		3C95E0621DB4C38100536704 /* UIView+ZJFrame.m in Sources */ = {isa = PBXBuildFile; fileRef = 3C95E0571DB4C38100536704 /* UIView+ZJFrame.m */; };
		3C95E0631DB4C38100536704 /* ZJContentView.m in Sources */ = {isa = PBXBuildFile; fileRef = 3C95E0591DB4C38100536704 /* ZJContentView.m */; };
		3C95E0641DB4C38100536704 /* ZJCustomLabel.m in Sources */ = {isa = PBXBuildFile; fileRef = 3C95E05B1DB4C38100536704 /* ZJCustomLabel.m */; };
		3C95E0651DB4C38100536704 /* ZJScrollPageView.m in Sources */ = {isa = PBXBuildFile; fileRef = 3C95E05D1DB4C38100536704 /* ZJScrollPageView.m */; };
		3C95E0661DB4C38100536704 /* ZJScrollSegmentView.m in Sources */ = {isa = PBXBuildFile; fileRef = 3C95E05F1DB4C38100536704 /* ZJScrollSegmentView.m */; };
		3C95E0671DB4C38100536704 /* ZJSegmentStyle.m in Sources */ = {isa = PBXBuildFile; fileRef = 3C95E0611DB4C38100536704 /* ZJSegmentStyle.m */; };
		3CE866131DB610BF0022830C /* ZJMBaseViewController.m in Sources */ = {isa = PBXBuildFile; fileRef = 3CE866121DB610BF0022830C /* ZJMBaseViewController.m */; };
		B25926B0BFB80D1B90FB4793 /* libPods-ST_Travel.a in Frameworks */ = {isa = PBXBuildFile; fileRef = 0870AB83FAA0D30BD981EC9B /* libPods-ST_Travel.a */; };
		C91F610C1D9F559C004FE75C /* QuartzCore.framework in Frameworks */ = {isa = PBXBuildFile; fileRef = C91F610B1D9F559C004FE75C /* QuartzCore.framework */; };
		C91F61161D9F754F004FE75C /* ST_Home.xcassets in Resources */ = {isa = PBXBuildFile; fileRef = C91F61151D9F754F004FE75C /* ST_Home.xcassets */; };
		C91F61341D9F8B77004FE75C /* ST_TabBarController.m in Sources */ = {isa = PBXBuildFile; fileRef = C91F61321D9F8B77004FE75C /* ST_TabBarController.m */; };
		C91F61381D9F8B94004FE75C /* ST_HomeViewController.m in Sources */ = {isa = PBXBuildFile; fileRef = C91F61361D9F8B94004FE75C /* ST_HomeViewController.m */; };
		C91F61391D9F8B94004FE75C /* ST_HomeViewController.xib in Resources */ = {isa = PBXBuildFile; fileRef = C91F61371D9F8B94004FE75C /* ST_HomeViewController.xib */; };
		C91F61551D9F96CA004FE75C /* ST_MallViewController.m in Sources */ = {isa = PBXBuildFile; fileRef = C91F61401D9F96CA004FE75C /* ST_MallViewController.m */; };
		C91F61561D9F96CA004FE75C /* ST_MallViewController.xib in Resources */ = {isa = PBXBuildFile; fileRef = C91F61411D9F96CA004FE75C /* ST_MallViewController.xib */; };
		C91F61571D9F96CA004FE75C /* ST_MyViewController.m in Sources */ = {isa = PBXBuildFile; fileRef = C91F61491D9F96CA004FE75C /* ST_MyViewController.m */; };
		C91F61581D9F96CA004FE75C /* ST_MyViewController.xib in Resources */ = {isa = PBXBuildFile; fileRef = C91F614A1D9F96CA004FE75C /* ST_MyViewController.xib */; };
		C91F61591D9F96CA004FE75C /* ST_SquareViewController.m in Sources */ = {isa = PBXBuildFile; fileRef = C91F61521D9F96CA004FE75C /* ST_SquareViewController.m */; };
		C91F615A1D9F96CA004FE75C /* ST_SquareViewController.xib in Resources */ = {isa = PBXBuildFile; fileRef = C91F61531D9F96CA004FE75C /* ST_SquareViewController.xib */; };
		C9C0E9511D9948F100575A7C /* main.m in Sources */ = {isa = PBXBuildFile; fileRef = C9C0E9501D9948F100575A7C /* main.m */; };
		C9C0E9541D9948F100575A7C /* AppDelegate.m in Sources */ = {isa = PBXBuildFile; fileRef = C9C0E9531D9948F100575A7C /* AppDelegate.m */; };
		C9C0E9571D9948F100575A7C /* ViewController.m in Sources */ = {isa = PBXBuildFile; fileRef = C9C0E9561D9948F100575A7C /* ViewController.m */; };
		C9C0E95A1D9948F100575A7C /* Main.storyboard in Resources */ = {isa = PBXBuildFile; fileRef = C9C0E9581D9948F100575A7C /* Main.storyboard */; };
		C9C0E95C1D9948F200575A7C /* Assets.xcassets in Resources */ = {isa = PBXBuildFile; fileRef = C9C0E95B1D9948F200575A7C /* Assets.xcassets */; };
		C9C0E95F1D9948F200575A7C /* LaunchScreen.storyboard in Resources */ = {isa = PBXBuildFile; fileRef = C9C0E95D1D9948F200575A7C /* LaunchScreen.storyboard */; };
		C9C0E96A1D9948F300575A7C /* ST_TravelTests.m in Sources */ = {isa = PBXBuildFile; fileRef = C9C0E9691D9948F300575A7C /* ST_TravelTests.m */; };
		C9C0E9751D9948F300575A7C /* ST_TravelUITests.m in Sources */ = {isa = PBXBuildFile; fileRef = C9C0E9741D9948F300575A7C /* ST_TravelUITests.m */; };
/* End PBXBuildFile section */

/* Begin PBXContainerItemProxy section */
		C9C0E9661D9948F300575A7C /* PBXContainerItemProxy */ = {
			isa = PBXContainerItemProxy;
			containerPortal = C9C0E9441D9948F100575A7C /* Project object */;
			proxyType = 1;
			remoteGlobalIDString = C9C0E94B1D9948F100575A7C;
			remoteInfo = ST_Travel;
		};
		C9C0E9711D9948F300575A7C /* PBXContainerItemProxy */ = {
			isa = PBXContainerItemProxy;
			containerPortal = C9C0E9441D9948F100575A7C /* Project object */;
			proxyType = 1;
			remoteGlobalIDString = C9C0E94B1D9948F100575A7C;
			remoteInfo = ST_Travel;
		};
/* End PBXContainerItemProxy section */

/* Begin PBXFileReference section */
		0870AB83FAA0D30BD981EC9B /* libPods-ST_Travel.a */ = {isa = PBXFileReference; explicitFileType = archive.ar; includeInIndex = 0; path = "libPods-ST_Travel.a"; sourceTree = BUILT_PRODUCTS_DIR; };
		1D293B691DB45E6D00ED2CBB /* PoohBaseViewController.h */ = {isa = PBXFileReference; fileEncoding = 4; lastKnownFileType = sourcecode.c.h; path = PoohBaseViewController.h; sourceTree = "<group>"; };
		1D293B6A1DB45E6D00ED2CBB /* PoohBaseViewController.m */ = {isa = PBXFileReference; fileEncoding = 4; lastKnownFileType = sourcecode.c.objc; path = PoohBaseViewController.m; sourceTree = "<group>"; };
		1D293B961DB4607D00ED2CBB /* NSDate+PoohCategory.h */ = {isa = PBXFileReference; fileEncoding = 4; lastKnownFileType = sourcecode.c.h; path = "NSDate+PoohCategory.h"; sourceTree = "<group>"; };
		1D293B971DB4607D00ED2CBB /* NSDate+PoohCategory.m */ = {isa = PBXFileReference; fileEncoding = 4; lastKnownFileType = sourcecode.c.objc; path = "NSDate+PoohCategory.m"; sourceTree = "<group>"; };
		1D293B981DB4607D00ED2CBB /* NSDateFormatter+PoohCategory.h */ = {isa = PBXFileReference; fileEncoding = 4; lastKnownFileType = sourcecode.c.h; path = "NSDateFormatter+PoohCategory.h"; sourceTree = "<group>"; };
		1D293B991DB4607D00ED2CBB /* NSDateFormatter+PoohCategory.m */ = {isa = PBXFileReference; fileEncoding = 4; lastKnownFileType = sourcecode.c.objc; path = "NSDateFormatter+PoohCategory.m"; sourceTree = "<group>"; };
		1D293B9A1DB4607D00ED2CBB /* NSDictionary+PoohCommon.h */ = {isa = PBXFileReference; fileEncoding = 4; lastKnownFileType = sourcecode.c.h; path = "NSDictionary+PoohCommon.h"; sourceTree = "<group>"; };
		1D293B9B1DB4607D00ED2CBB /* NSDictionary+PoohCommon.m */ = {isa = PBXFileReference; fileEncoding = 4; lastKnownFileType = sourcecode.c.objc; path = "NSDictionary+PoohCommon.m"; sourceTree = "<group>"; };
		1D293B9C1DB4607D00ED2CBB /* NSObject+PoohCommon.h */ = {isa = PBXFileReference; fileEncoding = 4; lastKnownFileType = sourcecode.c.h; path = "NSObject+PoohCommon.h"; sourceTree = "<group>"; };
		1D293B9D1DB4607D00ED2CBB /* NSObject+PoohCommon.m */ = {isa = PBXFileReference; fileEncoding = 4; lastKnownFileType = sourcecode.c.objc; path = "NSObject+PoohCommon.m"; sourceTree = "<group>"; };
		1D293B9E1DB4607D00ED2CBB /* NSString+PoohCommon.h */ = {isa = PBXFileReference; fileEncoding = 4; lastKnownFileType = sourcecode.c.h; path = "NSString+PoohCommon.h"; sourceTree = "<group>"; };
		1D293B9F1DB4607D00ED2CBB /* NSString+PoohCommon.m */ = {isa = PBXFileReference; fileEncoding = 4; lastKnownFileType = sourcecode.c.objc; path = "NSString+PoohCommon.m"; sourceTree = "<group>"; };
		1D293BA01DB4607D00ED2CBB /* UIColor+PoohCommon.h */ = {isa = PBXFileReference; fileEncoding = 4; lastKnownFileType = sourcecode.c.h; path = "UIColor+PoohCommon.h"; sourceTree = "<group>"; };
		1D293BA11DB4607D00ED2CBB /* UIColor+PoohCommon.m */ = {isa = PBXFileReference; fileEncoding = 4; lastKnownFileType = sourcecode.c.objc; path = "UIColor+PoohCommon.m"; sourceTree = "<group>"; };
		1D293BA21DB4607D00ED2CBB /* UIImage+animatedGIF.h */ = {isa = PBXFileReference; fileEncoding = 4; lastKnownFileType = sourcecode.c.h; path = "UIImage+animatedGIF.h"; sourceTree = "<group>"; };
		1D293BA31DB4607D00ED2CBB /* UIImage+animatedGIF.m */ = {isa = PBXFileReference; fileEncoding = 4; lastKnownFileType = sourcecode.c.objc; path = "UIImage+animatedGIF.m"; sourceTree = "<group>"; };
		1D293BA41DB4607D00ED2CBB /* UIImage+PoohCommon.h */ = {isa = PBXFileReference; fileEncoding = 4; lastKnownFileType = sourcecode.c.h; path = "UIImage+PoohCommon.h"; sourceTree = "<group>"; };
		1D293BA51DB4607D00ED2CBB /* UIImage+PoohCommon.m */ = {isa = PBXFileReference; fileEncoding = 4; lastKnownFileType = sourcecode.c.objc; path = "UIImage+PoohCommon.m"; sourceTree = "<group>"; };
		1D293BA61DB4607D00ED2CBB /* UIViewExt.h */ = {isa = PBXFileReference; fileEncoding = 4; lastKnownFileType = sourcecode.c.h; path = UIViewExt.h; sourceTree = "<group>"; };
		1D293BA71DB4607D00ED2CBB /* UIViewExt.m */ = {isa = PBXFileReference; fileEncoding = 4; lastKnownFileType = sourcecode.c.objc; path = UIViewExt.m; sourceTree = "<group>"; };
		1D293BAB1DB4607D00ED2CBB /* IConstants.h */ = {isa = PBXFileReference; fileEncoding = 4; lastKnownFileType = sourcecode.c.h; path = IConstants.h; sourceTree = "<group>"; };
		1D293BAC1DB4607D00ED2CBB /* IConstants.m */ = {isa = PBXFileReference; fileEncoding = 4; lastKnownFileType = sourcecode.c.objc; path = IConstants.m; sourceTree = "<group>"; };
		1D293BAD1DB4607D00ED2CBB /* UIConstants.h */ = {isa = PBXFileReference; fileEncoding = 4; lastKnownFileType = sourcecode.c.h; path = UIConstants.h; sourceTree = "<group>"; };
		1D293BAE1DB4607D00ED2CBB /* UIConstants.m */ = {isa = PBXFileReference; fileEncoding = 4; lastKnownFileType = sourcecode.c.objc; path = UIConstants.m; sourceTree = "<group>"; };
		1D293BAF1DB4607D00ED2CBB /* PoohCommon.h */ = {isa = PBXFileReference; fileEncoding = 4; lastKnownFileType = sourcecode.c.h; path = PoohCommon.h; sourceTree = "<group>"; };
		1D293BC31DB4671700ED2CBB /* PoohDirector.h */ = {isa = PBXFileReference; fileEncoding = 4; lastKnownFileType = sourcecode.c.h; path = PoohDirector.h; sourceTree = "<group>"; };
		1D293BC41DB4671700ED2CBB /* PoohDirector.m */ = {isa = PBXFileReference; fileEncoding = 4; lastKnownFileType = sourcecode.c.objc; path = PoohDirector.m; sourceTree = "<group>"; };
		1D293BCB1DB4680200ED2CBB /* DDFormatter.m */ = {isa = PBXFileReference; fileEncoding = 4; lastKnownFileType = sourcecode.c.objc; path = DDFormatter.m; sourceTree = "<group>"; };
		1D293BCC1DB4680200ED2CBB /* DDFormatter.h */ = {isa = PBXFileReference; fileEncoding = 4; lastKnownFileType = sourcecode.c.h; path = DDFormatter.h; sourceTree = "<group>"; };
		1D293BCE1DB468C500ED2CBB /* PoohDDLogConfig.h */ = {isa = PBXFileReference; fileEncoding = 4; lastKnownFileType = sourcecode.c.h; path = PoohDDLogConfig.h; sourceTree = "<group>"; };
		1D293BCF1DB46BF700ED2CBB /* ST_Pooh.xcassets */ = {isa = PBXFileReference; lastKnownFileType = folder.assetcatalog; path = ST_Pooh.xcassets; sourceTree = "<group>"; };
		3C0FC2CA1DBB3AC800A71D16 /* CommentModel.h */ = {isa = PBXFileReference; fileEncoding = 4; lastKnownFileType = sourcecode.c.h; path = CommentModel.h; sourceTree = "<group>"; };
		3C0FC2CB1DBB3AC800A71D16 /* CommentModel.m */ = {isa = PBXFileReference; fileEncoding = 4; lastKnownFileType = sourcecode.c.objc; path = CommentModel.m; sourceTree = "<group>"; };
		3C0FC2CC1DBB3AC800A71D16 /* PraiseModel.h */ = {isa = PBXFileReference; fileEncoding = 4; lastKnownFileType = sourcecode.c.h; path = PraiseModel.h; sourceTree = "<group>"; };
		3C0FC2CD1DBB3AC800A71D16 /* PraiseModel.m */ = {isa = PBXFileReference; fileEncoding = 4; lastKnownFileType = sourcecode.c.objc; path = PraiseModel.m; sourceTree = "<group>"; };
		3C0FC2CE1DBB3AC800A71D16 /* ZJMHostModel.h */ = {isa = PBXFileReference; fileEncoding = 4; lastKnownFileType = sourcecode.c.h; path = ZJMHostModel.h; sourceTree = "<group>"; };
		3C0FC2CF1DBB3AC800A71D16 /* ZJMHostModel.m */ = {isa = PBXFileReference; fileEncoding = 4; lastKnownFileType = sourcecode.c.objc; path = ZJMHostModel.m; sourceTree = "<group>"; };
		3C0FC2D61DBB492A00A71D16 /* ST_Square.xcassets */ = {isa = PBXFileReference; lastKnownFileType = folder.assetcatalog; path = ST_Square.xcassets; sourceTree = "<group>"; };
		3C0FC2DC1DBB52ED00A71D16 /* SDAutoLayout.h */ = {isa = PBXFileReference; fileEncoding = 4; lastKnownFileType = sourcecode.c.h; path = SDAutoLayout.h; sourceTree = "<group>"; };
		3C0FC2DD1DBB52ED00A71D16 /* UITableView+SDAutoTableViewCellHeight.h */ = {isa = PBXFileReference; fileEncoding = 4; lastKnownFileType = sourcecode.c.h; path = "UITableView+SDAutoTableViewCellHeight.h"; sourceTree = "<group>"; };
		3C0FC2DE1DBB52ED00A71D16 /* UITableView+SDAutoTableViewCellHeight.m */ = {isa = PBXFileReference; fileEncoding = 4; lastKnownFileType = sourcecode.c.objc; path = "UITableView+SDAutoTableViewCellHeight.m"; sourceTree = "<group>"; };
		3C0FC2DF1DBB52ED00A71D16 /* UIView+SDAutoLayout.h */ = {isa = PBXFileReference; fileEncoding = 4; lastKnownFileType = sourcecode.c.h; path = "UIView+SDAutoLayout.h"; sourceTree = "<group>"; };
		3C0FC2E01DBB52ED00A71D16 /* UIView+SDAutoLayout.m */ = {isa = PBXFileReference; fileEncoding = 4; lastKnownFileType = sourcecode.c.objc; path = "UIView+SDAutoLayout.m"; sourceTree = "<group>"; };
		3C0FC2E31DBB5BAE00A71D16 /* ZJMHostViewController.h */ = {isa = PBXFileReference; fileEncoding = 4; lastKnownFileType = sourcecode.c.h; path = ZJMHostViewController.h; sourceTree = "<group>"; };
		3C0FC2E41DBB5BAE00A71D16 /* ZJMHostViewController.m */ = {isa = PBXFileReference; fileEncoding = 4; lastKnownFileType = sourcecode.c.objc; path = ZJMHostViewController.m; sourceTree = "<group>"; };
		3C0FC2E71DBB5BDD00A71D16 /* ZJMHostTableViewCell.h */ = {isa = PBXFileReference; fileEncoding = 4; lastKnownFileType = sourcecode.c.h; path = ZJMHostTableViewCell.h; sourceTree = "<group>"; };
		3C0FC2E81DBB5BDD00A71D16 /* ZJMHostTableViewCell.m */ = {isa = PBXFileReference; fileEncoding = 4; lastKnownFileType = sourcecode.c.objc; path = ZJMHostTableViewCell.m; sourceTree = "<group>"; };
		3C0FC2EB1DBB5BF600A71D16 /* CommentBoxView.h */ = {isa = PBXFileReference; fileEncoding = 4; lastKnownFileType = sourcecode.c.h; path = CommentBoxView.h; sourceTree = "<group>"; };
		3C0FC2EC1DBB5BF600A71D16 /* CommentBoxView.m */ = {isa = PBXFileReference; fileEncoding = 4; lastKnownFileType = sourcecode.c.objc; path = CommentBoxView.m; sourceTree = "<group>"; };
		3C0FC2ED1DBB5BF600A71D16 /* CommentView.h */ = {isa = PBXFileReference; fileEncoding = 4; lastKnownFileType = sourcecode.c.h; path = CommentView.h; sourceTree = "<group>"; };
		3C0FC2EE1DBB5BF600A71D16 /* CommentView.m */ = {isa = PBXFileReference; fileEncoding = 4; lastKnownFileType = sourcecode.c.objc; path = CommentView.m; sourceTree = "<group>"; };
		3C0FC2EF1DBB5BF600A71D16 /* ContentImageView.h */ = {isa = PBXFileReference; fileEncoding = 4; lastKnownFileType = sourcecode.c.h; path = ContentImageView.h; sourceTree = "<group>"; };
		3C0FC2F01DBB5BF600A71D16 /* ContentImageView.m */ = {isa = PBXFileReference; fileEncoding = 4; lastKnownFileType = sourcecode.c.objc; path = ContentImageView.m; sourceTree = "<group>"; };
		3C0FC2F11DBB5BF600A71D16 /* PraiseView.h */ = {isa = PBXFileReference; fileEncoding = 4; lastKnownFileType = sourcecode.c.h; path = PraiseView.h; sourceTree = "<group>"; };
		3C0FC2F21DBB5BF600A71D16 /* PraiseView.m */ = {isa = PBXFileReference; fileEncoding = 4; lastKnownFileType = sourcecode.c.objc; path = PraiseView.m; sourceTree = "<group>"; };
		3C0FC2F31DBB5BF600A71D16 /* ZJMCommentView.h */ = {isa = PBXFileReference; fileEncoding = 4; lastKnownFileType = sourcecode.c.h; path = ZJMCommentView.h; sourceTree = "<group>"; };
		3C0FC2F41DBB5BF600A71D16 /* ZJMCommentView.m */ = {isa = PBXFileReference; fileEncoding = 4; lastKnownFileType = sourcecode.c.objc; path = ZJMCommentView.m; sourceTree = "<group>"; };
		3C0FC2FB1DBB9D5E00A71D16 /* LBBVideoViewController.h */ = {isa = PBXFileReference; fileEncoding = 4; lastKnownFileType = sourcecode.c.h; path = LBBVideoViewController.h; sourceTree = "<group>"; };
		3C0FC2FC1DBB9D5E00A71D16 /* LBBVideoViewController.m */ = {isa = PBXFileReference; fileEncoding = 4; lastKnownFileType = sourcecode.c.objc; path = LBBVideoViewController.m; sourceTree = "<group>"; };
		3C0FC2FE1DBB9D9500A71D16 /* LBBVideoTableViewCell.h */ = {isa = PBXFileReference; fileEncoding = 4; lastKnownFileType = sourcecode.c.h; path = LBBVideoTableViewCell.h; sourceTree = "<group>"; };
		3C0FC2FF1DBB9D9500A71D16 /* LBBVideoTableViewCell.m */ = {isa = PBXFileReference; fileEncoding = 4; lastKnownFileType = sourcecode.c.objc; path = LBBVideoTableViewCell.m; sourceTree = "<group>"; };
		3C0FC32E1DBC405100A71D16 /* LBBTravelContentImage.h */ = {isa = PBXFileReference; fileEncoding = 4; lastKnownFileType = sourcecode.c.h; path = LBBTravelContentImage.h; sourceTree = "<group>"; };
		3C0FC32F1DBC405100A71D16 /* LBBTravelContentImage.m */ = {isa = PBXFileReference; fileEncoding = 4; lastKnownFileType = sourcecode.c.objc; path = LBBTravelContentImage.m; sourceTree = "<group>"; };
		3C0FC3321DBC41BB00A71D16 /* LBBTravelTableViewCell.h */ = {isa = PBXFileReference; fileEncoding = 4; lastKnownFileType = sourcecode.c.h; path = LBBTravelTableViewCell.h; sourceTree = "<group>"; };
		3C0FC3331DBC41BB00A71D16 /* LBBTravelTableViewCell.m */ = {isa = PBXFileReference; fileEncoding = 4; lastKnownFileType = sourcecode.c.objc; path = LBBTravelTableViewCell.m; sourceTree = "<group>"; };
		3C0FC3351DBC4FEE00A71D16 /* LBBFriendViewController.h */ = {isa = PBXFileReference; fileEncoding = 4; lastKnownFileType = sourcecode.c.h; path = LBBFriendViewController.h; sourceTree = "<group>"; };
		3C0FC3361DBC4FEE00A71D16 /* LBBFriendViewController.m */ = {isa = PBXFileReference; fileEncoding = 4; lastKnownFileType = sourcecode.c.objc; path = LBBFriendViewController.m; sourceTree = "<group>"; };
		3C0FC3381DBC504B00A71D16 /* LBBFriendTableViewCell.h */ = {isa = PBXFileReference; fileEncoding = 4; lastKnownFileType = sourcecode.c.h; path = LBBFriendTableViewCell.h; sourceTree = "<group>"; };
		3C0FC3391DBC504B00A71D16 /* LBBFriendTableViewCell.m */ = {isa = PBXFileReference; fileEncoding = 4; lastKnownFileType = sourcecode.c.objc; path = LBBFriendTableViewCell.m; sourceTree = "<group>"; };
		3C0FC33B1DBC530F00A71D16 /* LBBFriendModel.h */ = {isa = PBXFileReference; fileEncoding = 4; lastKnownFileType = sourcecode.c.h; path = LBBFriendModel.h; sourceTree = "<group>"; };
		3C0FC33C1DBC530F00A71D16 /* LBBFriendModel.m */ = {isa = PBXFileReference; fileEncoding = 4; lastKnownFileType = sourcecode.c.objc; path = LBBFriendModel.m; sourceTree = "<group>"; };
		3C0FC33E1DBCA0C000A71D16 /* LBBHostDetailViewController.h */ = {isa = PBXFileReference; fileEncoding = 4; lastKnownFileType = sourcecode.c.h; path = LBBHostDetailViewController.h; sourceTree = "<group>"; };
		3C0FC33F1DBCA0C000A71D16 /* LBBHostDetailViewController.m */ = {isa = PBXFileReference; fileEncoding = 4; lastKnownFileType = sourcecode.c.objc; path = LBBHostDetailViewController.m; sourceTree = "<group>"; };
		3C3C10AA1DB8A7B200645134 /* LGSegment.h */ = {isa = PBXFileReference; fileEncoding = 4; lastKnownFileType = sourcecode.c.h; path = LGSegment.h; sourceTree = "<group>"; };
		3C3C10AB1DB8A7B200645134 /* LGSegment.m */ = {isa = PBXFileReference; fileEncoding = 4; lastKnownFileType = sourcecode.c.objc; path = LGSegment.m; sourceTree = "<group>"; };
		3C52230E1DB9B183002455D3 /* ZJMTravelsViewController.h */ = {isa = PBXFileReference; fileEncoding = 4; lastKnownFileType = sourcecode.c.h; path = ZJMTravelsViewController.h; sourceTree = "<group>"; };
		3C52230F1DB9B183002455D3 /* ZJMTravelsViewController.m */ = {isa = PBXFileReference; fileEncoding = 4; lastKnownFileType = sourcecode.c.objc; path = ZJMTravelsViewController.m; sourceTree = "<group>"; };
		3C5223111DB9B3DD002455D3 /* ZJMTravelCell.h */ = {isa = PBXFileReference; fileEncoding = 4; lastKnownFileType = sourcecode.c.h; path = ZJMTravelCell.h; sourceTree = "<group>"; };
		3C5223121DB9B3DD002455D3 /* ZJMTravelCell.m */ = {isa = PBXFileReference; fileEncoding = 4; lastKnownFileType = sourcecode.c.objc; path = ZJMTravelCell.m; sourceTree = "<group>"; };
		3C5223141DB9B507002455D3 /* ZJMTravelModel.h */ = {isa = PBXFileReference; fileEncoding = 4; lastKnownFileType = sourcecode.c.h; name = ZJMTravelModel.h; path = ../ZJMTravelModel.h; sourceTree = "<group>"; };
		3C5223151DB9B507002455D3 /* ZJMTravelModel.m */ = {isa = PBXFileReference; fileEncoding = 4; lastKnownFileType = sourcecode.c.objc; name = ZJMTravelModel.m; path = ../ZJMTravelModel.m; sourceTree = "<group>"; };
		3C95E0521DB4BF5900536704 /* ZJMSearchBar.h */ = {isa = PBXFileReference; fileEncoding = 4; lastKnownFileType = sourcecode.c.h; path = ZJMSearchBar.h; sourceTree = "<group>"; };
		3C95E0531DB4BF5900536704 /* ZJMSearchBar.m */ = {isa = PBXFileReference; fileEncoding = 4; lastKnownFileType = sourcecode.c.objc; path = ZJMSearchBar.m; sourceTree = "<group>"; };
		3C95E0561DB4C38100536704 /* UIView+ZJFrame.h */ = {isa = PBXFileReference; fileEncoding = 4; lastKnownFileType = sourcecode.c.h; path = "UIView+ZJFrame.h"; sourceTree = "<group>"; };
		3C95E0571DB4C38100536704 /* UIView+ZJFrame.m */ = {isa = PBXFileReference; fileEncoding = 4; lastKnownFileType = sourcecode.c.objc; path = "UIView+ZJFrame.m"; sourceTree = "<group>"; };
		3C95E0581DB4C38100536704 /* ZJContentView.h */ = {isa = PBXFileReference; fileEncoding = 4; lastKnownFileType = sourcecode.c.h; path = ZJContentView.h; sourceTree = "<group>"; };
		3C95E0591DB4C38100536704 /* ZJContentView.m */ = {isa = PBXFileReference; fileEncoding = 4; lastKnownFileType = sourcecode.c.objc; path = ZJContentView.m; sourceTree = "<group>"; };
		3C95E05A1DB4C38100536704 /* ZJCustomLabel.h */ = {isa = PBXFileReference; fileEncoding = 4; lastKnownFileType = sourcecode.c.h; path = ZJCustomLabel.h; sourceTree = "<group>"; };
		3C95E05B1DB4C38100536704 /* ZJCustomLabel.m */ = {isa = PBXFileReference; fileEncoding = 4; lastKnownFileType = sourcecode.c.objc; path = ZJCustomLabel.m; sourceTree = "<group>"; };
		3C95E05C1DB4C38100536704 /* ZJScrollPageView.h */ = {isa = PBXFileReference; fileEncoding = 4; lastKnownFileType = sourcecode.c.h; path = ZJScrollPageView.h; sourceTree = "<group>"; };
		3C95E05D1DB4C38100536704 /* ZJScrollPageView.m */ = {isa = PBXFileReference; fileEncoding = 4; lastKnownFileType = sourcecode.c.objc; path = ZJScrollPageView.m; sourceTree = "<group>"; };
		3C95E05E1DB4C38100536704 /* ZJScrollSegmentView.h */ = {isa = PBXFileReference; fileEncoding = 4; lastKnownFileType = sourcecode.c.h; path = ZJScrollSegmentView.h; sourceTree = "<group>"; };
		3C95E05F1DB4C38100536704 /* ZJScrollSegmentView.m */ = {isa = PBXFileReference; fileEncoding = 4; lastKnownFileType = sourcecode.c.objc; path = ZJScrollSegmentView.m; sourceTree = "<group>"; };
		3C95E0601DB4C38100536704 /* ZJSegmentStyle.h */ = {isa = PBXFileReference; fileEncoding = 4; lastKnownFileType = sourcecode.c.h; path = ZJSegmentStyle.h; sourceTree = "<group>"; };
		3C95E0611DB4C38100536704 /* ZJSegmentStyle.m */ = {isa = PBXFileReference; fileEncoding = 4; lastKnownFileType = sourcecode.c.objc; path = ZJSegmentStyle.m; sourceTree = "<group>"; };
		3CE866101DB60FCE0022830C /* Header.h */ = {isa = PBXFileReference; lastKnownFileType = sourcecode.c.h; path = Header.h; sourceTree = "<group>"; };
		3CE866111DB610BF0022830C /* ZJMBaseViewController.h */ = {isa = PBXFileReference; fileEncoding = 4; lastKnownFileType = sourcecode.c.h; path = ZJMBaseViewController.h; sourceTree = "<group>"; };
		3CE866121DB610BF0022830C /* ZJMBaseViewController.m */ = {isa = PBXFileReference; fileEncoding = 4; lastKnownFileType = sourcecode.c.objc; path = ZJMBaseViewController.m; sourceTree = "<group>"; };
		8CDEFBCFA054569A602B95F5 /* Pods-ST_Travel.release.xcconfig */ = {isa = PBXFileReference; includeInIndex = 1; lastKnownFileType = text.xcconfig; name = "Pods-ST_Travel.release.xcconfig"; path = "Pods/Target Support Files/Pods-ST_Travel/Pods-ST_Travel.release.xcconfig"; sourceTree = "<group>"; };
		A7A2B62D3C5383CC61730E93 /* Pods-ST_Travel.debug.xcconfig */ = {isa = PBXFileReference; includeInIndex = 1; lastKnownFileType = text.xcconfig; name = "Pods-ST_Travel.debug.xcconfig"; path = "Pods/Target Support Files/Pods-ST_Travel/Pods-ST_Travel.debug.xcconfig"; sourceTree = "<group>"; };
		C91F610A1D9F5408004FE75C /* PrefixHeader.pch */ = {isa = PBXFileReference; lastKnownFileType = sourcecode.c.h; path = PrefixHeader.pch; sourceTree = "<group>"; };
		C91F610B1D9F559C004FE75C /* QuartzCore.framework */ = {isa = PBXFileReference; lastKnownFileType = wrapper.framework; name = QuartzCore.framework; path = System/Library/Frameworks/QuartzCore.framework; sourceTree = SDKROOT; };
		C91F61151D9F754F004FE75C /* ST_Home.xcassets */ = {isa = PBXFileReference; lastKnownFileType = folder.assetcatalog; path = ST_Home.xcassets; sourceTree = "<group>"; };
		C91F61311D9F8B77004FE75C /* ST_TabBarController.h */ = {isa = PBXFileReference; fileEncoding = 4; lastKnownFileType = sourcecode.c.h; path = ST_TabBarController.h; sourceTree = "<group>"; };
		C91F61321D9F8B77004FE75C /* ST_TabBarController.m */ = {isa = PBXFileReference; fileEncoding = 4; lastKnownFileType = sourcecode.c.objc; path = ST_TabBarController.m; sourceTree = "<group>"; };
		C91F61351D9F8B94004FE75C /* ST_HomeViewController.h */ = {isa = PBXFileReference; fileEncoding = 4; lastKnownFileType = sourcecode.c.h; path = ST_HomeViewController.h; sourceTree = "<group>"; };
		C91F61361D9F8B94004FE75C /* ST_HomeViewController.m */ = {isa = PBXFileReference; fileEncoding = 4; lastKnownFileType = sourcecode.c.objc; path = ST_HomeViewController.m; sourceTree = "<group>"; };
		C91F61371D9F8B94004FE75C /* ST_HomeViewController.xib */ = {isa = PBXFileReference; fileEncoding = 4; lastKnownFileType = file.xib; path = ST_HomeViewController.xib; sourceTree = "<group>"; };
		C91F613F1D9F96CA004FE75C /* ST_MallViewController.h */ = {isa = PBXFileReference; fileEncoding = 4; lastKnownFileType = sourcecode.c.h; path = ST_MallViewController.h; sourceTree = "<group>"; };
		C91F61401D9F96CA004FE75C /* ST_MallViewController.m */ = {isa = PBXFileReference; fileEncoding = 4; lastKnownFileType = sourcecode.c.objc; path = ST_MallViewController.m; sourceTree = "<group>"; };
		C91F61411D9F96CA004FE75C /* ST_MallViewController.xib */ = {isa = PBXFileReference; fileEncoding = 4; lastKnownFileType = file.xib; path = ST_MallViewController.xib; sourceTree = "<group>"; };
		C91F61481D9F96CA004FE75C /* ST_MyViewController.h */ = {isa = PBXFileReference; fileEncoding = 4; lastKnownFileType = sourcecode.c.h; path = ST_MyViewController.h; sourceTree = "<group>"; };
		C91F61491D9F96CA004FE75C /* ST_MyViewController.m */ = {isa = PBXFileReference; fileEncoding = 4; lastKnownFileType = sourcecode.c.objc; path = ST_MyViewController.m; sourceTree = "<group>"; };
		C91F614A1D9F96CA004FE75C /* ST_MyViewController.xib */ = {isa = PBXFileReference; fileEncoding = 4; lastKnownFileType = file.xib; path = ST_MyViewController.xib; sourceTree = "<group>"; };
		C91F61511D9F96CA004FE75C /* ST_SquareViewController.h */ = {isa = PBXFileReference; fileEncoding = 4; lastKnownFileType = sourcecode.c.h; path = ST_SquareViewController.h; sourceTree = "<group>"; };
		C91F61521D9F96CA004FE75C /* ST_SquareViewController.m */ = {isa = PBXFileReference; fileEncoding = 4; lastKnownFileType = sourcecode.c.objc; path = ST_SquareViewController.m; sourceTree = "<group>"; };
		C91F61531D9F96CA004FE75C /* ST_SquareViewController.xib */ = {isa = PBXFileReference; fileEncoding = 4; lastKnownFileType = file.xib; path = ST_SquareViewController.xib; sourceTree = "<group>"; };
		C9C0E94C1D9948F100575A7C /* ST_Travel.app */ = {isa = PBXFileReference; explicitFileType = wrapper.application; includeInIndex = 0; path = ST_Travel.app; sourceTree = BUILT_PRODUCTS_DIR; };
		C9C0E9501D9948F100575A7C /* main.m */ = {isa = PBXFileReference; lastKnownFileType = sourcecode.c.objc; path = main.m; sourceTree = "<group>"; };
		C9C0E9521D9948F100575A7C /* AppDelegate.h */ = {isa = PBXFileReference; lastKnownFileType = sourcecode.c.h; path = AppDelegate.h; sourceTree = "<group>"; };
		C9C0E9531D9948F100575A7C /* AppDelegate.m */ = {isa = PBXFileReference; lastKnownFileType = sourcecode.c.objc; path = AppDelegate.m; sourceTree = "<group>"; };
		C9C0E9551D9948F100575A7C /* ViewController.h */ = {isa = PBXFileReference; lastKnownFileType = sourcecode.c.h; path = ViewController.h; sourceTree = "<group>"; };
		C9C0E9561D9948F100575A7C /* ViewController.m */ = {isa = PBXFileReference; lastKnownFileType = sourcecode.c.objc; path = ViewController.m; sourceTree = "<group>"; };
		C9C0E9591D9948F100575A7C /* Base */ = {isa = PBXFileReference; lastKnownFileType = file.storyboard; name = Base; path = Base.lproj/Main.storyboard; sourceTree = "<group>"; };
		C9C0E95B1D9948F200575A7C /* Assets.xcassets */ = {isa = PBXFileReference; lastKnownFileType = folder.assetcatalog; path = Assets.xcassets; sourceTree = "<group>"; };
		C9C0E95E1D9948F200575A7C /* Base */ = {isa = PBXFileReference; lastKnownFileType = file.storyboard; name = Base; path = Base.lproj/LaunchScreen.storyboard; sourceTree = "<group>"; };
		C9C0E9601D9948F200575A7C /* Info.plist */ = {isa = PBXFileReference; lastKnownFileType = text.plist.xml; path = Info.plist; sourceTree = "<group>"; };
		C9C0E9651D9948F300575A7C /* ST_TravelTests.xctest */ = {isa = PBXFileReference; explicitFileType = wrapper.cfbundle; includeInIndex = 0; path = ST_TravelTests.xctest; sourceTree = BUILT_PRODUCTS_DIR; };
		C9C0E9691D9948F300575A7C /* ST_TravelTests.m */ = {isa = PBXFileReference; lastKnownFileType = sourcecode.c.objc; path = ST_TravelTests.m; sourceTree = "<group>"; };
		C9C0E96B1D9948F300575A7C /* Info.plist */ = {isa = PBXFileReference; lastKnownFileType = text.plist.xml; path = Info.plist; sourceTree = "<group>"; };
		C9C0E9701D9948F300575A7C /* ST_TravelUITests.xctest */ = {isa = PBXFileReference; explicitFileType = wrapper.cfbundle; includeInIndex = 0; path = ST_TravelUITests.xctest; sourceTree = BUILT_PRODUCTS_DIR; };
		C9C0E9741D9948F300575A7C /* ST_TravelUITests.m */ = {isa = PBXFileReference; lastKnownFileType = sourcecode.c.objc; path = ST_TravelUITests.m; sourceTree = "<group>"; };
		C9C0E9761D9948F300575A7C /* Info.plist */ = {isa = PBXFileReference; lastKnownFileType = text.plist.xml; path = Info.plist; sourceTree = "<group>"; };
/* End PBXFileReference section */

/* Begin PBXFrameworksBuildPhase section */
		C9C0E9491D9948F100575A7C /* Frameworks */ = {
			isa = PBXFrameworksBuildPhase;
			buildActionMask = 2147483647;
			files = (
				C91F610C1D9F559C004FE75C /* QuartzCore.framework in Frameworks */,
				B25926B0BFB80D1B90FB4793 /* libPods-ST_Travel.a in Frameworks */,
			);
			runOnlyForDeploymentPostprocessing = 0;
		};
		C9C0E9621D9948F300575A7C /* Frameworks */ = {
			isa = PBXFrameworksBuildPhase;
			buildActionMask = 2147483647;
			files = (
			);
			runOnlyForDeploymentPostprocessing = 0;
		};
		C9C0E96D1D9948F300575A7C /* Frameworks */ = {
			isa = PBXFrameworksBuildPhase;
			buildActionMask = 2147483647;
			files = (
			);
			runOnlyForDeploymentPostprocessing = 0;
		};
/* End PBXFrameworksBuildPhase section */

/* Begin PBXGroup section */
		04A976604EE4577D70DCD075 /* Frameworks */ = {
			isa = PBXGroup;
			children = (
				C91F610B1D9F559C004FE75C /* QuartzCore.framework */,
				0870AB83FAA0D30BD981EC9B /* libPods-ST_Travel.a */,
			);
			name = Frameworks;
			sourceTree = "<group>";
		};
		1D293B941DB4607D00ED2CBB /* Pooh */ = {
			isa = PBXGroup;
			children = (
				1D293BBE1DB4671700ED2CBB /* Utilities */,
				1D293B951DB4607D00ED2CBB /* Category */,
				1D293BA81DB4607D00ED2CBB /* Constants */,
				1D293BAF1DB4607D00ED2CBB /* PoohCommon.h */,
			);
			path = Pooh;
			sourceTree = "<group>";
		};
		1D293B951DB4607D00ED2CBB /* Category */ = {
			isa = PBXGroup;
			children = (
				1D293B961DB4607D00ED2CBB /* NSDate+PoohCategory.h */,
				1D293B971DB4607D00ED2CBB /* NSDate+PoohCategory.m */,
				1D293B981DB4607D00ED2CBB /* NSDateFormatter+PoohCategory.h */,
				1D293B991DB4607D00ED2CBB /* NSDateFormatter+PoohCategory.m */,
				1D293B9A1DB4607D00ED2CBB /* NSDictionary+PoohCommon.h */,
				1D293B9B1DB4607D00ED2CBB /* NSDictionary+PoohCommon.m */,
				1D293B9C1DB4607D00ED2CBB /* NSObject+PoohCommon.h */,
				1D293B9D1DB4607D00ED2CBB /* NSObject+PoohCommon.m */,
				1D293B9E1DB4607D00ED2CBB /* NSString+PoohCommon.h */,
				1D293B9F1DB4607D00ED2CBB /* NSString+PoohCommon.m */,
				1D293BA01DB4607D00ED2CBB /* UIColor+PoohCommon.h */,
				1D293BA11DB4607D00ED2CBB /* UIColor+PoohCommon.m */,
				1D293BA21DB4607D00ED2CBB /* UIImage+animatedGIF.h */,
				1D293BA31DB4607D00ED2CBB /* UIImage+animatedGIF.m */,
				1D293BA41DB4607D00ED2CBB /* UIImage+PoohCommon.h */,
				1D293BA51DB4607D00ED2CBB /* UIImage+PoohCommon.m */,
				1D293BA61DB4607D00ED2CBB /* UIViewExt.h */,
				1D293BA71DB4607D00ED2CBB /* UIViewExt.m */,
			);
			path = Category;
			sourceTree = "<group>";
		};
		1D293BA81DB4607D00ED2CBB /* Constants */ = {
			isa = PBXGroup;
			children = (
				1D293BAB1DB4607D00ED2CBB /* IConstants.h */,
				1D293BAC1DB4607D00ED2CBB /* IConstants.m */,
				1D293BAD1DB4607D00ED2CBB /* UIConstants.h */,
				1D293BAE1DB4607D00ED2CBB /* UIConstants.m */,
			);
			path = Constants;
			sourceTree = "<group>";
		};
		1D293BBE1DB4671700ED2CBB /* Utilities */ = {
			isa = PBXGroup;
			children = (
				1D293BCE1DB468C500ED2CBB /* PoohDDLogConfig.h */,
				1D293BCB1DB4680200ED2CBB /* DDFormatter.m */,
				1D293BCC1DB4680200ED2CBB /* DDFormatter.h */,
				1D293BC31DB4671700ED2CBB /* PoohDirector.h */,
				1D293BC41DB4671700ED2CBB /* PoohDirector.m */,
			);
			path = Utilities;
			sourceTree = "<group>";
		};
		3C0FC2C91DBB3ABB00A71D16 /* HostModel */ = {
			isa = PBXGroup;
			children = (
				3C0FC2CA1DBB3AC800A71D16 /* CommentModel.h */,
				3C0FC2CB1DBB3AC800A71D16 /* CommentModel.m */,
				3C0FC2CC1DBB3AC800A71D16 /* PraiseModel.h */,
				3C0FC2CD1DBB3AC800A71D16 /* PraiseModel.m */,
				3C0FC2CE1DBB3AC800A71D16 /* ZJMHostModel.h */,
				3C0FC2CF1DBB3AC800A71D16 /* ZJMHostModel.m */,
				3C0FC33B1DBC530F00A71D16 /* LBBFriendModel.h */,
				3C0FC33C1DBC530F00A71D16 /* LBBFriendModel.m */,
			);
			path = HostModel;
			sourceTree = "<group>";
		};
		3C0FC2DB1DBB52ED00A71D16 /* SDAutoLayout */ = {
			isa = PBXGroup;
			children = (
				3C0FC2DC1DBB52ED00A71D16 /* SDAutoLayout.h */,
				3C0FC2DD1DBB52ED00A71D16 /* UITableView+SDAutoTableViewCellHeight.h */,
				3C0FC2DE1DBB52ED00A71D16 /* UITableView+SDAutoTableViewCellHeight.m */,
				3C0FC2DF1DBB52ED00A71D16 /* UIView+SDAutoLayout.h */,
				3C0FC2E01DBB52ED00A71D16 /* UIView+SDAutoLayout.m */,
			);
			path = SDAutoLayout;
			sourceTree = "<group>";
		};
		3C0FC2E61DBB5BDD00A71D16 /* HostTableCell */ = {
			isa = PBXGroup;
			children = (
				3C0FC2E71DBB5BDD00A71D16 /* ZJMHostTableViewCell.h */,
				3C0FC2E81DBB5BDD00A71D16 /* ZJMHostTableViewCell.m */,
				3C0FC3381DBC504B00A71D16 /* LBBFriendTableViewCell.h */,
				3C0FC3391DBC504B00A71D16 /* LBBFriendTableViewCell.m */,
			);
			path = HostTableCell;
			sourceTree = "<group>";
		};
		3C0FC2EA1DBB5BF600A71D16 /* HostViews */ = {
			isa = PBXGroup;
			children = (
				3C0FC2EB1DBB5BF600A71D16 /* CommentBoxView.h */,
				3C0FC2EC1DBB5BF600A71D16 /* CommentBoxView.m */,
				3C0FC2ED1DBB5BF600A71D16 /* CommentView.h */,
				3C0FC2EE1DBB5BF600A71D16 /* CommentView.m */,
				3C0FC2EF1DBB5BF600A71D16 /* ContentImageView.h */,
				3C0FC2F01DBB5BF600A71D16 /* ContentImageView.m */,
				3C0FC2F11DBB5BF600A71D16 /* PraiseView.h */,
				3C0FC2F21DBB5BF600A71D16 /* PraiseView.m */,
				3C0FC2F31DBB5BF600A71D16 /* ZJMCommentView.h */,
				3C0FC2F41DBB5BF600A71D16 /* ZJMCommentView.m */,
			);
			path = HostViews;
			sourceTree = "<group>";
		};
		3C0FC2FA1DBB9D3300A71D16 /* VideoTableCell */ = {
			isa = PBXGroup;
			children = (
				3C0FC2FE1DBB9D9500A71D16 /* LBBVideoTableViewCell.h */,
				3C0FC2FF1DBB9D9500A71D16 /* LBBVideoTableViewCell.m */,
			);
			name = VideoTableCell;
			path = videos;
			sourceTree = "<group>";
		};
		3C0FC32B1DBBAB5900A71D16 /* ChildController */ = {
			isa = PBXGroup;
			children = (
				3C0FC3351DBC4FEE00A71D16 /* LBBFriendViewController.h */,
				3C0FC3361DBC4FEE00A71D16 /* LBBFriendViewController.m */,
				3C0FC33E1DBCA0C000A71D16 /* LBBHostDetailViewController.h */,
				3C0FC33F1DBCA0C000A71D16 /* LBBHostDetailViewController.m */,
			);
			path = ChildController;
			sourceTree = "<group>";
		};
		3C0FC32C1DBBABAB00A71D16 /* TravelModel */ = {
			isa = PBXGroup;
			children = (
				3C5223141DB9B507002455D3 /* ZJMTravelModel.h */,
				3C5223151DB9B507002455D3 /* ZJMTravelModel.m */,
			);
			path = TravelModel;
			sourceTree = "<group>";
		};
		3C0FC32D1DBC3FDB00A71D16 /* TravelViews */ = {
			isa = PBXGroup;
			children = (
				3C0FC32E1DBC405100A71D16 /* LBBTravelContentImage.h */,
				3C0FC32F1DBC405100A71D16 /* LBBTravelContentImage.m */,
			);
			path = TravelViews;
			sourceTree = "<group>";
		};
		3C0FC3311DBC41A700A71D16 /* TravelTableCell */ = {
			isa = PBXGroup;
			children = (
				3C0FC3321DBC41BB00A71D16 /* LBBTravelTableViewCell.h */,
				3C0FC3331DBC41BB00A71D16 /* LBBTravelTableViewCell.m */,
			);
			path = TravelTableCell;
			sourceTree = "<group>";
		};
		3C95E04B1DB4BF0E00536704 /* Model */ = {
			isa = PBXGroup;
			children = (
				3C0FC32C1DBBABAB00A71D16 /* TravelModel */,
				3C0FC2C91DBB3ABB00A71D16 /* HostModel */,
			);
			path = Model;
			sourceTree = "<group>";
		};
		3C95E04C1DB4BF0E00536704 /* View */ = {
			isa = PBXGroup;
			children = (
				3C0FC32D1DBC3FDB00A71D16 /* TravelViews */,
				3C0FC2EA1DBB5BF600A71D16 /* HostViews */,
				3C0FC2DB1DBB52ED00A71D16 /* SDAutoLayout */,
				3C95E04D1DB4BF0E00536704 /* CustomViews */,
				3C95E04E1DB4BF0E00536704 /* TableViewCell */,
			);
			path = View;
			sourceTree = "<group>";
		};
		3C95E04D1DB4BF0E00536704 /* CustomViews */ = {
			isa = PBXGroup;
			children = (
				3C3C10AA1DB8A7B200645134 /* LGSegment.h */,
				3C3C10AB1DB8A7B200645134 /* LGSegment.m */,
				3C95E0521DB4BF5900536704 /* ZJMSearchBar.h */,
				3C95E0531DB4BF5900536704 /* ZJMSearchBar.m */,
				3C95E0551DB4C38100536704 /* ZJScrollPageView */,
			);
			path = CustomViews;
			sourceTree = "<group>";
		};
		3C95E04E1DB4BF0E00536704 /* TableViewCell */ = {
			isa = PBXGroup;
			children = (
				3C0FC3311DBC41A700A71D16 /* TravelTableCell */,
				3C0FC2FA1DBB9D3300A71D16 /* VideoTableCell */,
				3C0FC2E61DBB5BDD00A71D16 /* HostTableCell */,
				3C5223111DB9B3DD002455D3 /* ZJMTravelCell.h */,
				3C5223121DB9B3DD002455D3 /* ZJMTravelCell.m */,
			);
			path = TableViewCell;
			sourceTree = "<group>";
		};
		3C95E0551DB4C38100536704 /* ZJScrollPageView */ = {
			isa = PBXGroup;
			children = (
				3C95E0561DB4C38100536704 /* UIView+ZJFrame.h */,
				3C95E0571DB4C38100536704 /* UIView+ZJFrame.m */,
				3C95E0581DB4C38100536704 /* ZJContentView.h */,
				3C95E0591DB4C38100536704 /* ZJContentView.m */,
				3C95E05A1DB4C38100536704 /* ZJCustomLabel.h */,
				3C95E05B1DB4C38100536704 /* ZJCustomLabel.m */,
				3C95E05C1DB4C38100536704 /* ZJScrollPageView.h */,
				3C95E05D1DB4C38100536704 /* ZJScrollPageView.m */,
				3C95E05E1DB4C38100536704 /* ZJScrollSegmentView.h */,
				3C95E05F1DB4C38100536704 /* ZJScrollSegmentView.m */,
				3C95E0601DB4C38100536704 /* ZJSegmentStyle.h */,
				3C95E0611DB4C38100536704 /* ZJSegmentStyle.m */,
			);
			path = ZJScrollPageView;
			sourceTree = "<group>";
		};
		3CE8660E1DB60FB00022830C /* ZJMBaseController */ = {
			isa = PBXGroup;
			children = (
				3CE8660F1DB60FC40022830C /* Header */,
				3CE866111DB610BF0022830C /* ZJMBaseViewController.h */,
				3CE866121DB610BF0022830C /* ZJMBaseViewController.m */,
			);
			path = ZJMBaseController;
			sourceTree = "<group>";
		};
		3CE8660F1DB60FC40022830C /* Header */ = {
			isa = PBXGroup;
			children = (
				3CE866101DB60FCE0022830C /* Header.h */,
			);
			path = Header;
			sourceTree = "<group>";
		};
		C91F612C1D9F8B77004FE75C /* ST_Home */ = {
			isa = PBXGroup;
			children = (
				C91F612D1D9F8B77004FE75C /* ChildController */,
				C91F612E1D9F8B77004FE75C /* Model */,
				C91F612F1D9F8B77004FE75C /* View */,
				C91F61301D9F8B77004FE75C /* ViewController */,
				C91F61331D9F8B77004FE75C /* ViewModel */,
			);
			path = ST_Home;
			sourceTree = "<group>";
		};
		C91F612D1D9F8B77004FE75C /* ChildController */ = {
			isa = PBXGroup;
			children = (
			);
			path = ChildController;
			sourceTree = "<group>";
		};
		C91F612E1D9F8B77004FE75C /* Model */ = {
			isa = PBXGroup;
			children = (
			);
			path = Model;
			sourceTree = "<group>";
		};
		C91F612F1D9F8B77004FE75C /* View */ = {
			isa = PBXGroup;
			children = (
			);
			path = View;
			sourceTree = "<group>";
		};
		C91F61301D9F8B77004FE75C /* ViewController */ = {
			isa = PBXGroup;
			children = (
				C91F61311D9F8B77004FE75C /* ST_TabBarController.h */,
				C91F61321D9F8B77004FE75C /* ST_TabBarController.m */,
				C91F61351D9F8B94004FE75C /* ST_HomeViewController.h */,
				C91F61361D9F8B94004FE75C /* ST_HomeViewController.m */,
				C91F61371D9F8B94004FE75C /* ST_HomeViewController.xib */,
				1D293B691DB45E6D00ED2CBB /* PoohBaseViewController.h */,
				1D293B6A1DB45E6D00ED2CBB /* PoohBaseViewController.m */,
			);
			path = ViewController;
			sourceTree = "<group>";
		};
		C91F61331D9F8B77004FE75C /* ViewModel */ = {
			isa = PBXGroup;
			children = (
			);
			path = ViewModel;
			sourceTree = "<group>";
		};
		C91F613A1D9F96CA004FE75C /* ST_Mall */ = {
			isa = PBXGroup;
			children = (
				C91F613B1D9F96CA004FE75C /* ChildController */,
				C91F613C1D9F96CA004FE75C /* Model */,
				C91F613D1D9F96CA004FE75C /* View */,
				C91F613E1D9F96CA004FE75C /* ViewController */,
				C91F61421D9F96CA004FE75C /* ViewModel */,
			);
			path = ST_Mall;
			sourceTree = "<group>";
		};
		C91F613B1D9F96CA004FE75C /* ChildController */ = {
			isa = PBXGroup;
			children = (
			);
			path = ChildController;
			sourceTree = "<group>";
		};
		C91F613C1D9F96CA004FE75C /* Model */ = {
			isa = PBXGroup;
			children = (
			);
			path = Model;
			sourceTree = "<group>";
		};
		C91F613D1D9F96CA004FE75C /* View */ = {
			isa = PBXGroup;
			children = (
			);
			path = View;
			sourceTree = "<group>";
		};
		C91F613E1D9F96CA004FE75C /* ViewController */ = {
			isa = PBXGroup;
			children = (
				C91F613F1D9F96CA004FE75C /* ST_MallViewController.h */,
				C91F61401D9F96CA004FE75C /* ST_MallViewController.m */,
				C91F61411D9F96CA004FE75C /* ST_MallViewController.xib */,
			);
			path = ViewController;
			sourceTree = "<group>";
		};
		C91F61421D9F96CA004FE75C /* ViewModel */ = {
			isa = PBXGroup;
			children = (
			);
			path = ViewModel;
			sourceTree = "<group>";
		};
		C91F61431D9F96CA004FE75C /* ST_My */ = {
			isa = PBXGroup;
			children = (
				C91F61441D9F96CA004FE75C /* ChildController */,
				C91F61451D9F96CA004FE75C /* Model */,
				C91F61461D9F96CA004FE75C /* View */,
				C91F61471D9F96CA004FE75C /* ViewController */,
				C91F614B1D9F96CA004FE75C /* ViewModel */,
			);
			path = ST_My;
			sourceTree = "<group>";
		};
		C91F61441D9F96CA004FE75C /* ChildController */ = {
			isa = PBXGroup;
			children = (
			);
			path = ChildController;
			sourceTree = "<group>";
		};
		C91F61451D9F96CA004FE75C /* Model */ = {
			isa = PBXGroup;
			children = (
			);
			path = Model;
			sourceTree = "<group>";
		};
		C91F61461D9F96CA004FE75C /* View */ = {
			isa = PBXGroup;
			children = (
			);
			path = View;
			sourceTree = "<group>";
		};
		C91F61471D9F96CA004FE75C /* ViewController */ = {
			isa = PBXGroup;
			children = (
				C91F61481D9F96CA004FE75C /* ST_MyViewController.h */,
				C91F61491D9F96CA004FE75C /* ST_MyViewController.m */,
				C91F614A1D9F96CA004FE75C /* ST_MyViewController.xib */,
			);
			path = ViewController;
			sourceTree = "<group>";
		};
		C91F614B1D9F96CA004FE75C /* ViewModel */ = {
			isa = PBXGroup;
			children = (
			);
			path = ViewModel;
			sourceTree = "<group>";
		};
		C91F614C1D9F96CA004FE75C /* ST_Square */ = {
			isa = PBXGroup;
			children = (
				3C0FC32B1DBBAB5900A71D16 /* ChildController */,
				3C95E04B1DB4BF0E00536704 /* Model */,
				3C95E04C1DB4BF0E00536704 /* View */,
				C91F61501D9F96CA004FE75C /* ViewController */,
				3CE8660E1DB60FB00022830C /* ZJMBaseController */,
			);
			path = ST_Square;
			sourceTree = "<group>";
		};
		C91F61501D9F96CA004FE75C /* ViewController */ = {
			isa = PBXGroup;
			children = (
				3C0FC2E31DBB5BAE00A71D16 /* ZJMHostViewController.h */,
				3C0FC2E41DBB5BAE00A71D16 /* ZJMHostViewController.m */,
				C91F61511D9F96CA004FE75C /* ST_SquareViewController.h */,
				C91F61521D9F96CA004FE75C /* ST_SquareViewController.m */,
				C91F61531D9F96CA004FE75C /* ST_SquareViewController.xib */,
				3C52230E1DB9B183002455D3 /* ZJMTravelsViewController.h */,
				3C52230F1DB9B183002455D3 /* ZJMTravelsViewController.m */,
				3C0FC2FB1DBB9D5E00A71D16 /* LBBVideoViewController.h */,
				3C0FC2FC1DBB9D5E00A71D16 /* LBBVideoViewController.m */,
			);
			path = ViewController;
			sourceTree = "<group>";
		};
		C9C0E9431D9948F100575A7C = {
			isa = PBXGroup;
			children = (
				C9C0E9931D99687100575A7C /* CommonFiles_ST */,
				C9C0E94E1D9948F100575A7C /* ST_Travel */,
				C9C0E9681D9948F300575A7C /* ST_TravelTests */,
				C9C0E9731D9948F300575A7C /* ST_TravelUITests */,
				C9C0E94D1D9948F100575A7C /* Products */,
				D3532ED2F67E8AB375961CED /* Pods */,
				04A976604EE4577D70DCD075 /* Frameworks */,
			);
			sourceTree = "<group>";
		};
		C9C0E94D1D9948F100575A7C /* Products */ = {
			isa = PBXGroup;
			children = (
				C9C0E94C1D9948F100575A7C /* ST_Travel.app */,
				C9C0E9651D9948F300575A7C /* ST_TravelTests.xctest */,
				C9C0E9701D9948F300575A7C /* ST_TravelUITests.xctest */,
			);
			name = Products;
			sourceTree = "<group>";
		};
		C9C0E94E1D9948F100575A7C /* ST_Travel */ = {
			isa = PBXGroup;
			children = (
				C9C0E9521D9948F100575A7C /* AppDelegate.h */,
				C9C0E9531D9948F100575A7C /* AppDelegate.m */,
				C9C0E9551D9948F100575A7C /* ViewController.h */,
				C9C0E9561D9948F100575A7C /* ViewController.m */,
				C9C0E9581D9948F100575A7C /* Main.storyboard */,
				C9C0E95B1D9948F200575A7C /* Assets.xcassets */,
				C9C0E95D1D9948F200575A7C /* LaunchScreen.storyboard */,
				C9C0E9601D9948F200575A7C /* Info.plist */,
				C9C0E94F1D9948F100575A7C /* Supporting Files */,
				C91F610A1D9F5408004FE75C /* PrefixHeader.pch */,
			);
			path = ST_Travel;
			sourceTree = "<group>";
		};
		C9C0E94F1D9948F100575A7C /* Supporting Files */ = {
			isa = PBXGroup;
			children = (
				C9C0E9501D9948F100575A7C /* main.m */,
			);
			name = "Supporting Files";
			sourceTree = "<group>";
		};
		C9C0E9681D9948F300575A7C /* ST_TravelTests */ = {
			isa = PBXGroup;
			children = (
				C9C0E9691D9948F300575A7C /* ST_TravelTests.m */,
				C9C0E96B1D9948F300575A7C /* Info.plist */,
			);
			path = ST_TravelTests;
			sourceTree = "<group>";
		};
		C9C0E9731D9948F300575A7C /* ST_TravelUITests */ = {
			isa = PBXGroup;
			children = (
				C9C0E9741D9948F300575A7C /* ST_TravelUITests.m */,
				C9C0E9761D9948F300575A7C /* Info.plist */,
			);
			path = ST_TravelUITests;
			sourceTree = "<group>";
		};
		C9C0E9931D99687100575A7C /* CommonFiles_ST */ = {
			isa = PBXGroup;
			children = (
				C9C0E9941D99687100575A7C /* Controller */,
				C9C0E9A61D99687100575A7C /* controls */,
				C9C0E9A71D99687100575A7C /* DBModel */,
				C9C0E9A81D99687100575A7C /* Images */,
				C9C0E9A91D99687100575A7C /* Public */,
			);
			path = CommonFiles_ST;
			sourceTree = "<group>";
		};
		C9C0E9941D99687100575A7C /* Controller */ = {
			isa = PBXGroup;
			children = (
				C91F613A1D9F96CA004FE75C /* ST_Mall */,
				C91F61431D9F96CA004FE75C /* ST_My */,
				C91F614C1D9F96CA004FE75C /* ST_Square */,
				C91F612C1D9F8B77004FE75C /* ST_Home */,
			);
			path = Controller;
			sourceTree = "<group>";
		};
		C9C0E9A61D99687100575A7C /* controls */ = {
			isa = PBXGroup;
			children = (
			);
			path = controls;
			sourceTree = "<group>";
		};
		C9C0E9A71D99687100575A7C /* DBModel */ = {
			isa = PBXGroup;
			children = (
			);
			path = DBModel;
			sourceTree = "<group>";
		};
		C9C0E9A81D99687100575A7C /* Images */ = {
			isa = PBXGroup;
			children = (
				C91F61151D9F754F004FE75C /* ST_Home.xcassets */,
				1D293BCF1DB46BF700ED2CBB /* ST_Pooh.xcassets */,
				3C0FC2D61DBB492A00A71D16 /* ST_Square.xcassets */,
			);
			path = Images;
			sourceTree = "<group>";
		};
		C9C0E9A91D99687100575A7C /* Public */ = {
			isa = PBXGroup;
			children = (
				1D293B941DB4607D00ED2CBB /* Pooh */,
			);
			path = Public;
			sourceTree = "<group>";
		};
		D3532ED2F67E8AB375961CED /* Pods */ = {
			isa = PBXGroup;
			children = (
				A7A2B62D3C5383CC61730E93 /* Pods-ST_Travel.debug.xcconfig */,
				8CDEFBCFA054569A602B95F5 /* Pods-ST_Travel.release.xcconfig */,
			);
			name = Pods;
			sourceTree = "<group>";
		};
/* End PBXGroup section */

/* Begin PBXNativeTarget section */
		C9C0E94B1D9948F100575A7C /* ST_Travel */ = {
			isa = PBXNativeTarget;
			buildConfigurationList = C9C0E9791D9948F300575A7C /* Build configuration list for PBXNativeTarget "ST_Travel" */;
			buildPhases = (
				24978B89B6E512F4D70FA91F /* [CP] Check Pods Manifest.lock */,
				C9C0E9481D9948F100575A7C /* Sources */,
				C9C0E9491D9948F100575A7C /* Frameworks */,
				C9C0E94A1D9948F100575A7C /* Resources */,
				6F84DF5BACCEA5F067419499 /* [CP] Embed Pods Frameworks */,
				C55BCC6C5AFCA4E367DED97D /* [CP] Copy Pods Resources */,
			);
			buildRules = (
			);
			dependencies = (
			);
			name = ST_Travel;
			productName = ST_Travel;
			productReference = C9C0E94C1D9948F100575A7C /* ST_Travel.app */;
			productType = "com.apple.product-type.application";
		};
		C9C0E9641D9948F300575A7C /* ST_TravelTests */ = {
			isa = PBXNativeTarget;
			buildConfigurationList = C9C0E97C1D9948F300575A7C /* Build configuration list for PBXNativeTarget "ST_TravelTests" */;
			buildPhases = (
				C9C0E9611D9948F300575A7C /* Sources */,
				C9C0E9621D9948F300575A7C /* Frameworks */,
				C9C0E9631D9948F300575A7C /* Resources */,
			);
			buildRules = (
			);
			dependencies = (
				C9C0E9671D9948F300575A7C /* PBXTargetDependency */,
			);
			name = ST_TravelTests;
			productName = ST_TravelTests;
			productReference = C9C0E9651D9948F300575A7C /* ST_TravelTests.xctest */;
			productType = "com.apple.product-type.bundle.unit-test";
		};
		C9C0E96F1D9948F300575A7C /* ST_TravelUITests */ = {
			isa = PBXNativeTarget;
			buildConfigurationList = C9C0E97F1D9948F300575A7C /* Build configuration list for PBXNativeTarget "ST_TravelUITests" */;
			buildPhases = (
				C9C0E96C1D9948F300575A7C /* Sources */,
				C9C0E96D1D9948F300575A7C /* Frameworks */,
				C9C0E96E1D9948F300575A7C /* Resources */,
			);
			buildRules = (
			);
			dependencies = (
				C9C0E9721D9948F300575A7C /* PBXTargetDependency */,
			);
			name = ST_TravelUITests;
			productName = ST_TravelUITests;
			productReference = C9C0E9701D9948F300575A7C /* ST_TravelUITests.xctest */;
			productType = "com.apple.product-type.bundle.ui-testing";
		};
/* End PBXNativeTarget section */

/* Begin PBXProject section */
		C9C0E9441D9948F100575A7C /* Project object */ = {
			isa = PBXProject;
			attributes = {
				CLASSPREFIX = LBB;
				LastUpgradeCheck = 0800;
				ORGANIZATIONNAME = GL_RunMan;
				TargetAttributes = {
					C9C0E94B1D9948F100575A7C = {
						CreatedOnToolsVersion = 8.0;
						DevelopmentTeam = 7V268D74T3;
						ProvisioningStyle = Manual;
					};
					C9C0E9641D9948F300575A7C = {
						CreatedOnToolsVersion = 8.0;
						ProvisioningStyle = Automatic;
						TestTargetID = C9C0E94B1D9948F100575A7C;
					};
					C9C0E96F1D9948F300575A7C = {
						CreatedOnToolsVersion = 8.0;
						ProvisioningStyle = Automatic;
						TestTargetID = C9C0E94B1D9948F100575A7C;
					};
				};
			};
			buildConfigurationList = C9C0E9471D9948F100575A7C /* Build configuration list for PBXProject "ST_Travel" */;
			compatibilityVersion = "Xcode 3.2";
			developmentRegion = English;
			hasScannedForEncodings = 0;
			knownRegions = (
				en,
				Base,
			);
			mainGroup = C9C0E9431D9948F100575A7C;
			productRefGroup = C9C0E94D1D9948F100575A7C /* Products */;
			projectDirPath = "";
			projectRoot = "";
			targets = (
				C9C0E94B1D9948F100575A7C /* ST_Travel */,
				C9C0E9641D9948F300575A7C /* ST_TravelTests */,
				C9C0E96F1D9948F300575A7C /* ST_TravelUITests */,
			);
		};
/* End PBXProject section */

/* Begin PBXResourcesBuildPhase section */
		C9C0E94A1D9948F100575A7C /* Resources */ = {
			isa = PBXResourcesBuildPhase;
			buildActionMask = 2147483647;
			files = (
				C91F61581D9F96CA004FE75C /* ST_MyViewController.xib in Resources */,
				3C0FC2D71DBB492A00A71D16 /* ST_Square.xcassets in Resources */,
				C9C0E95F1D9948F200575A7C /* LaunchScreen.storyboard in Resources */,
				C91F61561D9F96CA004FE75C /* ST_MallViewController.xib in Resources */,
				1D293BD01DB46BF700ED2CBB /* ST_Pooh.xcassets in Resources */,
				C9C0E95C1D9948F200575A7C /* Assets.xcassets in Resources */,
				C91F615A1D9F96CA004FE75C /* ST_SquareViewController.xib in Resources */,
				C9C0E95A1D9948F100575A7C /* Main.storyboard in Resources */,
				C91F61391D9F8B94004FE75C /* ST_HomeViewController.xib in Resources */,
				C91F61161D9F754F004FE75C /* ST_Home.xcassets in Resources */,
			);
			runOnlyForDeploymentPostprocessing = 0;
		};
		C9C0E9631D9948F300575A7C /* Resources */ = {
			isa = PBXResourcesBuildPhase;
			buildActionMask = 2147483647;
			files = (
			);
			runOnlyForDeploymentPostprocessing = 0;
		};
		C9C0E96E1D9948F300575A7C /* Resources */ = {
			isa = PBXResourcesBuildPhase;
			buildActionMask = 2147483647;
			files = (
			);
			runOnlyForDeploymentPostprocessing = 0;
		};
/* End PBXResourcesBuildPhase section */

/* Begin PBXShellScriptBuildPhase section */
		24978B89B6E512F4D70FA91F /* [CP] Check Pods Manifest.lock */ = {
			isa = PBXShellScriptBuildPhase;
			buildActionMask = 2147483647;
			files = (
			);
			inputPaths = (
			);
			name = "[CP] Check Pods Manifest.lock";
			outputPaths = (
			);
			runOnlyForDeploymentPostprocessing = 0;
			shellPath = /bin/sh;
			shellScript = "diff \"${PODS_ROOT}/../Podfile.lock\" \"${PODS_ROOT}/Manifest.lock\" > /dev/null\nif [[ $? != 0 ]] ; then\n    cat << EOM\nerror: The sandbox is not in sync with the Podfile.lock. Run 'pod install' or update your CocoaPods installation.\nEOM\n    exit 1\nfi\n";
			showEnvVarsInLog = 0;
		};
		6F84DF5BACCEA5F067419499 /* [CP] Embed Pods Frameworks */ = {
			isa = PBXShellScriptBuildPhase;
			buildActionMask = 2147483647;
			files = (
			);
			inputPaths = (
			);
			name = "[CP] Embed Pods Frameworks";
			outputPaths = (
			);
			runOnlyForDeploymentPostprocessing = 0;
			shellPath = /bin/sh;
			shellScript = "\"${SRCROOT}/Pods/Target Support Files/Pods-ST_Travel/Pods-ST_Travel-frameworks.sh\"\n";
			showEnvVarsInLog = 0;
		};
		C55BCC6C5AFCA4E367DED97D /* [CP] Copy Pods Resources */ = {
			isa = PBXShellScriptBuildPhase;
			buildActionMask = 2147483647;
			files = (
			);
			inputPaths = (
			);
			name = "[CP] Copy Pods Resources";
			outputPaths = (
			);
			runOnlyForDeploymentPostprocessing = 0;
			shellPath = /bin/sh;
			shellScript = "\"${SRCROOT}/Pods/Target Support Files/Pods-ST_Travel/Pods-ST_Travel-resources.sh\"\n";
			showEnvVarsInLog = 0;
		};
/* End PBXShellScriptBuildPhase section */

/* Begin PBXSourcesBuildPhase section */
		C9C0E9481D9948F100575A7C /* Sources */ = {
			isa = PBXSourcesBuildPhase;
			buildActionMask = 2147483647;
			files = (
				1D293BC91DB4671700ED2CBB /* PoohDirector.m in Sources */,
				3C0FC2E91DBB5BDD00A71D16 /* ZJMHostTableViewCell.m in Sources */,
				C9C0E9571D9948F100575A7C /* ViewController.m in Sources */,
				1D293BBA1DB4607D00ED2CBB /* IConstants.m in Sources */,
				3C95E0631DB4C38100536704 /* ZJContentView.m in Sources */,
				3C5223131DB9B3DD002455D3 /* ZJMTravelCell.m in Sources */,
				1D293BB71DB4607D00ED2CBB /* UIImage+PoohCommon.m in Sources */,
				C91F61381D9F8B94004FE75C /* ST_HomeViewController.m in Sources */,
				1D293BB41DB4607D00ED2CBB /* NSString+PoohCommon.m in Sources */,
				3C0FC2E51DBB5BAE00A71D16 /* ZJMHostViewController.m in Sources */,
				3C0FC33D1DBC530F00A71D16 /* LBBFriendModel.m in Sources */,
				1D293BB81DB4607D00ED2CBB /* UIViewExt.m in Sources */,
				1D293BB01DB4607D00ED2CBB /* NSDate+PoohCategory.m in Sources */,
				3C0FC3001DBB9D9500A71D16 /* LBBVideoTableViewCell.m in Sources */,
				3C0FC2F51DBB5BF600A71D16 /* CommentBoxView.m in Sources */,
				3C95E0661DB4C38100536704 /* ZJScrollSegmentView.m in Sources */,
				3C0FC2D21DBB3AC800A71D16 /* ZJMHostModel.m in Sources */,
				3C0FC2E11DBB52ED00A71D16 /* UITableView+SDAutoTableViewCellHeight.m in Sources */,
				1D293BB11DB4607D00ED2CBB /* NSDateFormatter+PoohCategory.m in Sources */,
				1D293BCD1DB4680200ED2CBB /* DDFormatter.m in Sources */,
				3C3C10AC1DB8A7B200645134 /* LGSegment.m in Sources */,
				3C95E0651DB4C38100536704 /* ZJScrollPageView.m in Sources */,
				1D293BB61DB4607D00ED2CBB /* UIImage+animatedGIF.m in Sources */,
				3C0FC3301DBC405100A71D16 /* LBBTravelContentImage.m in Sources */,
				3C0FC2D11DBB3AC800A71D16 /* PraiseModel.m in Sources */,
				C9C0E9541D9948F100575A7C /* AppDelegate.m in Sources */,
				1D293BBB1DB4607D00ED2CBB /* UIConstants.m in Sources */,
				3C0FC33A1DBC504B00A71D16 /* LBBFriendTableViewCell.m in Sources */,
				3C0FC2F61DBB5BF600A71D16 /* CommentView.m in Sources */,
				3C0FC2F81DBB5BF600A71D16 /* PraiseView.m in Sources */,
				1D293B6B1DB45E6D00ED2CBB /* PoohBaseViewController.m in Sources */,
				3C95E0621DB4C38100536704 /* UIView+ZJFrame.m in Sources */,
				3C0FC2E21DBB52ED00A71D16 /* UIView+SDAutoLayout.m in Sources */,
				C9C0E9511D9948F100575A7C /* main.m in Sources */,
				3C0FC3401DBCA0C000A71D16 /* LBBHostDetailViewController.m in Sources */,
				3C5223101DB9B183002455D3 /* ZJMTravelsViewController.m in Sources */,
				1D293BB31DB4607D00ED2CBB /* NSObject+PoohCommon.m in Sources */,
				3C0FC3341DBC41BB00A71D16 /* LBBTravelTableViewCell.m in Sources */,
				3C95E0671DB4C38100536704 /* ZJSegmentStyle.m in Sources */,
				1D293BB51DB4607D00ED2CBB /* UIColor+PoohCommon.m in Sources */,
				3C0FC2F91DBB5BF600A71D16 /* ZJMCommentView.m in Sources */,
				1D293BB21DB4607D00ED2CBB /* NSDictionary+PoohCommon.m in Sources */,
				3C95E0541DB4BF5900536704 /* ZJMSearchBar.m in Sources */,
				3C5223161DB9B507002455D3 /* ZJMTravelModel.m in Sources */,
				C91F61551D9F96CA004FE75C /* ST_MallViewController.m in Sources */,
				3C0FC3371DBC4FEE00A71D16 /* LBBFriendViewController.m in Sources */,
				C91F61591D9F96CA004FE75C /* ST_SquareViewController.m in Sources */,
				3C95E0641DB4C38100536704 /* ZJCustomLabel.m in Sources */,
				3CE866131DB610BF0022830C /* ZJMBaseViewController.m in Sources */,
				C91F61571D9F96CA004FE75C /* ST_MyViewController.m in Sources */,
				3C0FC2D01DBB3AC800A71D16 /* CommentModel.m in Sources */,
				3C0FC2F71DBB5BF600A71D16 /* ContentImageView.m in Sources */,
				3C0FC2FD1DBB9D5E00A71D16 /* LBBVideoViewController.m in Sources */,
				C91F61341D9F8B77004FE75C /* ST_TabBarController.m in Sources */,
			);
			runOnlyForDeploymentPostprocessing = 0;
		};
		C9C0E9611D9948F300575A7C /* Sources */ = {
			isa = PBXSourcesBuildPhase;
			buildActionMask = 2147483647;
			files = (
				C9C0E96A1D9948F300575A7C /* ST_TravelTests.m in Sources */,
			);
			runOnlyForDeploymentPostprocessing = 0;
		};
		C9C0E96C1D9948F300575A7C /* Sources */ = {
			isa = PBXSourcesBuildPhase;
			buildActionMask = 2147483647;
			files = (
				C9C0E9751D9948F300575A7C /* ST_TravelUITests.m in Sources */,
			);
			runOnlyForDeploymentPostprocessing = 0;
		};
/* End PBXSourcesBuildPhase section */

/* Begin PBXTargetDependency section */
		C9C0E9671D9948F300575A7C /* PBXTargetDependency */ = {
			isa = PBXTargetDependency;
			target = C9C0E94B1D9948F100575A7C /* ST_Travel */;
			targetProxy = C9C0E9661D9948F300575A7C /* PBXContainerItemProxy */;
		};
		C9C0E9721D9948F300575A7C /* PBXTargetDependency */ = {
			isa = PBXTargetDependency;
			target = C9C0E94B1D9948F100575A7C /* ST_Travel */;
			targetProxy = C9C0E9711D9948F300575A7C /* PBXContainerItemProxy */;
		};
/* End PBXTargetDependency section */

/* Begin PBXVariantGroup section */
		C9C0E9581D9948F100575A7C /* Main.storyboard */ = {
			isa = PBXVariantGroup;
			children = (
				C9C0E9591D9948F100575A7C /* Base */,
			);
			name = Main.storyboard;
			sourceTree = "<group>";
		};
		C9C0E95D1D9948F200575A7C /* LaunchScreen.storyboard */ = {
			isa = PBXVariantGroup;
			children = (
				C9C0E95E1D9948F200575A7C /* Base */,
			);
			name = LaunchScreen.storyboard;
			sourceTree = "<group>";
		};
/* End PBXVariantGroup section */

/* Begin XCBuildConfiguration section */
		C9C0E9771D9948F300575A7C /* Debug */ = {
			isa = XCBuildConfiguration;
			buildSettings = {
				ALWAYS_SEARCH_USER_PATHS = NO;
				CLANG_ANALYZER_NONNULL = YES;
				CLANG_CXX_LANGUAGE_STANDARD = "gnu++0x";
				CLANG_CXX_LIBRARY = "libc++";
				CLANG_ENABLE_MODULES = YES;
				CLANG_ENABLE_OBJC_ARC = YES;
				CLANG_WARN_BOOL_CONVERSION = YES;
				CLANG_WARN_CONSTANT_CONVERSION = YES;
				CLANG_WARN_DIRECT_OBJC_ISA_USAGE = YES_ERROR;
				CLANG_WARN_DOCUMENTATION_COMMENTS = YES;
				CLANG_WARN_EMPTY_BODY = YES;
				CLANG_WARN_ENUM_CONVERSION = YES;
				CLANG_WARN_INFINITE_RECURSION = YES;
				CLANG_WARN_INT_CONVERSION = YES;
				CLANG_WARN_OBJC_ROOT_CLASS = YES_ERROR;
				CLANG_WARN_SUSPICIOUS_MOVE = YES;
				CLANG_WARN_SUSPICIOUS_MOVES = YES;
				CLANG_WARN_UNREACHABLE_CODE = YES;
				CLANG_WARN__DUPLICATE_METHOD_MATCH = YES;
				"CODE_SIGN_IDENTITY[sdk=iphoneos*]" = "iPhone Developer";
				COPY_PHASE_STRIP = NO;
				DEBUG_INFORMATION_FORMAT = dwarf;
				ENABLE_STRICT_OBJC_MSGSEND = YES;
				ENABLE_TESTABILITY = YES;
				GCC_C_LANGUAGE_STANDARD = gnu99;
				GCC_DYNAMIC_NO_PIC = NO;
				GCC_NO_COMMON_BLOCKS = YES;
				GCC_OPTIMIZATION_LEVEL = 0;
				GCC_PREPROCESSOR_DEFINITIONS = (
					"DEBUG=1",
					"$(inherited)",
				);
				GCC_WARN_64_TO_32_BIT_CONVERSION = YES;
				GCC_WARN_ABOUT_RETURN_TYPE = YES_ERROR;
				GCC_WARN_UNDECLARED_SELECTOR = YES;
				GCC_WARN_UNINITIALIZED_AUTOS = YES_AGGRESSIVE;
				GCC_WARN_UNUSED_FUNCTION = YES;
				GCC_WARN_UNUSED_VARIABLE = YES;
				IPHONEOS_DEPLOYMENT_TARGET = 8.0;
				MTL_ENABLE_DEBUG_INFO = YES;
				ONLY_ACTIVE_ARCH = YES;
				SDKROOT = iphoneos;
			};
			name = Debug;
		};
		C9C0E9781D9948F300575A7C /* Release */ = {
			isa = XCBuildConfiguration;
			buildSettings = {
				ALWAYS_SEARCH_USER_PATHS = NO;
				CLANG_ANALYZER_NONNULL = YES;
				CLANG_CXX_LANGUAGE_STANDARD = "gnu++0x";
				CLANG_CXX_LIBRARY = "libc++";
				CLANG_ENABLE_MODULES = YES;
				CLANG_ENABLE_OBJC_ARC = YES;
				CLANG_WARN_BOOL_CONVERSION = YES;
				CLANG_WARN_CONSTANT_CONVERSION = YES;
				CLANG_WARN_DIRECT_OBJC_ISA_USAGE = YES_ERROR;
				CLANG_WARN_DOCUMENTATION_COMMENTS = YES;
				CLANG_WARN_EMPTY_BODY = YES;
				CLANG_WARN_ENUM_CONVERSION = YES;
				CLANG_WARN_INFINITE_RECURSION = YES;
				CLANG_WARN_INT_CONVERSION = YES;
				CLANG_WARN_OBJC_ROOT_CLASS = YES_ERROR;
				CLANG_WARN_SUSPICIOUS_MOVE = YES;
				CLANG_WARN_SUSPICIOUS_MOVES = YES;
				CLANG_WARN_UNREACHABLE_CODE = YES;
				CLANG_WARN__DUPLICATE_METHOD_MATCH = YES;
				"CODE_SIGN_IDENTITY[sdk=iphoneos*]" = "iPhone Developer";
				COPY_PHASE_STRIP = NO;
				DEBUG_INFORMATION_FORMAT = "dwarf-with-dsym";
				ENABLE_NS_ASSERTIONS = NO;
				ENABLE_STRICT_OBJC_MSGSEND = YES;
				GCC_C_LANGUAGE_STANDARD = gnu99;
				GCC_NO_COMMON_BLOCKS = YES;
				GCC_WARN_64_TO_32_BIT_CONVERSION = YES;
				GCC_WARN_ABOUT_RETURN_TYPE = YES_ERROR;
				GCC_WARN_UNDECLARED_SELECTOR = YES;
				GCC_WARN_UNINITIALIZED_AUTOS = YES_AGGRESSIVE;
				GCC_WARN_UNUSED_FUNCTION = YES;
				GCC_WARN_UNUSED_VARIABLE = YES;
				IPHONEOS_DEPLOYMENT_TARGET = 8.0;
				MTL_ENABLE_DEBUG_INFO = NO;
				SDKROOT = iphoneos;
				VALIDATE_PRODUCT = YES;
			};
			name = Release;
		};
		C9C0E97A1D9948F300575A7C /* Debug */ = {
			isa = XCBuildConfiguration;
			baseConfigurationReference = A7A2B62D3C5383CC61730E93 /* Pods-ST_Travel.debug.xcconfig */;
			buildSettings = {
				ASSETCATALOG_COMPILER_APPICON_NAME = AppIcon;
				CODE_SIGN_IDENTITY = "iPhone Developer: dawei che (8475DELD6B)";
				"CODE_SIGN_IDENTITY[sdk=iphoneos*]" = "iPhone Developer: dawei che (8475DELD6B)";
				DEVELOPMENT_TEAM = 7V268D74T3;
				GCC_PREFIX_HEADER = "$(PROJECT)/PrefixHeader.pch";
				INFOPLIST_FILE = ST_Travel/Info.plist;
				IPHONEOS_DEPLOYMENT_TARGET = 8.4;
				LD_RUNPATH_SEARCH_PATHS = "$(inherited) @executable_path/Frameworks";
				PRODUCT_BUNDLE_IDENTIFIER = com.forudesigns.kolj;
				PRODUCT_NAME = "$(TARGET_NAME)";
				PROVISIONING_PROFILE = "ab71d52a-54ad-4148-a1ab-4c42cca58c19";
				PROVISIONING_PROFILE_SPECIFIER = Development_Foru_ZJM;
			};
			name = Debug;
		};
		C9C0E97B1D9948F300575A7C /* Release */ = {
			isa = XCBuildConfiguration;
			baseConfigurationReference = 8CDEFBCFA054569A602B95F5 /* Pods-ST_Travel.release.xcconfig */;
			buildSettings = {
				ASSETCATALOG_COMPILER_APPICON_NAME = AppIcon;
				CODE_SIGN_IDENTITY = "iPhone Developer: dawei che (8475DELD6B)";
				"CODE_SIGN_IDENTITY[sdk=iphoneos*]" = "iPhone Developer: dawei che (8475DELD6B)";
				DEVELOPMENT_TEAM = 7V268D74T3;
				GCC_PREFIX_HEADER = "$(PROJECT)/PrefixHeader.pch";
				INFOPLIST_FILE = ST_Travel/Info.plist;
				IPHONEOS_DEPLOYMENT_TARGET = 8.4;
				LD_RUNPATH_SEARCH_PATHS = "$(inherited) @executable_path/Frameworks";
				PRODUCT_BUNDLE_IDENTIFIER = com.forudesigns.kolj;
				PRODUCT_NAME = "$(TARGET_NAME)";
				PROVISIONING_PROFILE = "ab71d52a-54ad-4148-a1ab-4c42cca58c19";
				PROVISIONING_PROFILE_SPECIFIER = Development_Foru_ZJM;
			};
			name = Release;
		};
		C9C0E97D1D9948F300575A7C /* Debug */ = {
			isa = XCBuildConfiguration;
			buildSettings = {
				BUNDLE_LOADER = "$(TEST_HOST)";
				INFOPLIST_FILE = ST_TravelTests/Info.plist;
				LD_RUNPATH_SEARCH_PATHS = "$(inherited) @executable_path/Frameworks @loader_path/Frameworks";
				PRODUCT_BUNDLE_IDENTIFIER = "yuan..ST-TravelTests";
				PRODUCT_NAME = "$(TARGET_NAME)";
				TEST_HOST = "$(BUILT_PRODUCTS_DIR)/ST_Travel.app/ST_Travel";
			};
			name = Debug;
		};
		C9C0E97E1D9948F300575A7C /* Release */ = {
			isa = XCBuildConfiguration;
			buildSettings = {
				BUNDLE_LOADER = "$(TEST_HOST)";
				INFOPLIST_FILE = ST_TravelTests/Info.plist;
				LD_RUNPATH_SEARCH_PATHS = "$(inherited) @executable_path/Frameworks @loader_path/Frameworks";
				PRODUCT_BUNDLE_IDENTIFIER = "yuan..ST-TravelTests";
				PRODUCT_NAME = "$(TARGET_NAME)";
				TEST_HOST = "$(BUILT_PRODUCTS_DIR)/ST_Travel.app/ST_Travel";
			};
			name = Release;
		};
		C9C0E9801D9948F300575A7C /* Debug */ = {
			isa = XCBuildConfiguration;
			buildSettings = {
				INFOPLIST_FILE = ST_TravelUITests/Info.plist;
				LD_RUNPATH_SEARCH_PATHS = "$(inherited) @executable_path/Frameworks @loader_path/Frameworks";
				PRODUCT_BUNDLE_IDENTIFIER = "yuan..ST-TravelUITests";
				PRODUCT_NAME = "$(TARGET_NAME)";
				TEST_TARGET_NAME = ST_Travel;
			};
			name = Debug;
		};
		C9C0E9811D9948F300575A7C /* Release */ = {
			isa = XCBuildConfiguration;
			buildSettings = {
				INFOPLIST_FILE = ST_TravelUITests/Info.plist;
				LD_RUNPATH_SEARCH_PATHS = "$(inherited) @executable_path/Frameworks @loader_path/Frameworks";
				PRODUCT_BUNDLE_IDENTIFIER = "yuan..ST-TravelUITests";
				PRODUCT_NAME = "$(TARGET_NAME)";
				TEST_TARGET_NAME = ST_Travel;
			};
			name = Release;
		};
/* End XCBuildConfiguration section */

/* Begin XCConfigurationList section */
		C9C0E9471D9948F100575A7C /* Build configuration list for PBXProject "ST_Travel" */ = {
			isa = XCConfigurationList;
			buildConfigurations = (
				C9C0E9771D9948F300575A7C /* Debug */,
				C9C0E9781D9948F300575A7C /* Release */,
			);
			defaultConfigurationIsVisible = 0;
			defaultConfigurationName = Release;
		};
		C9C0E9791D9948F300575A7C /* Build configuration list for PBXNativeTarget "ST_Travel" */ = {
			isa = XCConfigurationList;
			buildConfigurations = (
				C9C0E97A1D9948F300575A7C /* Debug */,
				C9C0E97B1D9948F300575A7C /* Release */,
			);
			defaultConfigurationIsVisible = 0;
			defaultConfigurationName = Release;
		};
		C9C0E97C1D9948F300575A7C /* Build configuration list for PBXNativeTarget "ST_TravelTests" */ = {
			isa = XCConfigurationList;
			buildConfigurations = (
				C9C0E97D1D9948F300575A7C /* Debug */,
				C9C0E97E1D9948F300575A7C /* Release */,
			);
			defaultConfigurationIsVisible = 0;
			defaultConfigurationName = Release;
		};
		C9C0E97F1D9948F300575A7C /* Build configuration list for PBXNativeTarget "ST_TravelUITests" */ = {
			isa = XCConfigurationList;
			buildConfigurations = (
				C9C0E9801D9948F300575A7C /* Debug */,
				C9C0E9811D9948F300575A7C /* Release */,
			);
			defaultConfigurationIsVisible = 0;
			defaultConfigurationName = Release;
		};
/* End XCConfigurationList section */
	};
	rootObject = C9C0E9441D9948F100575A7C /* Project object */;
}
