// !$*UTF8*$!
{
	archiveVersion = 1;
	classes = {
	};
	objectVersion = 46;
	objects = {

/* Begin PBXBuildFile section */
		1BD583A61E06E74200DED267 /* GLKit.framework in Frameworks */ = {isa = PBXBuildFile; fileRef = 1BD583A51E06E74200DED267 /* GLKit.framework */; };
		1DAC47CD1DE2B259001443DE /* CoreLocation.framework in Frameworks */ = {isa = PBXBuildFile; fileRef = 1DAC47CC1DE2B259001443DE /* CoreLocation.framework */; };
		1DAC47CF1DE2B25F001443DE /* MapKit.framework in Frameworks */ = {isa = PBXBuildFile; fileRef = 1DAC47CE1DE2B25F001443DE /* MapKit.framework */; };
		1DB1502F1DF313770023A740 /* Main.storyboard in Resources */ = {isa = PBXBuildFile; fileRef = 1DB1502B1DF313770023A740 /* Main.storyboard */; };
		1DB150301DF313770023A740 /* LaunchScreen.storyboard in Resources */ = {isa = PBXBuildFile; fileRef = 1DB1502D1DF313770023A740 /* LaunchScreen.storyboard */; };
		3C455DDE1DEEB6090086B53D /* CoreData.framework in Frameworks */ = {isa = PBXBuildFile; fileRef = 3C455DDD1DEEB6090086B53D /* CoreData.framework */; };
		3C518C551DF66F22002653EC /* MediaPlayer.framework in Frameworks */ = {isa = PBXBuildFile; fileRef = 3C518C541DF66F22002653EC /* MediaPlayer.framework */; };
		8420AF7E1DF2981700D98F86 /* CoreTelephony.framework in Frameworks */ = {isa = PBXBuildFile; fileRef = 8420AF7D1DF2981700D98F86 /* CoreTelephony.framework */; };
		844065CC1DEAC7C500164DED /* libc++.tbd in Frameworks */ = {isa = PBXBuildFile; fileRef = 844065CB1DEAC7C500164DED /* libc++.tbd */; };
		844065CE1DEAC7CD00164DED /* libsqlite3.0.tbd in Frameworks */ = {isa = PBXBuildFile; fileRef = 844065CD1DEAC7CD00164DED /* libsqlite3.0.tbd */; };
		844065D01DEAC7D300164DED /* libz.tbd in Frameworks */ = {isa = PBXBuildFile; fileRef = 844065CF1DEAC7D300164DED /* libz.tbd */; };
		847FF6171E02CF06009D1131 /* UIKit.framework in Frameworks */ = {isa = PBXBuildFile; fileRef = 847FF6161E02CF06009D1131 /* UIKit.framework */; };
		847FF6191E02CF0D009D1131 /* AddressBook.framework in Frameworks */ = {isa = PBXBuildFile; fileRef = 847FF6181E02CF0D009D1131 /* AddressBook.framework */; };
		847FF61B1E02CF14009D1131 /* SystemConfiguration.framework in Frameworks */ = {isa = PBXBuildFile; fileRef = 847FF61A1E02CF14009D1131 /* SystemConfiguration.framework */; };
		847FF61D1E02CF39009D1131 /* libstdc++.6.0.9.tbd in Frameworks */ = {isa = PBXBuildFile; fileRef = 847FF61C1E02CF39009D1131 /* libstdc++.6.0.9.tbd */; };
		847FF61F1E02CF42009D1131 /* libsqlite3.tbd in Frameworks */ = {isa = PBXBuildFile; fileRef = 847FF61E1E02CF42009D1131 /* libsqlite3.tbd */; };
		847FF6211E02CF4E009D1131 /* libresolv.tbd in Frameworks */ = {isa = PBXBuildFile; fileRef = 847FF6201E02CF4E009D1131 /* libresolv.tbd */; };
		847FF6231E02CF54009D1131 /* MobileCoreServices.framework in Frameworks */ = {isa = PBXBuildFile; fileRef = 847FF6221E02CF54009D1131 /* MobileCoreServices.framework */; };
		847FF6251E02CF59009D1131 /* ImageIO.framework in Frameworks */ = {isa = PBXBuildFile; fileRef = 847FF6241E02CF59009D1131 /* ImageIO.framework */; };
		847FF6271E02CF60009D1131 /* AudioToolbox.framework in Frameworks */ = {isa = PBXBuildFile; fileRef = 847FF6261E02CF60009D1131 /* AudioToolbox.framework */; };
		847FF6291E02CF66009D1131 /* AVFoundation.framework in Frameworks */ = {isa = PBXBuildFile; fileRef = 847FF6281E02CF66009D1131 /* AVFoundation.framework */; };
		847FF62B1E02CF6F009D1131 /* AssetsLibrary.framework in Frameworks */ = {isa = PBXBuildFile; fileRef = 847FF62A1E02CF6F009D1131 /* AssetsLibrary.framework */; };
		847FF62D1E02CF75009D1131 /* CoreMotion.framework in Frameworks */ = {isa = PBXBuildFile; fileRef = 847FF62C1E02CF75009D1131 /* CoreMotion.framework */; };
		B25926B0BFB80D1B90FB4793 /* libPods-ST_Travel.a in Frameworks */ = {isa = PBXBuildFile; fileRef = 0870AB83FAA0D30BD981EC9B /* libPods-ST_Travel.a */; };
		C91F610C1D9F559C004FE75C /* QuartzCore.framework in Frameworks */ = {isa = PBXBuildFile; fileRef = C91F610B1D9F559C004FE75C /* QuartzCore.framework */; };
		C9C0E9511D9948F100575A7C /* main.m in Sources */ = {isa = PBXBuildFile; fileRef = C9C0E9501D9948F100575A7C /* main.m */; };
		C9C0E9541D9948F100575A7C /* AppDelegate.m in Sources */ = {isa = PBXBuildFile; fileRef = C9C0E9531D9948F100575A7C /* AppDelegate.m */; };
		C9C0E9571D9948F100575A7C /* ViewController.m in Sources */ = {isa = PBXBuildFile; fileRef = C9C0E9561D9948F100575A7C /* ViewController.m */; };
		C9C0E95C1D9948F200575A7C /* Assets.xcassets in Resources */ = {isa = PBXBuildFile; fileRef = C9C0E95B1D9948F200575A7C /* Assets.xcassets */; };
		C9C0E96A1D9948F300575A7C /* ST_TravelTests.m in Sources */ = {isa = PBXBuildFile; fileRef = C9C0E9691D9948F300575A7C /* ST_TravelTests.m */; };
		C9C0E9751D9948F300575A7C /* ST_TravelUITests.m in Sources */ = {isa = PBXBuildFile; fileRef = C9C0E9741D9948F300575A7C /* ST_TravelUITests.m */; };
/* End PBXBuildFile section */

/* Begin PBXContainerItemProxy section */
		C9C0E9661D9948F300575A7C /* PBXContainerItemProxy */ = {
			isa = PBXContainerItemProxy;
			containerPortal = C9C0E9441D9948F100575A7C /* Project object */;
			proxyType = 1;
			remoteGlobalIDString = C9C0E94B1D9948F100575A7C;
			remoteInfo = ST_Travel;
		};
		C9C0E9711D9948F300575A7C /* PBXContainerItemProxy */ = {
			isa = PBXContainerItemProxy;
			containerPortal = C9C0E9441D9948F100575A7C /* Project object */;
			proxyType = 1;
			remoteGlobalIDString = C9C0E94B1D9948F100575A7C;
			remoteInfo = ST_Travel;
		};
/* End PBXContainerItemProxy section */

/* Begin PBXFileReference section */
		0870AB83FAA0D30BD981EC9B /* libPods-ST_Travel.a */ = {isa = PBXFileReference; explicitFileType = archive.ar; includeInIndex = 0; path = "libPods-ST_Travel.a"; sourceTree = BUILT_PRODUCTS_DIR; };
		1B5D209C1E12D21D0027CA43 /* ST_Travel.entitlements */ = {isa = PBXFileReference; lastKnownFileType = text.plist.entitlements; path = ST_Travel.entitlements; sourceTree = "<group>"; };
		1BD583A51E06E74200DED267 /* GLKit.framework */ = {isa = PBXFileReference; lastKnownFileType = wrapper.framework; name = GLKit.framework; path = System/Library/Frameworks/GLKit.framework; sourceTree = SDKROOT; };
		1DAC47CC1DE2B259001443DE /* CoreLocation.framework */ = {isa = PBXFileReference; lastKnownFileType = wrapper.framework; name = CoreLocation.framework; path = System/Library/Frameworks/CoreLocation.framework; sourceTree = SDKROOT; };
		1DAC47CE1DE2B25F001443DE /* MapKit.framework */ = {isa = PBXFileReference; lastKnownFileType = wrapper.framework; name = MapKit.framework; path = System/Library/Frameworks/MapKit.framework; sourceTree = SDKROOT; };
		1DB1502C1DF313770023A740 /* Base */ = {isa = PBXFileReference; lastKnownFileType = file.storyboard; name = Base; path = Base.lproj/Main.storyboard; sourceTree = "<group>"; };
		1DB1502E1DF313770023A740 /* Base */ = {isa = PBXFileReference; lastKnownFileType = file.storyboard; name = Base; path = Base.lproj/LaunchScreen.storyboard; sourceTree = "<group>"; };
		3C455DDD1DEEB6090086B53D /* CoreData.framework */ = {isa = PBXFileReference; lastKnownFileType = wrapper.framework; name = CoreData.framework; path = System/Library/Frameworks/CoreData.framework; sourceTree = SDKROOT; };
		3C518C541DF66F22002653EC /* MediaPlayer.framework */ = {isa = PBXFileReference; lastKnownFileType = wrapper.framework; name = MediaPlayer.framework; path = System/Library/Frameworks/MediaPlayer.framework; sourceTree = SDKROOT; };
		8420AF7B1DF297C300D98F86 /* libTelephonyUtilDynamic.tbd */ = {isa = PBXFileReference; lastKnownFileType = "sourcecode.text-based-dylib-definition"; name = libTelephonyUtilDynamic.tbd; path = usr/lib/libTelephonyUtilDynamic.tbd; sourceTree = SDKROOT; };
		8420AF7D1DF2981700D98F86 /* CoreTelephony.framework */ = {isa = PBXFileReference; lastKnownFileType = wrapper.framework; name = CoreTelephony.framework; path = System/Library/Frameworks/CoreTelephony.framework; sourceTree = SDKROOT; };
		844065CB1DEAC7C500164DED /* libc++.tbd */ = {isa = PBXFileReference; lastKnownFileType = "sourcecode.text-based-dylib-definition"; name = "libc++.tbd"; path = "usr/lib/libc++.tbd"; sourceTree = SDKROOT; };
		844065CD1DEAC7CD00164DED /* libsqlite3.0.tbd */ = {isa = PBXFileReference; lastKnownFileType = "sourcecode.text-based-dylib-definition"; name = libsqlite3.0.tbd; path = usr/lib/libsqlite3.0.tbd; sourceTree = SDKROOT; };
		844065CF1DEAC7D300164DED /* libz.tbd */ = {isa = PBXFileReference; lastKnownFileType = "sourcecode.text-based-dylib-definition"; name = libz.tbd; path = usr/lib/libz.tbd; sourceTree = SDKROOT; };
		847FF6161E02CF06009D1131 /* UIKit.framework */ = {isa = PBXFileReference; lastKnownFileType = wrapper.framework; name = UIKit.framework; path = System/Library/Frameworks/UIKit.framework; sourceTree = SDKROOT; };
		847FF6181E02CF0D009D1131 /* AddressBook.framework */ = {isa = PBXFileReference; lastKnownFileType = wrapper.framework; name = AddressBook.framework; path = System/Library/Frameworks/AddressBook.framework; sourceTree = SDKROOT; };
		847FF61A1E02CF14009D1131 /* SystemConfiguration.framework */ = {isa = PBXFileReference; lastKnownFileType = wrapper.framework; name = SystemConfiguration.framework; path = System/Library/Frameworks/SystemConfiguration.framework; sourceTree = SDKROOT; };
		847FF61C1E02CF39009D1131 /* libstdc++.6.0.9.tbd */ = {isa = PBXFileReference; lastKnownFileType = "sourcecode.text-based-dylib-definition"; name = "libstdc++.6.0.9.tbd"; path = "usr/lib/libstdc++.6.0.9.tbd"; sourceTree = SDKROOT; };
		847FF61E1E02CF42009D1131 /* libsqlite3.tbd */ = {isa = PBXFileReference; lastKnownFileType = "sourcecode.text-based-dylib-definition"; name = libsqlite3.tbd; path = usr/lib/libsqlite3.tbd; sourceTree = SDKROOT; };
		847FF6201E02CF4E009D1131 /* libresolv.tbd */ = {isa = PBXFileReference; lastKnownFileType = "sourcecode.text-based-dylib-definition"; name = libresolv.tbd; path = usr/lib/libresolv.tbd; sourceTree = SDKROOT; };
		847FF6221E02CF54009D1131 /* MobileCoreServices.framework */ = {isa = PBXFileReference; lastKnownFileType = wrapper.framework; name = MobileCoreServices.framework; path = System/Library/Frameworks/MobileCoreServices.framework; sourceTree = SDKROOT; };
		847FF6241E02CF59009D1131 /* ImageIO.framework */ = {isa = PBXFileReference; lastKnownFileType = wrapper.framework; name = ImageIO.framework; path = System/Library/Frameworks/ImageIO.framework; sourceTree = SDKROOT; };
		847FF6261E02CF60009D1131 /* AudioToolbox.framework */ = {isa = PBXFileReference; lastKnownFileType = wrapper.framework; name = AudioToolbox.framework; path = System/Library/Frameworks/AudioToolbox.framework; sourceTree = SDKROOT; };
		847FF6281E02CF66009D1131 /* AVFoundation.framework */ = {isa = PBXFileReference; lastKnownFileType = wrapper.framework; name = AVFoundation.framework; path = System/Library/Frameworks/AVFoundation.framework; sourceTree = SDKROOT; };
		847FF62A1E02CF6F009D1131 /* AssetsLibrary.framework */ = {isa = PBXFileReference; lastKnownFileType = wrapper.framework; name = AssetsLibrary.framework; path = System/Library/Frameworks/AssetsLibrary.framework; sourceTree = SDKROOT; };
		847FF62C1E02CF75009D1131 /* CoreMotion.framework */ = {isa = PBXFileReference; lastKnownFileType = wrapper.framework; name = CoreMotion.framework; path = System/Library/Frameworks/CoreMotion.framework; sourceTree = SDKROOT; };
		8CDEFBCFA054569A602B95F5 /* Pods-ST_Travel.release.xcconfig */ = {isa = PBXFileReference; includeInIndex = 1; lastKnownFileType = text.xcconfig; name = "Pods-ST_Travel.release.xcconfig"; path = "Pods/Target Support Files/Pods-ST_Travel/Pods-ST_Travel.release.xcconfig"; sourceTree = "<group>"; };
		A7A2B62D3C5383CC61730E93 /* Pods-ST_Travel.debug.xcconfig */ = {isa = PBXFileReference; includeInIndex = 1; lastKnownFileType = text.xcconfig; name = "Pods-ST_Travel.debug.xcconfig"; path = "Pods/Target Support Files/Pods-ST_Travel/Pods-ST_Travel.debug.xcconfig"; sourceTree = "<group>"; };
		C91F610A1D9F5408004FE75C /* PrefixHeader.pch */ = {isa = PBXFileReference; lastKnownFileType = sourcecode.c.h; path = PrefixHeader.pch; sourceTree = "<group>"; };
		C91F610B1D9F559C004FE75C /* QuartzCore.framework */ = {isa = PBXFileReference; lastKnownFileType = wrapper.framework; name = QuartzCore.framework; path = System/Library/Frameworks/QuartzCore.framework; sourceTree = SDKROOT; };
		C9C0E94C1D9948F100575A7C /* ST_Travel.app */ = {isa = PBXFileReference; explicitFileType = wrapper.application; includeInIndex = 0; path = ST_Travel.app; sourceTree = BUILT_PRODUCTS_DIR; };
		C9C0E9501D9948F100575A7C /* main.m */ = {isa = PBXFileReference; lastKnownFileType = sourcecode.c.objc; path = main.m; sourceTree = "<group>"; };
		C9C0E9521D9948F100575A7C /* AppDelegate.h */ = {isa = PBXFileReference; lastKnownFileType = sourcecode.c.h; path = AppDelegate.h; sourceTree = "<group>"; };
		C9C0E9531D9948F100575A7C /* AppDelegate.m */ = {isa = PBXFileReference; lastKnownFileType = sourcecode.c.objc; path = AppDelegate.m; sourceTree = "<group>"; };
		C9C0E9551D9948F100575A7C /* ViewController.h */ = {isa = PBXFileReference; lastKnownFileType = sourcecode.c.h; path = ViewController.h; sourceTree = "<group>"; };
		C9C0E9561D9948F100575A7C /* ViewController.m */ = {isa = PBXFileReference; lastKnownFileType = sourcecode.c.objc; path = ViewController.m; sourceTree = "<group>"; };
		C9C0E95B1D9948F200575A7C /* Assets.xcassets */ = {isa = PBXFileReference; lastKnownFileType = folder.assetcatalog; path = Assets.xcassets; sourceTree = "<group>"; };
		C9C0E9601D9948F200575A7C /* Info.plist */ = {isa = PBXFileReference; lastKnownFileType = text.plist.xml; path = Info.plist; sourceTree = "<group>"; };
		C9C0E9651D9948F300575A7C /* ST_TravelTests.xctest */ = {isa = PBXFileReference; explicitFileType = wrapper.cfbundle; includeInIndex = 0; path = ST_TravelTests.xctest; sourceTree = BUILT_PRODUCTS_DIR; };
		C9C0E9691D9948F300575A7C /* ST_TravelTests.m */ = {isa = PBXFileReference; lastKnownFileType = sourcecode.c.objc; path = ST_TravelTests.m; sourceTree = "<group>"; };
		C9C0E96B1D9948F300575A7C /* Info.plist */ = {isa = PBXFileReference; lastKnownFileType = text.plist.xml; path = Info.plist; sourceTree = "<group>"; };
		C9C0E9701D9948F300575A7C /* ST_TravelUITests.xctest */ = {isa = PBXFileReference; explicitFileType = wrapper.cfbundle; includeInIndex = 0; path = ST_TravelUITests.xctest; sourceTree = BUILT_PRODUCTS_DIR; };
		C9C0E9741D9948F300575A7C /* ST_TravelUITests.m */ = {isa = PBXFileReference; lastKnownFileType = sourcecode.c.objc; path = ST_TravelUITests.m; sourceTree = "<group>"; };
		C9C0E9761D9948F300575A7C /* Info.plist */ = {isa = PBXFileReference; lastKnownFileType = text.plist.xml; path = Info.plist; sourceTree = "<group>"; };
/* End PBXFileReference section */

/* Begin PBXFrameworksBuildPhase section */
		C9C0E9491D9948F100575A7C /* Frameworks */ = {
			isa = PBXFrameworksBuildPhase;
			buildActionMask = 2147483647;
			files = (
				1BD583A61E06E74200DED267 /* GLKit.framework in Frameworks */,
				847FF62D1E02CF75009D1131 /* CoreMotion.framework in Frameworks */,
				847FF62B1E02CF6F009D1131 /* AssetsLibrary.framework in Frameworks */,
				847FF6291E02CF66009D1131 /* AVFoundation.framework in Frameworks */,
				847FF6271E02CF60009D1131 /* AudioToolbox.framework in Frameworks */,
				847FF6251E02CF59009D1131 /* ImageIO.framework in Frameworks */,
				847FF6231E02CF54009D1131 /* MobileCoreServices.framework in Frameworks */,
				847FF6211E02CF4E009D1131 /* libresolv.tbd in Frameworks */,
				847FF61F1E02CF42009D1131 /* libsqlite3.tbd in Frameworks */,
				847FF61D1E02CF39009D1131 /* libstdc++.6.0.9.tbd in Frameworks */,
				3C455DDE1DEEB6090086B53D /* CoreData.framework in Frameworks */,
				8420AF7E1DF2981700D98F86 /* CoreTelephony.framework in Frameworks */,
				1DAC47CD1DE2B259001443DE /* CoreLocation.framework in Frameworks */,
				847FF61B1E02CF14009D1131 /* SystemConfiguration.framework in Frameworks */,
				847FF6191E02CF0D009D1131 /* AddressBook.framework in Frameworks */,
				847FF6171E02CF06009D1131 /* UIKit.framework in Frameworks */,
				3C518C551DF66F22002653EC /* MediaPlayer.framework in Frameworks */,
				844065D01DEAC7D300164DED /* libz.tbd in Frameworks */,
				844065CE1DEAC7CD00164DED /* libsqlite3.0.tbd in Frameworks */,
				844065CC1DEAC7C500164DED /* libc++.tbd in Frameworks */,
				1DAC47CF1DE2B25F001443DE /* MapKit.framework in Frameworks */,
				C91F610C1D9F559C004FE75C /* QuartzCore.framework in Frameworks */,
				B25926B0BFB80D1B90FB4793 /* libPods-ST_Travel.a in Frameworks */,
			);
			runOnlyForDeploymentPostprocessing = 0;
		};
		C9C0E9621D9948F300575A7C /* Frameworks */ = {
			isa = PBXFrameworksBuildPhase;
			buildActionMask = 2147483647;
			files = (
			);
			runOnlyForDeploymentPostprocessing = 0;
		};
		C9C0E96D1D9948F300575A7C /* Frameworks */ = {
			isa = PBXFrameworksBuildPhase;
			buildActionMask = 2147483647;
			files = (
			);
			runOnlyForDeploymentPostprocessing = 0;
		};
/* End PBXFrameworksBuildPhase section */

/* Begin PBXGroup section */
		04A976604EE4577D70DCD075 /* Frameworks */ = {
			isa = PBXGroup;
			children = (
				1BD583A51E06E74200DED267 /* GLKit.framework */,
				847FF62C1E02CF75009D1131 /* CoreMotion.framework */,
				847FF62A1E02CF6F009D1131 /* AssetsLibrary.framework */,
				847FF6281E02CF66009D1131 /* AVFoundation.framework */,
				847FF6261E02CF60009D1131 /* AudioToolbox.framework */,
				847FF6241E02CF59009D1131 /* ImageIO.framework */,
				847FF6221E02CF54009D1131 /* MobileCoreServices.framework */,
				847FF6201E02CF4E009D1131 /* libresolv.tbd */,
				847FF61E1E02CF42009D1131 /* libsqlite3.tbd */,
				847FF61C1E02CF39009D1131 /* libstdc++.6.0.9.tbd */,
				847FF61A1E02CF14009D1131 /* SystemConfiguration.framework */,
				847FF6181E02CF0D009D1131 /* AddressBook.framework */,
				847FF6161E02CF06009D1131 /* UIKit.framework */,
				3C518C541DF66F22002653EC /* MediaPlayer.framework */,
				8420AF7D1DF2981700D98F86 /* CoreTelephony.framework */,
				8420AF7B1DF297C300D98F86 /* libTelephonyUtilDynamic.tbd */,
				3C455DDD1DEEB6090086B53D /* CoreData.framework */,
				844065CF1DEAC7D300164DED /* libz.tbd */,
				844065CD1DEAC7CD00164DED /* libsqlite3.0.tbd */,
				844065CB1DEAC7C500164DED /* libc++.tbd */,
				1DAC47CE1DE2B25F001443DE /* MapKit.framework */,
				1DAC47CC1DE2B259001443DE /* CoreLocation.framework */,
				C91F610B1D9F559C004FE75C /* QuartzCore.framework */,
				0870AB83FAA0D30BD981EC9B /* libPods-ST_Travel.a */,
			);
			name = Frameworks;
			sourceTree = "<group>";
		};
		C9C0E9431D9948F100575A7C = {
			isa = PBXGroup;
			children = (
				C9C0E94E1D9948F100575A7C /* ST_Travel */,
				C9C0E9681D9948F300575A7C /* ST_TravelTests */,
				C9C0E9731D9948F300575A7C /* ST_TravelUITests */,
				C9C0E94D1D9948F100575A7C /* Products */,
				D3532ED2F67E8AB375961CED /* Pods */,
				04A976604EE4577D70DCD075 /* Frameworks */,
			);
			sourceTree = "<group>";
		};
		C9C0E94D1D9948F100575A7C /* Products */ = {
			isa = PBXGroup;
			children = (
				C9C0E94C1D9948F100575A7C /* ST_Travel.app */,
				C9C0E9651D9948F300575A7C /* ST_TravelTests.xctest */,
				C9C0E9701D9948F300575A7C /* ST_TravelUITests.xctest */,
			);
			name = Products;
			sourceTree = "<group>";
		};
		C9C0E94E1D9948F100575A7C /* ST_Travel */ = {
			isa = PBXGroup;
			children = (
				1B5D209C1E12D21D0027CA43 /* ST_Travel.entitlements */,
				1DB1502B1DF313770023A740 /* Main.storyboard */,
				1DB1502D1DF313770023A740 /* LaunchScreen.storyboard */,
				C9C0E9521D9948F100575A7C /* AppDelegate.h */,
				C9C0E9531D9948F100575A7C /* AppDelegate.m */,
				C9C0E9551D9948F100575A7C /* ViewController.h */,
				C9C0E9561D9948F100575A7C /* ViewController.m */,
				C9C0E95B1D9948F200575A7C /* Assets.xcassets */,
				C9C0E9601D9948F200575A7C /* Info.plist */,
				C9C0E94F1D9948F100575A7C /* Supporting Files */,
				C91F610A1D9F5408004FE75C /* PrefixHeader.pch */,
			);
			path = ST_Travel;
			sourceTree = "<group>";
		};
		C9C0E94F1D9948F100575A7C /* Supporting Files */ = {
			isa = PBXGroup;
			children = (
				C9C0E9501D9948F100575A7C /* main.m */,
			);
			name = "Supporting Files";
			sourceTree = "<group>";
		};
		C9C0E9681D9948F300575A7C /* ST_TravelTests */ = {
			isa = PBXGroup;
			children = (
				C9C0E9691D9948F300575A7C /* ST_TravelTests.m */,
				C9C0E96B1D9948F300575A7C /* Info.plist */,
			);
			path = ST_TravelTests;
			sourceTree = "<group>";
		};
		C9C0E9731D9948F300575A7C /* ST_TravelUITests */ = {
			isa = PBXGroup;
			children = (
				C9C0E9741D9948F300575A7C /* ST_TravelUITests.m */,
				C9C0E9761D9948F300575A7C /* Info.plist */,
			);
			path = ST_TravelUITests;
			sourceTree = "<group>";
		};
		D3532ED2F67E8AB375961CED /* Pods */ = {
			isa = PBXGroup;
			children = (
				A7A2B62D3C5383CC61730E93 /* Pods-ST_Travel.debug.xcconfig */,
				8CDEFBCFA054569A602B95F5 /* Pods-ST_Travel.release.xcconfig */,
			);
			name = Pods;
			sourceTree = "<group>";
		};
/* End PBXGroup section */

/* Begin PBXNativeTarget section */
		C9C0E94B1D9948F100575A7C /* ST_Travel */ = {
			isa = PBXNativeTarget;
			buildConfigurationList = C9C0E9791D9948F300575A7C /* Build configuration list for PBXNativeTarget "ST_Travel" */;
			buildPhases = (
				24978B89B6E512F4D70FA91F /* [CP] Check Pods Manifest.lock */,
				C9C0E9481D9948F100575A7C /* Sources */,
				C9C0E9491D9948F100575A7C /* Frameworks */,
				C9C0E94A1D9948F100575A7C /* Resources */,
				6F84DF5BACCEA5F067419499 /* [CP] Embed Pods Frameworks */,
				C55BCC6C5AFCA4E367DED97D /* [CP] Copy Pods Resources */,
			);
			buildRules = (
			);
			dependencies = (
			);
			name = ST_Travel;
			productName = ST_Travel;
			productReference = C9C0E94C1D9948F100575A7C /* ST_Travel.app */;
			productType = "com.apple.product-type.application";
		};
		C9C0E9641D9948F300575A7C /* ST_TravelTests */ = {
			isa = PBXNativeTarget;
			buildConfigurationList = C9C0E97C1D9948F300575A7C /* Build configuration list for PBXNativeTarget "ST_TravelTests" */;
			buildPhases = (
				C9C0E9611D9948F300575A7C /* Sources */,
				C9C0E9621D9948F300575A7C /* Frameworks */,
				C9C0E9631D9948F300575A7C /* Resources */,
			);
			buildRules = (
			);
			dependencies = (
				C9C0E9671D9948F300575A7C /* PBXTargetDependency */,
			);
			name = ST_TravelTests;
			productName = ST_TravelTests;
			productReference = C9C0E9651D9948F300575A7C /* ST_TravelTests.xctest */;
			productType = "com.apple.product-type.bundle.unit-test";
		};
		C9C0E96F1D9948F300575A7C /* ST_TravelUITests */ = {
			isa = PBXNativeTarget;
			buildConfigurationList = C9C0E97F1D9948F300575A7C /* Build configuration list for PBXNativeTarget "ST_TravelUITests" */;
			buildPhases = (
				C9C0E96C1D9948F300575A7C /* Sources */,
				C9C0E96D1D9948F300575A7C /* Frameworks */,
				C9C0E96E1D9948F300575A7C /* Resources */,
			);
			buildRules = (
			);
			dependencies = (
				C9C0E9721D9948F300575A7C /* PBXTargetDependency */,
			);
			name = ST_TravelUITests;
			productName = ST_TravelUITests;
			productReference = C9C0E9701D9948F300575A7C /* ST_TravelUITests.xctest */;
			productType = "com.apple.product-type.bundle.ui-testing";
		};
/* End PBXNativeTarget section */

/* Begin PBXProject section */
		C9C0E9441D9948F100575A7C /* Project object */ = {
			isa = PBXProject;
			attributes = {
				CLASSPREFIX = LBB;
				LastUpgradeCheck = 0810;
				ORGANIZATIONNAME = GL_RunMan;
				TargetAttributes = {
					C9C0E94B1D9948F100575A7C = {
						CreatedOnToolsVersion = 8.0;
						DevelopmentTeam = 6E8RHK4YC3;
						ProvisioningStyle = Automatic;
						SystemCapabilities = {
							com.apple.Push = {
								enabled = 1;
							};
						};
					};
					C9C0E9641D9948F300575A7C = {
						CreatedOnToolsVersion = 8.0;
						ProvisioningStyle = Automatic;
						TestTargetID = C9C0E94B1D9948F100575A7C;
					};
					C9C0E96F1D9948F300575A7C = {
						CreatedOnToolsVersion = 8.0;
						ProvisioningStyle = Automatic;
						TestTargetID = C9C0E94B1D9948F100575A7C;
					};
				};
			};
			buildConfigurationList = C9C0E9471D9948F100575A7C /* Build configuration list for PBXProject "ST_Travel" */;
			compatibilityVersion = "Xcode 3.2";
			developmentRegion = English;
			hasScannedForEncodings = 0;
			knownRegions = (
				en,
				Base,
				de,
				es,
				fr,
				it,
				ja,
				ko,
				pl,
				ru,
				uk,
				"zh-Hans",
				"zh-Hant",
			);
			mainGroup = C9C0E9431D9948F100575A7C;
			productRefGroup = C9C0E94D1D9948F100575A7C /* Products */;
			projectDirPath = "";
			projectRoot = "";
			targets = (
				C9C0E94B1D9948F100575A7C /* ST_Travel */,
				C9C0E9641D9948F300575A7C /* ST_TravelTests */,
				C9C0E96F1D9948F300575A7C /* ST_TravelUITests */,
			);
		};
/* End PBXProject section */

/* Begin PBXResourcesBuildPhase section */
		C9C0E94A1D9948F100575A7C /* Resources */ = {
			isa = PBXResourcesBuildPhase;
			buildActionMask = 2147483647;
			files = (
				1DB150301DF313770023A740 /* LaunchScreen.storyboard in Resources */,
				C9C0E95C1D9948F200575A7C /* Assets.xcassets in Resources */,
				1DB1502F1DF313770023A740 /* Main.storyboard in Resources */,
			);
			runOnlyForDeploymentPostprocessing = 0;
		};
		C9C0E9631D9948F300575A7C /* Resources */ = {
			isa = PBXResourcesBuildPhase;
			buildActionMask = 2147483647;
			files = (
			);
			runOnlyForDeploymentPostprocessing = 0;
		};
		C9C0E96E1D9948F300575A7C /* Resources */ = {
			isa = PBXResourcesBuildPhase;
			buildActionMask = 2147483647;
			files = (
			);
			runOnlyForDeploymentPostprocessing = 0;
		};
/* End PBXResourcesBuildPhase section */

/* Begin PBXShellScriptBuildPhase section */
		24978B89B6E512F4D70FA91F /* [CP] Check Pods Manifest.lock */ = {
			isa = PBXShellScriptBuildPhase;
			buildActionMask = 2147483647;
			files = (
			);
			inputPaths = (
			);
			name = "[CP] Check Pods Manifest.lock";
			outputPaths = (
			);
			runOnlyForDeploymentPostprocessing = 0;
			shellPath = /bin/sh;
			shellScript = "diff \"${PODS_ROOT}/../Podfile.lock\" \"${PODS_ROOT}/Manifest.lock\" > /dev/null\nif [ $? != 0 ] ; then\n    # print error to STDERR\n    echo \"error: The sandbox is not in sync with the Podfile.lock. Run 'pod install' or update your CocoaPods installation.\" >&2\n    exit 1\nfi\n";
			showEnvVarsInLog = 0;
		};
		6F84DF5BACCEA5F067419499 /* [CP] Embed Pods Frameworks */ = {
			isa = PBXShellScriptBuildPhase;
			buildActionMask = 2147483647;
			files = (
			);
			inputPaths = (
			);
			name = "[CP] Embed Pods Frameworks";
			outputPaths = (
			);
			runOnlyForDeploymentPostprocessing = 0;
			shellPath = /bin/sh;
			shellScript = "\"${SRCROOT}/Pods/Target Support Files/Pods-ST_Travel/Pods-ST_Travel-frameworks.sh\"\n";
			showEnvVarsInLog = 0;
		};
		C55BCC6C5AFCA4E367DED97D /* [CP] Copy Pods Resources */ = {
			isa = PBXShellScriptBuildPhase;
			buildActionMask = 2147483647;
			files = (
			);
			inputPaths = (
			);
			name = "[CP] Copy Pods Resources";
			outputPaths = (
			);
			runOnlyForDeploymentPostprocessing = 0;
			shellPath = /bin/sh;
			shellScript = "\"${SRCROOT}/Pods/Target Support Files/Pods-ST_Travel/Pods-ST_Travel-resources.sh\"\n";
			showEnvVarsInLog = 0;
		};
/* End PBXShellScriptBuildPhase section */

/* Begin PBXSourcesBuildPhase section */
		C9C0E9481D9948F100575A7C /* Sources */ = {
			isa = PBXSourcesBuildPhase;
			buildActionMask = 2147483647;
			files = (
				C9C0E9571D9948F100575A7C /* ViewController.m in Sources */,
				C9C0E9541D9948F100575A7C /* AppDelegate.m in Sources */,
				C9C0E9511D9948F100575A7C /* main.m in Sources */,
			);
			runOnlyForDeploymentPostprocessing = 0;
		};
		C9C0E9611D9948F300575A7C /* Sources */ = {
			isa = PBXSourcesBuildPhase;
			buildActionMask = 2147483647;
			files = (
				C9C0E96A1D9948F300575A7C /* ST_TravelTests.m in Sources */,
			);
			runOnlyForDeploymentPostprocessing = 0;
		};
		C9C0E96C1D9948F300575A7C /* Sources */ = {
			isa = PBXSourcesBuildPhase;
			buildActionMask = 2147483647;
			files = (
				C9C0E9751D9948F300575A7C /* ST_TravelUITests.m in Sources */,
			);
			runOnlyForDeploymentPostprocessing = 0;
		};
/* End PBXSourcesBuildPhase section */

/* Begin PBXTargetDependency section */
		C9C0E9671D9948F300575A7C /* PBXTargetDependency */ = {
			isa = PBXTargetDependency;
			target = C9C0E94B1D9948F100575A7C /* ST_Travel */;
			targetProxy = C9C0E9661D9948F300575A7C /* PBXContainerItemProxy */;
		};
		C9C0E9721D9948F300575A7C /* PBXTargetDependency */ = {
			isa = PBXTargetDependency;
			target = C9C0E94B1D9948F100575A7C /* ST_Travel */;
			targetProxy = C9C0E9711D9948F300575A7C /* PBXContainerItemProxy */;
		};
/* End PBXTargetDependency section */

/* Begin PBXVariantGroup section */
		1DB1502B1DF313770023A740 /* Main.storyboard */ = {
			isa = PBXVariantGroup;
			children = (
				1DB1502C1DF313770023A740 /* Base */,
			);
			name = Main.storyboard;
			sourceTree = "<group>";
		};
		1DB1502D1DF313770023A740 /* LaunchScreen.storyboard */ = {
			isa = PBXVariantGroup;
			children = (
				1DB1502E1DF313770023A740 /* Base */,
			);
			name = LaunchScreen.storyboard;
			sourceTree = "<group>";
		};
/* End PBXVariantGroup section */

/* Begin XCBuildConfiguration section */
		C9C0E9771D9948F300575A7C /* Debug */ = {
			isa = XCBuildConfiguration;
			buildSettings = {
				ALWAYS_SEARCH_USER_PATHS = NO;
				CLANG_ANALYZER_LOCALIZABILITY_NONLOCALIZED = YES;
				CLANG_ANALYZER_NONNULL = YES;
				CLANG_CXX_LANGUAGE_STANDARD = "gnu++0x";
				CLANG_CXX_LIBRARY = "libc++";
				CLANG_ENABLE_MODULES = YES;
				CLANG_ENABLE_OBJC_ARC = YES;
				CLANG_WARN_BOOL_CONVERSION = YES;
				CLANG_WARN_CONSTANT_CONVERSION = YES;
				CLANG_WARN_DIRECT_OBJC_ISA_USAGE = YES_ERROR;
				CLANG_WARN_DOCUMENTATION_COMMENTS = YES;
				CLANG_WARN_EMPTY_BODY = YES;
				CLANG_WARN_ENUM_CONVERSION = YES;
				CLANG_WARN_INFINITE_RECURSION = YES;
				CLANG_WARN_INT_CONVERSION = YES;
				CLANG_WARN_OBJC_ROOT_CLASS = YES_ERROR;
				CLANG_WARN_SUSPICIOUS_MOVE = YES;
				CLANG_WARN_SUSPICIOUS_MOVES = YES;
				CLANG_WARN_UNREACHABLE_CODE = YES;
				CLANG_WARN__DUPLICATE_METHOD_MATCH = YES;
				"CODE_SIGN_IDENTITY[sdk=iphoneos*]" = "iPhone Developer";
				COPY_PHASE_STRIP = NO;
				DEBUG_INFORMATION_FORMAT = dwarf;
				ENABLE_STRICT_OBJC_MSGSEND = YES;
				ENABLE_TESTABILITY = YES;
				GCC_C_LANGUAGE_STANDARD = gnu99;
				GCC_DYNAMIC_NO_PIC = NO;
				GCC_NO_COMMON_BLOCKS = YES;
				GCC_OPTIMIZATION_LEVEL = 0;
				GCC_PREPROCESSOR_DEFINITIONS = (
					"DEBUG=1",
					"$(inherited)",
				);
				GCC_WARN_64_TO_32_BIT_CONVERSION = YES;
				GCC_WARN_ABOUT_RETURN_TYPE = YES_ERROR;
				GCC_WARN_UNDECLARED_SELECTOR = YES;
				GCC_WARN_UNINITIALIZED_AUTOS = YES_AGGRESSIVE;
				GCC_WARN_UNUSED_FUNCTION = YES;
				GCC_WARN_UNUSED_VARIABLE = YES;
				IPHONEOS_DEPLOYMENT_TARGET = 8.0;
				MTL_ENABLE_DEBUG_INFO = YES;
				ONLY_ACTIVE_ARCH = YES;
				SDKROOT = iphoneos;
			};
			name = Debug;
		};
		C9C0E9781D9948F300575A7C /* Release */ = {
			isa = XCBuildConfiguration;
			buildSettings = {
				ALWAYS_SEARCH_USER_PATHS = NO;
				CLANG_ANALYZER_LOCALIZABILITY_NONLOCALIZED = YES;
				CLANG_ANALYZER_NONNULL = YES;
				CLANG_CXX_LANGUAGE_STANDARD = "gnu++0x";
				CLANG_CXX_LIBRARY = "libc++";
				CLANG_ENABLE_MODULES = YES;
				CLANG_ENABLE_OBJC_ARC = YES;
				CLANG_WARN_BOOL_CONVERSION = YES;
				CLANG_WARN_CONSTANT_CONVERSION = YES;
				CLANG_WARN_DIRECT_OBJC_ISA_USAGE = YES_ERROR;
				CLANG_WARN_DOCUMENTATION_COMMENTS = YES;
				CLANG_WARN_EMPTY_BODY = YES;
				CLANG_WARN_ENUM_CONVERSION = YES;
				CLANG_WARN_INFINITE_RECURSION = YES;
				CLANG_WARN_INT_CONVERSION = YES;
				CLANG_WARN_OBJC_ROOT_CLASS = YES_ERROR;
				CLANG_WARN_SUSPICIOUS_MOVE = YES;
				CLANG_WARN_SUSPICIOUS_MOVES = YES;
				CLANG_WARN_UNREACHABLE_CODE = YES;
				CLANG_WARN__DUPLICATE_METHOD_MATCH = YES;
				"CODE_SIGN_IDENTITY[sdk=iphoneos*]" = "iPhone Developer";
				COPY_PHASE_STRIP = NO;
				DEBUG_INFORMATION_FORMAT = "dwarf-with-dsym";
				ENABLE_NS_ASSERTIONS = NO;
				ENABLE_STRICT_OBJC_MSGSEND = YES;
				GCC_C_LANGUAGE_STANDARD = gnu99;
				GCC_NO_COMMON_BLOCKS = YES;
				GCC_WARN_64_TO_32_BIT_CONVERSION = YES;
				GCC_WARN_ABOUT_RETURN_TYPE = YES_ERROR;
				GCC_WARN_UNDECLARED_SELECTOR = YES;
				GCC_WARN_UNINITIALIZED_AUTOS = YES_AGGRESSIVE;
				GCC_WARN_UNUSED_FUNCTION = YES;
				GCC_WARN_UNUSED_VARIABLE = YES;
				IPHONEOS_DEPLOYMENT_TARGET = 8.0;
				MTL_ENABLE_DEBUG_INFO = NO;
				SDKROOT = iphoneos;
				VALIDATE_PRODUCT = YES;
			};
			name = Release;
		};
		C9C0E97A1D9948F300575A7C /* Debug */ = {
			isa = XCBuildConfiguration;
			baseConfigurationReference = A7A2B62D3C5383CC61730E93 /* Pods-ST_Travel.debug.xcconfig */;
			buildSettings = {
				ASSETCATALOG_COMPILER_APPICON_NAME = AppIcon;
				CODE_SIGN_ENTITLEMENTS = ST_Travel/ST_Travel.entitlements;
				CODE_SIGN_IDENTITY = "iPhone Developer: dawei che (8475DELD6B)";
				"CODE_SIGN_IDENTITY[sdk=iphoneos*]" = "iPhone Developer";
				DEVELOPMENT_TEAM = 6E8RHK4YC3;
				ENABLE_BITCODE = NO;
				FRAMEWORK_SEARCH_PATHS = (
					"$(inherited)",
					"$(PROJECT_DIR)/Pods/BN_BaseKit/CommonFiles_BaseCode/ThirdPartySDK/OpenIM/WXFrameworks",
					"$(PROJECT_DIR)/CommonFiles_ST/openIM/WXExtensions",
					"$(PROJECT_DIR)/CommonFiles_ST/openIM/WXFrameworks",
					"$(PROJECT_DIR)/CommonFiles_ST/QJTL_ThirdPartyCode/UMSocial/SocialLibraries/QQ",
					"$(PROJECT_DIR)/CommonFiles_ST/QJTL_ThirdPartyCode/UMSocial/UMSocialSDK",
					"$(PROJECT_DIR)/CommonFiles_ST/QJTL_ThirdPartyCode/UMSocial/UMSocialUI",
					"$(PROJECT_DIR)/CommonFiles_ST/WXExtensions",
					"$(PROJECT_DIR)/CommonFiles_ST/WXFrameworks",
				);
				GCC_PREFIX_HEADER = "$(PROJECT)/PrefixHeader.pch";
				INFOPLIST_FILE = ST_Travel/Info.plist;
				IPHONEOS_DEPLOYMENT_TARGET = 8.0;
				LD_RUNPATH_SEARCH_PATHS = "$(inherited) @executable_path/Frameworks";
				LIBRARY_SEARCH_PATHS = (
					"$(inherited)",
					"$(PROJECT_DIR)",
					"$(PROJECT_DIR)/CommonFiles_ST/Public/Resource",
					"$(PROJECT_DIR)/CommonFiles_ST/QJTL_ThirdPartyCode/UMSocial/SocialLibraries/QQ",
					"$(PROJECT_DIR)/CommonFiles_ST/QJTL_ThirdPartyCode/UMSocial/SocialLibraries/Sina",
					"$(PROJECT_DIR)/CommonFiles_ST/QJTL_ThirdPartyCode/UMSocial/SocialLibraries/WeChat",
				);
				OTHER_LDFLAGS = (
					"$(inherited)",
					"-ObjC",
					"-l\"AFNetworking\"",
					"-l\"ASIHTTPRequest\"",
					"-l\"ActionSheetPicker-3.0\"",
					"-l\"AutoScrollLabel\"",
					"-l\"BN_BaseKit\"",
					"-l\"BlocksKit\"",
					"-l\"CTAssetsPickerController\"",
					"-l\"CocoaLumberjack\"",
					"-l\"FMDB\"",
					"-l\"GLPubSub\"",
					"-l\"HMSegmentedControl\"",
					"-l\"HappyDNS\"",
					"-l\"IQKeyboardManager\"",
					"-l\"MBProgressHUD\"",
					"-l\"MJExtension\"",
					"-l\"MJRefresh\"",
					"-l\"Masonry\"",
					"-l\"NJKWebViewProgress\"",
					"-l\"PureLayout\"",
					"-l\"Qiniu\"",
					"-l\"Reachability\"",
					"-l\"ReactiveCocoa\"",
					"-l\"SDCycleScrollView\"",
					"-l\"SDWebImage\"",
					"-l\"SWTableViewCell\"",
					"-l\"WeChatSDK\"",
					"-l\"resolv\"",
					"-l\"sqlite3\"",
					"-l\"xml2.2\"",
					"-l\"z\"",
					"-l\"z.1\"",
					"-framework",
					"\"CFNetwork\"",
					"-framework",
					"\"CoreGraphics\"",
					"-framework",
					"\"Foundation\"",
					"-framework",
					"\"ImageIO\"",
					"-framework",
					"\"MessageUI\"",
					"-framework",
					"\"MobileCoreServices\"",
					"-framework",
					"\"Photos\"",
					"-framework",
					"\"QuartzCore\"",
					"-framework",
					"\"Security\"",
					"-framework",
					"\"SystemConfiguration\"",
					"-framework",
					"\"UIKit\"",
					"\"-Objc -all_load\"",
				);
				PRODUCT_BUNDLE_IDENTIFIER = com.YHZ.Tourph;
				PRODUCT_NAME = "$(TARGET_NAME)";
				PROVISIONING_PROFILE = "";
				PROVISIONING_PROFILE_SPECIFIER = "";
			};
			name = Debug;
		};
		C9C0E97B1D9948F300575A7C /* Release */ = {
			isa = XCBuildConfiguration;
			baseConfigurationReference = 8CDEFBCFA054569A602B95F5 /* Pods-ST_Travel.release.xcconfig */;
			buildSettings = {
				ASSETCATALOG_COMPILER_APPICON_NAME = AppIcon;
				CODE_SIGN_ENTITLEMENTS = ST_Travel/ST_Travel.entitlements;
				CODE_SIGN_IDENTITY = "iPhone Developer: dawei che (8475DELD6B)";
				"CODE_SIGN_IDENTITY[sdk=iphoneos*]" = "iPhone Developer";
				DEVELOPMENT_TEAM = 6E8RHK4YC3;
				ENABLE_BITCODE = NO;
				FRAMEWORK_SEARCH_PATHS = (
					"$(inherited)",
					"$(PROJECT_DIR)/Pods/BN_BaseKit/CommonFiles_BaseCode/ThirdPartySDK/OpenIM/WXFrameworks",
					"$(PROJECT_DIR)/CommonFiles_ST/openIM/WXExtensions",
					"$(PROJECT_DIR)/CommonFiles_ST/openIM/WXFrameworks",
					"$(PROJECT_DIR)/CommonFiles_ST/QJTL_ThirdPartyCode/UMSocial/SocialLibraries/QQ",
					"$(PROJECT_DIR)/CommonFiles_ST/QJTL_ThirdPartyCode/UMSocial/UMSocialSDK",
					"$(PROJECT_DIR)/CommonFiles_ST/QJTL_ThirdPartyCode/UMSocial/UMSocialUI",
					"$(PROJECT_DIR)/CommonFiles_ST/WXExtensions",
					"$(PROJECT_DIR)/CommonFiles_ST/WXFrameworks",
				);
				GCC_PREFIX_HEADER = "$(PROJECT)/PrefixHeader.pch";
				INFOPLIST_FILE = ST_Travel/Info.plist;
				IPHONEOS_DEPLOYMENT_TARGET = 8.0;
				LD_RUNPATH_SEARCH_PATHS = "$(inherited) @executable_path/Frameworks";
				LIBRARY_SEARCH_PATHS = (
					"$(inherited)",
					"$(PROJECT_DIR)",
					"$(PROJECT_DIR)/CommonFiles_ST/Public/Resource",
					"$(PROJECT_DIR)/CommonFiles_ST/QJTL_ThirdPartyCode/UMSocial/SocialLibraries/QQ",
					"$(PROJECT_DIR)/CommonFiles_ST/QJTL_ThirdPartyCode/UMSocial/SocialLibraries/Sina",
					"$(PROJECT_DIR)/CommonFiles_ST/QJTL_ThirdPartyCode/UMSocial/SocialLibraries/WeChat",
				);
				OTHER_LDFLAGS = (
					"$(inherited)",
					"-ObjC",
					"-l\"AFNetworking\"",
					"-l\"ASIHTTPRequest\"",
					"-l\"ActionSheetPicker-3.0\"",
					"-l\"AutoScrollLabel\"",
					"-l\"BN_BaseKit\"",
					"-l\"BlocksKit\"",
					"-l\"CTAssetsPickerController\"",
					"-l\"CocoaLumberjack\"",
					"-l\"FMDB\"",
					"-l\"GLPubSub\"",
					"-l\"HMSegmentedControl\"",
					"-l\"HappyDNS\"",
					"-l\"IQKeyboardManager\"",
					"-l\"MBProgressHUD\"",
					"-l\"MJExtension\"",
					"-l\"MJRefresh\"",
					"-l\"Masonry\"",
					"-l\"NJKWebViewProgress\"",
					"-l\"PureLayout\"",
					"-l\"Qiniu\"",
					"-l\"Reachability\"",
					"-l\"ReactiveCocoa\"",
					"-l\"SDCycleScrollView\"",
					"-l\"SDWebImage\"",
					"-l\"SWTableViewCell\"",
					"-l\"WeChatSDK\"",
					"-l\"resolv\"",
					"-l\"sqlite3\"",
					"-l\"xml2.2\"",
					"-l\"z\"",
					"-l\"z.1\"",
					"-framework",
					"\"CFNetwork\"",
					"-framework",
					"\"CoreGraphics\"",
					"-framework",
					"\"Foundation\"",
					"-framework",
					"\"ImageIO\"",
					"-framework",
					"\"MessageUI\"",
					"-framework",
					"\"MobileCoreServices\"",
					"-framework",
					"\"Photos\"",
					"-framework",
					"\"QuartzCore\"",
					"-framework",
					"\"Security\"",
					"-framework",
					"\"SystemConfiguration\"",
					"-framework",
					"\"UIKit\"",
					"\"-Objc -all_load\"",
				);
				PRODUCT_BUNDLE_IDENTIFIER = com.YHZ.Tourph;
				PRODUCT_NAME = "$(TARGET_NAME)";
				PROVISIONING_PROFILE = "";
				PROVISIONING_PROFILE_SPECIFIER = "";
			};
			name = Release;
		};
		C9C0E97D1D9948F300575A7C /* Debug */ = {
			isa = XCBuildConfiguration;
			buildSettings = {
				BUNDLE_LOADER = "$(TEST_HOST)";
				INFOPLIST_FILE = ST_TravelTests/Info.plist;
				LD_RUNPATH_SEARCH_PATHS = "$(inherited) @executable_path/Frameworks @loader_path/Frameworks";
				PRODUCT_BUNDLE_IDENTIFIER = "yuan..ST-TravelTests";
				PRODUCT_NAME = "$(TARGET_NAME)";
				TEST_HOST = "$(BUILT_PRODUCTS_DIR)/ST_Travel.app/ST_Travel";
			};
			name = Debug;
		};
		C9C0E97E1D9948F300575A7C /* Release */ = {
			isa = XCBuildConfiguration;
			buildSettings = {
				BUNDLE_LOADER = "$(TEST_HOST)";
				INFOPLIST_FILE = ST_TravelTests/Info.plist;
				LD_RUNPATH_SEARCH_PATHS = "$(inherited) @executable_path/Frameworks @loader_path/Frameworks";
				PRODUCT_BUNDLE_IDENTIFIER = "yuan..ST-TravelTests";
				PRODUCT_NAME = "$(TARGET_NAME)";
				TEST_HOST = "$(BUILT_PRODUCTS_DIR)/ST_Travel.app/ST_Travel";
			};
			name = Release;
		};
		C9C0E9801D9948F300575A7C /* Debug */ = {
			isa = XCBuildConfiguration;
			buildSettings = {
				INFOPLIST_FILE = ST_TravelUITests/Info.plist;
				LD_RUNPATH_SEARCH_PATHS = "$(inherited) @executable_path/Frameworks @loader_path/Frameworks";
				PRODUCT_BUNDLE_IDENTIFIER = "yuan..ST-TravelUITests";
				PRODUCT_NAME = "$(TARGET_NAME)";
				TEST_TARGET_NAME = ST_Travel;
			};
			name = Debug;
		};
		C9C0E9811D9948F300575A7C /* Release */ = {
			isa = XCBuildConfiguration;
			buildSettings = {
				INFOPLIST_FILE = ST_TravelUITests/Info.plist;
				LD_RUNPATH_SEARCH_PATHS = "$(inherited) @executable_path/Frameworks @loader_path/Frameworks";
				PRODUCT_BUNDLE_IDENTIFIER = "yuan..ST-TravelUITests";
				PRODUCT_NAME = "$(TARGET_NAME)";
				TEST_TARGET_NAME = ST_Travel;
			};
			name = Release;
		};
/* End XCBuildConfiguration section */

/* Begin XCConfigurationList section */
		C9C0E9471D9948F100575A7C /* Build configuration list for PBXProject "ST_Travel" */ = {
			isa = XCConfigurationList;
			buildConfigurations = (
				C9C0E9771D9948F300575A7C /* Debug */,
				C9C0E9781D9948F300575A7C /* Release */,
			);
			defaultConfigurationIsVisible = 0;
			defaultConfigurationName = Release;
		};
		C9C0E9791D9948F300575A7C /* Build configuration list for PBXNativeTarget "ST_Travel" */ = {
			isa = XCConfigurationList;
			buildConfigurations = (
				C9C0E97A1D9948F300575A7C /* Debug */,
				C9C0E97B1D9948F300575A7C /* Release */,
			);
			defaultConfigurationIsVisible = 0;
			defaultConfigurationName = Release;
		};
		C9C0E97C1D9948F300575A7C /* Build configuration list for PBXNativeTarget "ST_TravelTests" */ = {
			isa = XCConfigurationList;
			buildConfigurations = (
				C9C0E97D1D9948F300575A7C /* Debug */,
				C9C0E97E1D9948F300575A7C /* Release */,
			);
			defaultConfigurationIsVisible = 0;
			defaultConfigurationName = Release;
		};
		C9C0E97F1D9948F300575A7C /* Build configuration list for PBXNativeTarget "ST_TravelUITests" */ = {
			isa = XCConfigurationList;
			buildConfigurations = (
				C9C0E9801D9948F300575A7C /* Debug */,
				C9C0E9811D9948F300575A7C /* Release */,
			);
			defaultConfigurationIsVisible = 0;
			defaultConfigurationName = Release;
		};
/* End XCConfigurationList section */
	};
	rootObject = C9C0E9441D9948F100575A7C /* Project object */;
}
